<?xml version="1.0" encoding="utf-8"?>
<Project ToolsVersion="17.0" xmlns="http://schemas.microsoft.com/developer/msbuild/2003">
  <ItemGroup>
    <CustomBuild Include="C:\Users\maxbe\Documents\Swat3\skylicht-engine\BuildCommand\CMakeFiles\7f536bc7e756ac9b821b3a17fef55cb4\RUN_TESTS_force.rule">
      <Filter>CMake Rules</Filter>
    </CustomBuild>
  </ItemGroup>
  <ItemGroup>
    <Filter Include="CMake Rules">
      <UniqueIdentifier>{D4CC16E7-58E2-31B8-90BA-7FE0F62733BA}</UniqueIdentifier>
    </Filter>
  </ItemGroup>
</Project>
