<?xml version="1.0" encoding="utf-8"?>
<Project ToolsVersion="17.0" xmlns="http://schemas.microsoft.com/developer/msbuild/2003">
  <ItemGroup>
    <ClCompile Include="C:\Users\maxbe\Documents\Swat3\skylicht-engine\Projects\Irrlicht\Source\CAttributes.cpp">
      <Filter>Source Files</Filter>
    </ClCompile>
    <ClCompile Include="C:\Users\maxbe\Documents\Swat3\skylicht-engine\Projects\Irrlicht\Source\CCameraSceneNode.cpp">
      <Filter>Source Files</Filter>
    </ClCompile>
    <ClCompile Include="C:\Users\maxbe\Documents\Swat3\skylicht-engine\Projects\Irrlicht\Source\CColorConverter.cpp">
      <Filter>Source Files</Filter>
    </ClCompile>
    <ClCompile Include="C:\Users\maxbe\Documents\Swat3\skylicht-engine\Projects\Irrlicht\Source\CD3D11CallBridge.cpp">
      <Filter>Source Files</Filter>
    </ClCompile>
    <ClCompile Include="C:\Users\maxbe\Documents\Swat3\skylicht-engine\Projects\Irrlicht\Source\CD3D11Driver.cpp">
      <Filter>Source Files</Filter>
    </ClCompile>
    <ClCompile Include="C:\Users\maxbe\Documents\Swat3\skylicht-engine\Projects\Irrlicht\Source\CD3D11GPUCompute.cpp">
      <Filter>Source Files</Filter>
    </ClCompile>
    <ClCompile Include="C:\Users\maxbe\Documents\Swat3\skylicht-engine\Projects\Irrlicht\Source\CD3D11HardwareBuffer.cpp">
      <Filter>Source Files</Filter>
    </ClCompile>
    <ClCompile Include="C:\Users\maxbe\Documents\Swat3\skylicht-engine\Projects\Irrlicht\Source\CD3D11MaterialRenderer.cpp">
      <Filter>Source Files</Filter>
    </ClCompile>
    <ClCompile Include="C:\Users\maxbe\Documents\Swat3\skylicht-engine\Projects\Irrlicht\Source\CD3D11RWBuffer.cpp">
      <Filter>Source Files</Filter>
    </ClCompile>
    <ClCompile Include="C:\Users\maxbe\Documents\Swat3\skylicht-engine\Projects\Irrlicht\Source\CD3D11Texture.cpp">
      <Filter>Source Files</Filter>
    </ClCompile>
    <ClCompile Include="C:\Users\maxbe\Documents\Swat3\skylicht-engine\Projects\Irrlicht\Source\CD3D11TextureArray.cpp">
      <Filter>Source Files</Filter>
    </ClCompile>
    <ClCompile Include="C:\Users\maxbe\Documents\Swat3\skylicht-engine\Projects\Irrlicht\Source\CD3D11TextureCube.cpp">
      <Filter>Source Files</Filter>
    </ClCompile>
    <ClCompile Include="C:\Users\maxbe\Documents\Swat3\skylicht-engine\Projects\Irrlicht\Source\CD3D11VertexDescriptor.cpp">
      <Filter>Source Files</Filter>
    </ClCompile>
    <ClCompile Include="C:\Users\maxbe\Documents\Swat3\skylicht-engine\Projects\Irrlicht\Source\CD3D11VideoRT.cpp">
      <Filter>Source Files</Filter>
    </ClCompile>
    <ClCompile Include="C:\Users\maxbe\Documents\Swat3\skylicht-engine\Projects\Irrlicht\Source\CDefaultGUIElementFactory.cpp">
      <Filter>Source Files</Filter>
    </ClCompile>
    <ClCompile Include="C:\Users\maxbe\Documents\Swat3\skylicht-engine\Projects\Irrlicht\Source\CEmptySceneNode.cpp">
      <Filter>Source Files</Filter>
    </ClCompile>
    <ClCompile Include="C:\Users\maxbe\Documents\Swat3\skylicht-engine\Projects\Irrlicht\Source\CFPSCounter.cpp">
      <Filter>Source Files</Filter>
    </ClCompile>
    <ClCompile Include="C:\Users\maxbe\Documents\Swat3\skylicht-engine\Projects\Irrlicht\Source\CFileList.cpp">
      <Filter>Source Files</Filter>
    </ClCompile>
    <ClCompile Include="C:\Users\maxbe\Documents\Swat3\skylicht-engine\Projects\Irrlicht\Source\CFileSystem.cpp">
      <Filter>Source Files</Filter>
    </ClCompile>
    <ClCompile Include="C:\Users\maxbe\Documents\Swat3\skylicht-engine\Projects\Irrlicht\Source\CGeometryCreator.cpp">
      <Filter>Source Files</Filter>
    </ClCompile>
    <ClCompile Include="C:\Users\maxbe\Documents\Swat3\skylicht-engine\Projects\Irrlicht\Source\CImage.cpp">
      <Filter>Source Files</Filter>
    </ClCompile>
    <ClCompile Include="C:\Users\maxbe\Documents\Swat3\skylicht-engine\Projects\Irrlicht\Source\CImageLoaderBMP.cpp">
      <Filter>Source Files</Filter>
    </ClCompile>
    <ClCompile Include="C:\Users\maxbe\Documents\Swat3\skylicht-engine\Projects\Irrlicht\Source\CImageLoaderDDS.cpp">
      <Filter>Source Files</Filter>
    </ClCompile>
    <ClCompile Include="C:\Users\maxbe\Documents\Swat3\skylicht-engine\Projects\Irrlicht\Source\CImageLoaderJPG.cpp">
      <Filter>Source Files</Filter>
    </ClCompile>
    <ClCompile Include="C:\Users\maxbe\Documents\Swat3\skylicht-engine\Projects\Irrlicht\Source\CImageLoaderPCX.cpp">
      <Filter>Source Files</Filter>
    </ClCompile>
    <ClCompile Include="C:\Users\maxbe\Documents\Swat3\skylicht-engine\Projects\Irrlicht\Source\CImageLoaderPNG.cpp">
      <Filter>Source Files</Filter>
    </ClCompile>
    <ClCompile Include="C:\Users\maxbe\Documents\Swat3\skylicht-engine\Projects\Irrlicht\Source\CImageLoaderPPM.cpp">
      <Filter>Source Files</Filter>
    </ClCompile>
    <ClCompile Include="C:\Users\maxbe\Documents\Swat3\skylicht-engine\Projects\Irrlicht\Source\CImageLoaderPSD.cpp">
      <Filter>Source Files</Filter>
    </ClCompile>
    <ClCompile Include="C:\Users\maxbe\Documents\Swat3\skylicht-engine\Projects\Irrlicht\Source\CImageLoaderPVR.cpp">
      <Filter>Source Files</Filter>
    </ClCompile>
    <ClCompile Include="C:\Users\maxbe\Documents\Swat3\skylicht-engine\Projects\Irrlicht\Source\CImageLoaderRGB.cpp">
      <Filter>Source Files</Filter>
    </ClCompile>
    <ClCompile Include="C:\Users\maxbe\Documents\Swat3\skylicht-engine\Projects\Irrlicht\Source\CImageLoaderTGA.cpp">
      <Filter>Source Files</Filter>
    </ClCompile>
    <ClCompile Include="C:\Users\maxbe\Documents\Swat3\skylicht-engine\Projects\Irrlicht\Source\CImageLoaderWAL.cpp">
      <Filter>Source Files</Filter>
    </ClCompile>
    <ClCompile Include="C:\Users\maxbe\Documents\Swat3\skylicht-engine\Projects\Irrlicht\Source\CImageWriterBMP.cpp">
      <Filter>Source Files</Filter>
    </ClCompile>
    <ClCompile Include="C:\Users\maxbe\Documents\Swat3\skylicht-engine\Projects\Irrlicht\Source\CImageWriterJPG.cpp">
      <Filter>Source Files</Filter>
    </ClCompile>
    <ClCompile Include="C:\Users\maxbe\Documents\Swat3\skylicht-engine\Projects\Irrlicht\Source\CImageWriterPCX.cpp">
      <Filter>Source Files</Filter>
    </ClCompile>
    <ClCompile Include="C:\Users\maxbe\Documents\Swat3\skylicht-engine\Projects\Irrlicht\Source\CImageWriterPNG.cpp">
      <Filter>Source Files</Filter>
    </ClCompile>
    <ClCompile Include="C:\Users\maxbe\Documents\Swat3\skylicht-engine\Projects\Irrlicht\Source\CImageWriterPPM.cpp">
      <Filter>Source Files</Filter>
    </ClCompile>
    <ClCompile Include="C:\Users\maxbe\Documents\Swat3\skylicht-engine\Projects\Irrlicht\Source\CImageWriterPSD.cpp">
      <Filter>Source Files</Filter>
    </ClCompile>
    <ClCompile Include="C:\Users\maxbe\Documents\Swat3\skylicht-engine\Projects\Irrlicht\Source\CImageWriterTGA.cpp">
      <Filter>Source Files</Filter>
    </ClCompile>
    <ClCompile Include="C:\Users\maxbe\Documents\Swat3\skylicht-engine\Projects\Irrlicht\Source\CIrrDeviceConsole.cpp">
      <Filter>Source Files</Filter>
    </ClCompile>
    <ClCompile Include="C:\Users\maxbe\Documents\Swat3\skylicht-engine\Projects\Irrlicht\Source\CIrrDeviceLinux.cpp">
      <Filter>Source Files</Filter>
    </ClCompile>
    <ClCompile Include="C:\Users\maxbe\Documents\Swat3\skylicht-engine\Projects\Irrlicht\Source\CIrrDeviceOSX.cpp">
      <Filter>Source Files</Filter>
    </ClCompile>
    <ClCompile Include="C:\Users\maxbe\Documents\Swat3\skylicht-engine\Projects\Irrlicht\Source\CIrrDevicePhone.cpp">
      <Filter>Source Files</Filter>
    </ClCompile>
    <ClCompile Include="C:\Users\maxbe\Documents\Swat3\skylicht-engine\Projects\Irrlicht\Source\CIrrDeviceSDL2.cpp">
      <Filter>Source Files</Filter>
    </ClCompile>
    <ClCompile Include="C:\Users\maxbe\Documents\Swat3\skylicht-engine\Projects\Irrlicht\Source\CIrrDeviceStub.cpp">
      <Filter>Source Files</Filter>
    </ClCompile>
    <ClCompile Include="C:\Users\maxbe\Documents\Swat3\skylicht-engine\Projects\Irrlicht\Source\CIrrDeviceWin32.cpp">
      <Filter>Source Files</Filter>
    </ClCompile>
    <ClCompile Include="C:\Users\maxbe\Documents\Swat3\skylicht-engine\Projects\Irrlicht\Source\CLimitReadFile.cpp">
      <Filter>Source Files</Filter>
    </ClCompile>
    <ClCompile Include="C:\Users\maxbe\Documents\Swat3\skylicht-engine\Projects\Irrlicht\Source\CLogger.cpp">
      <Filter>Source Files</Filter>
    </ClCompile>
    <ClCompile Include="C:\Users\maxbe\Documents\Swat3\skylicht-engine\Projects\Irrlicht\Source\CMemoryFile.cpp">
      <Filter>Source Files</Filter>
    </ClCompile>
    <ClCompile Include="C:\Users\maxbe\Documents\Swat3\skylicht-engine\Projects\Irrlicht\Source\CMeshManipulator.cpp">
      <Filter>Source Files</Filter>
    </ClCompile>
    <ClCompile Include="C:\Users\maxbe\Documents\Swat3\skylicht-engine\Projects\Irrlicht\Source\CMetaTriangleSelector.cpp">
      <Filter>Source Files</Filter>
    </ClCompile>
    <ClCompile Include="C:\Users\maxbe\Documents\Swat3\skylicht-engine\Projects\Irrlicht\Source\CMountPointReader.cpp">
      <Filter>Source Files</Filter>
    </ClCompile>
    <ClCompile Include="C:\Users\maxbe\Documents\Swat3\skylicht-engine\Projects\Irrlicht\Source\CNPKReader.cpp">
      <Filter>Source Files</Filter>
    </ClCompile>
    <ClCompile Include="C:\Users\maxbe\Documents\Swat3\skylicht-engine\Projects\Irrlicht\Source\CNullDriver.cpp">
      <Filter>Source Files</Filter>
    </ClCompile>
    <ClCompile Include="C:\Users\maxbe\Documents\Swat3\skylicht-engine\Projects\Irrlicht\Source\COGLES3Driver.cpp">
      <Filter>Source Files</Filter>
    </ClCompile>
    <ClCompile Include="C:\Users\maxbe\Documents\Swat3\skylicht-engine\Projects\Irrlicht\Source\COGLES3ExtensionHandler.cpp">
      <Filter>Source Files</Filter>
    </ClCompile>
    <ClCompile Include="C:\Users\maxbe\Documents\Swat3\skylicht-engine\Projects\Irrlicht\Source\COGLES3MaterialRenderer.cpp">
      <Filter>Source Files</Filter>
    </ClCompile>
    <ClCompile Include="C:\Users\maxbe\Documents\Swat3\skylicht-engine\Projects\Irrlicht\Source\COGLES3Texture.cpp">
      <Filter>Source Files</Filter>
    </ClCompile>
    <ClCompile Include="C:\Users\maxbe\Documents\Swat3\skylicht-engine\Projects\Irrlicht\Source\COGLES3TextureArray.cpp">
      <Filter>Source Files</Filter>
    </ClCompile>
    <ClCompile Include="C:\Users\maxbe\Documents\Swat3\skylicht-engine\Projects\Irrlicht\Source\COGLES3TextureCube.cpp">
      <Filter>Source Files</Filter>
    </ClCompile>
    <ClCompile Include="C:\Users\maxbe\Documents\Swat3\skylicht-engine\Projects\Irrlicht\Source\COSOperator.cpp">
      <Filter>Source Files</Filter>
    </ClCompile>
    <ClCompile Include="C:\Users\maxbe\Documents\Swat3\skylicht-engine\Projects\Irrlicht\Source\COctreeTriangleSelector.cpp">
      <Filter>Source Files</Filter>
    </ClCompile>
    <ClCompile Include="C:\Users\maxbe\Documents\Swat3\skylicht-engine\Projects\Irrlicht\Source\COpenGLDriver.cpp">
      <Filter>Source Files</Filter>
    </ClCompile>
    <ClCompile Include="C:\Users\maxbe\Documents\Swat3\skylicht-engine\Projects\Irrlicht\Source\COpenGLExtensionHandler.cpp">
      <Filter>Source Files</Filter>
    </ClCompile>
    <ClCompile Include="C:\Users\maxbe\Documents\Swat3\skylicht-engine\Projects\Irrlicht\Source\COpenGLSLMaterialRenderer.cpp">
      <Filter>Source Files</Filter>
    </ClCompile>
    <ClCompile Include="C:\Users\maxbe\Documents\Swat3\skylicht-engine\Projects\Irrlicht\Source\COpenGLTexture.cpp">
      <Filter>Source Files</Filter>
    </ClCompile>
    <ClCompile Include="C:\Users\maxbe\Documents\Swat3\skylicht-engine\Projects\Irrlicht\Source\COpenGLTextureArray.cpp">
      <Filter>Source Files</Filter>
    </ClCompile>
    <ClCompile Include="C:\Users\maxbe\Documents\Swat3\skylicht-engine\Projects\Irrlicht\Source\COpenGLTextureCube.cpp">
      <Filter>Source Files</Filter>
    </ClCompile>
    <ClCompile Include="C:\Users\maxbe\Documents\Swat3\skylicht-engine\Projects\Irrlicht\Source\COpenGLVideoRT.cpp">
      <Filter>Source Files</Filter>
    </ClCompile>
    <ClCompile Include="C:\Users\maxbe\Documents\Swat3\skylicht-engine\Projects\Irrlicht\Source\CPakReader.cpp">
      <Filter>Source Files</Filter>
    </ClCompile>
    <ClCompile Include="C:\Users\maxbe\Documents\Swat3\skylicht-engine\Projects\Irrlicht\Source\CReadFile.cpp">
      <Filter>Source Files</Filter>
    </ClCompile>
    <ClCompile Include="C:\Users\maxbe\Documents\Swat3\skylicht-engine\Projects\Irrlicht\Source\CSceneCollisionManager.cpp">
      <Filter>Source Files</Filter>
    </ClCompile>
    <ClCompile Include="C:\Users\maxbe\Documents\Swat3\skylicht-engine\Projects\Irrlicht\Source\CSceneManager.cpp">
      <Filter>Source Files</Filter>
    </ClCompile>
    <ClCompile Include="C:\Users\maxbe\Documents\Swat3\skylicht-engine\Projects\Irrlicht\Source\CTarReader.cpp">
      <Filter>Source Files</Filter>
    </ClCompile>
    <ClCompile Include="C:\Users\maxbe\Documents\Swat3\skylicht-engine\Projects\Irrlicht\Source\CTriangleBBSelector.cpp">
      <Filter>Source Files</Filter>
    </ClCompile>
    <ClCompile Include="C:\Users\maxbe\Documents\Swat3\skylicht-engine\Projects\Irrlicht\Source\CTriangleSelector.cpp">
      <Filter>Source Files</Filter>
    </ClCompile>
    <ClCompile Include="C:\Users\maxbe\Documents\Swat3\skylicht-engine\Projects\Irrlicht\Source\CVertexDescriptor.cpp">
      <Filter>Source Files</Filter>
    </ClCompile>
    <ClCompile Include="C:\Users\maxbe\Documents\Swat3\skylicht-engine\Projects\Irrlicht\Source\CVideoModeList.cpp">
      <Filter>Source Files</Filter>
    </ClCompile>
    <ClCompile Include="C:\Users\maxbe\Documents\Swat3\skylicht-engine\Projects\Irrlicht\Source\CWADReader.cpp">
      <Filter>Source Files</Filter>
    </ClCompile>
    <ClCompile Include="C:\Users\maxbe\Documents\Swat3\skylicht-engine\Projects\Irrlicht\Source\CWriteFile.cpp">
      <Filter>Source Files</Filter>
    </ClCompile>
    <ClCompile Include="C:\Users\maxbe\Documents\Swat3\skylicht-engine\Projects\Irrlicht\Source\CXMLReader.cpp">
      <Filter>Source Files</Filter>
    </ClCompile>
    <ClCompile Include="C:\Users\maxbe\Documents\Swat3\skylicht-engine\Projects\Irrlicht\Source\CXMLWriter.cpp">
      <Filter>Source Files</Filter>
    </ClCompile>
    <ClCompile Include="C:\Users\maxbe\Documents\Swat3\skylicht-engine\Projects\Irrlicht\Source\CZipReader.cpp">
      <Filter>Source Files</Filter>
    </ClCompile>
    <ClCompile Include="C:\Users\maxbe\Documents\Swat3\skylicht-engine\Projects\Irrlicht\Source\Irrlicht.cpp">
      <Filter>Source Files</Filter>
    </ClCompile>
    <ClCompile Include="C:\Users\maxbe\Documents\Swat3\skylicht-engine\Projects\Irrlicht\Source\irrOS.cpp">
      <Filter>Source Files</Filter>
    </ClCompile>
    <ClCompile Include="C:\Users\maxbe\Documents\Swat3\skylicht-engine\Projects\Irrlicht\Source\irrXML.cpp">
      <Filter>Source Files</Filter>
    </ClCompile>
    <ClCompile Include="C:\Users\maxbe\Documents\Swat3\skylicht-engine\Projects\Irrlicht\Source\leakHunter.cpp">
      <Filter>Source Files</Filter>
    </ClCompile>
    <ClCompile Include="C:\Users\maxbe\Documents\Swat3\skylicht-engine\Projects\Irrlicht\Source\pch.cpp">
      <Filter>Source Files</Filter>
    </ClCompile>
    <ClCompile Include="C:\Users\maxbe\Documents\Swat3\skylicht-engine\Projects\Irrlicht\Source\utf8.cpp">
      <Filter>Source Files</Filter>
    </ClCompile>
  </ItemGroup>
  <ItemGroup>
    <ClInclude Include="C:\Users\maxbe\Documents\Swat3\skylicht-engine\Projects\Irrlicht\Include\CIndexBuffer.h">
      <Filter>Header Files</Filter>
    </ClInclude>
    <ClInclude Include="C:\Users\maxbe\Documents\Swat3\skylicht-engine\Projects\Irrlicht\Include\CMeshBuffer.h">
      <Filter>Header Files</Filter>
    </ClInclude>
    <ClInclude Include="C:\Users\maxbe\Documents\Swat3\skylicht-engine\Projects\Irrlicht\Include\CVertexBuffer.h">
      <Filter>Header Files</Filter>
    </ClInclude>
    <ClInclude Include="C:\Users\maxbe\Documents\Swat3\skylicht-engine\Projects\Irrlicht\Include\EAttributes.h">
      <Filter>Header Files</Filter>
    </ClInclude>
    <ClInclude Include="C:\Users\maxbe\Documents\Swat3\skylicht-engine\Projects\Irrlicht\Include\ECullingTypes.h">
      <Filter>Header Files</Filter>
    </ClInclude>
    <ClInclude Include="C:\Users\maxbe\Documents\Swat3\skylicht-engine\Projects\Irrlicht\Include\EDebugSceneTypes.h">
      <Filter>Header Files</Filter>
    </ClInclude>
    <ClInclude Include="C:\Users\maxbe\Documents\Swat3\skylicht-engine\Projects\Irrlicht\Include\EDeviceTypes.h">
      <Filter>Header Files</Filter>
    </ClInclude>
    <ClInclude Include="C:\Users\maxbe\Documents\Swat3\skylicht-engine\Projects\Irrlicht\Include\EDriverFeatures.h">
      <Filter>Header Files</Filter>
    </ClInclude>
    <ClInclude Include="C:\Users\maxbe\Documents\Swat3\skylicht-engine\Projects\Irrlicht\Include\EDriverTypes.h">
      <Filter>Header Files</Filter>
    </ClInclude>
    <ClInclude Include="C:\Users\maxbe\Documents\Swat3\skylicht-engine\Projects\Irrlicht\Include\EGUIAlignment.h">
      <Filter>Header Files</Filter>
    </ClInclude>
    <ClInclude Include="C:\Users\maxbe\Documents\Swat3\skylicht-engine\Projects\Irrlicht\Include\EGUIElementTypes.h">
      <Filter>Header Files</Filter>
    </ClInclude>
    <ClInclude Include="C:\Users\maxbe\Documents\Swat3\skylicht-engine\Projects\Irrlicht\Include\EHardwareBufferFlags.h">
      <Filter>Header Files</Filter>
    </ClInclude>
    <ClInclude Include="C:\Users\maxbe\Documents\Swat3\skylicht-engine\Projects\Irrlicht\Include\EMaterialFlags.h">
      <Filter>Header Files</Filter>
    </ClInclude>
    <ClInclude Include="C:\Users\maxbe\Documents\Swat3\skylicht-engine\Projects\Irrlicht\Include\EMaterialTypes.h">
      <Filter>Header Files</Filter>
    </ClInclude>
    <ClInclude Include="C:\Users\maxbe\Documents\Swat3\skylicht-engine\Projects\Irrlicht\Include\EMessageBoxFlags.h">
      <Filter>Header Files</Filter>
    </ClInclude>
    <ClInclude Include="C:\Users\maxbe\Documents\Swat3\skylicht-engine\Projects\Irrlicht\Include\EPrimitiveTypes.h">
      <Filter>Header Files</Filter>
    </ClInclude>
    <ClInclude Include="C:\Users\maxbe\Documents\Swat3\skylicht-engine\Projects\Irrlicht\Include\ESceneNodeAnimatorTypes.h">
      <Filter>Header Files</Filter>
    </ClInclude>
    <ClInclude Include="C:\Users\maxbe\Documents\Swat3\skylicht-engine\Projects\Irrlicht\Include\ESceneNodeTypes.h">
      <Filter>Header Files</Filter>
    </ClInclude>
    <ClInclude Include="C:\Users\maxbe\Documents\Swat3\skylicht-engine\Projects\Irrlicht\Include\EShaderTypes.h">
      <Filter>Header Files</Filter>
    </ClInclude>
    <ClInclude Include="C:\Users\maxbe\Documents\Swat3\skylicht-engine\Projects\Irrlicht\Include\IAttributeExchangingObject.h">
      <Filter>Header Files</Filter>
    </ClInclude>
    <ClInclude Include="C:\Users\maxbe\Documents\Swat3\skylicht-engine\Projects\Irrlicht\Include\IAttributes.h">
      <Filter>Header Files</Filter>
    </ClInclude>
    <ClInclude Include="C:\Users\maxbe\Documents\Swat3\skylicht-engine\Projects\Irrlicht\Include\ICameraSceneNode.h">
      <Filter>Header Files</Filter>
    </ClInclude>
    <ClInclude Include="C:\Users\maxbe\Documents\Swat3\skylicht-engine\Projects\Irrlicht\Include\ICursorControl.h">
      <Filter>Header Files</Filter>
    </ClInclude>
    <ClInclude Include="C:\Users\maxbe\Documents\Swat3\skylicht-engine\Projects\Irrlicht\Include\IEventReceiver.h">
      <Filter>Header Files</Filter>
    </ClInclude>
    <ClInclude Include="C:\Users\maxbe\Documents\Swat3\skylicht-engine\Projects\Irrlicht\Include\IFileArchive.h">
      <Filter>Header Files</Filter>
    </ClInclude>
    <ClInclude Include="C:\Users\maxbe\Documents\Swat3\skylicht-engine\Projects\Irrlicht\Include\IFileList.h">
      <Filter>Header Files</Filter>
    </ClInclude>
    <ClInclude Include="C:\Users\maxbe\Documents\Swat3\skylicht-engine\Projects\Irrlicht\Include\IFileSystem.h">
      <Filter>Header Files</Filter>
    </ClInclude>
    <ClInclude Include="C:\Users\maxbe\Documents\Swat3\skylicht-engine\Projects\Irrlicht\Include\IGPUCompute.h">
      <Filter>Header Files</Filter>
    </ClInclude>
    <ClInclude Include="C:\Users\maxbe\Documents\Swat3\skylicht-engine\Projects\Irrlicht\Include\IGPUProgrammingServices.h">
      <Filter>Header Files</Filter>
    </ClInclude>
    <ClInclude Include="C:\Users\maxbe\Documents\Swat3\skylicht-engine\Projects\Irrlicht\Include\IGeometryCreator.h">
      <Filter>Header Files</Filter>
    </ClInclude>
    <ClInclude Include="C:\Users\maxbe\Documents\Swat3\skylicht-engine\Projects\Irrlicht\Include\IHardwareBuffer.h">
      <Filter>Header Files</Filter>
    </ClInclude>
    <ClInclude Include="C:\Users\maxbe\Documents\Swat3\skylicht-engine\Projects\Irrlicht\Include\IImage.h">
      <Filter>Header Files</Filter>
    </ClInclude>
    <ClInclude Include="C:\Users\maxbe\Documents\Swat3\skylicht-engine\Projects\Irrlicht\Include\IImageLoader.h">
      <Filter>Header Files</Filter>
    </ClInclude>
    <ClInclude Include="C:\Users\maxbe\Documents\Swat3\skylicht-engine\Projects\Irrlicht\Include\IImageWriter.h">
      <Filter>Header Files</Filter>
    </ClInclude>
    <ClInclude Include="C:\Users\maxbe\Documents\Swat3\skylicht-engine\Projects\Irrlicht\Include\IIndexBuffer.h">
      <Filter>Header Files</Filter>
    </ClInclude>
    <ClInclude Include="C:\Users\maxbe\Documents\Swat3\skylicht-engine\Projects\Irrlicht\Include\ILightSceneNode.h">
      <Filter>Header Files</Filter>
    </ClInclude>
    <ClInclude Include="C:\Users\maxbe\Documents\Swat3\skylicht-engine\Projects\Irrlicht\Include\ILogger.h">
      <Filter>Header Files</Filter>
    </ClInclude>
    <ClInclude Include="C:\Users\maxbe\Documents\Swat3\skylicht-engine\Projects\Irrlicht\Include\IMaterialRenderer.h">
      <Filter>Header Files</Filter>
    </ClInclude>
    <ClInclude Include="C:\Users\maxbe\Documents\Swat3\skylicht-engine\Projects\Irrlicht\Include\IMaterialRendererServices.h">
      <Filter>Header Files</Filter>
    </ClInclude>
    <ClInclude Include="C:\Users\maxbe\Documents\Swat3\skylicht-engine\Projects\Irrlicht\Include\IMesh.h">
      <Filter>Header Files</Filter>
    </ClInclude>
    <ClInclude Include="C:\Users\maxbe\Documents\Swat3\skylicht-engine\Projects\Irrlicht\Include\IMeshBuffer.h">
      <Filter>Header Files</Filter>
    </ClInclude>
    <ClInclude Include="C:\Users\maxbe\Documents\Swat3\skylicht-engine\Projects\Irrlicht\Include\IMeshManipulator.h">
      <Filter>Header Files</Filter>
    </ClInclude>
    <ClInclude Include="C:\Users\maxbe\Documents\Swat3\skylicht-engine\Projects\Irrlicht\Include\IMeshSceneNode.h">
      <Filter>Header Files</Filter>
    </ClInclude>
    <ClInclude Include="C:\Users\maxbe\Documents\Swat3\skylicht-engine\Projects\Irrlicht\Include\IMetaTriangleSelector.h">
      <Filter>Header Files</Filter>
    </ClInclude>
    <ClInclude Include="C:\Users\maxbe\Documents\Swat3\skylicht-engine\Projects\Irrlicht\Include\IOSOperator.h">
      <Filter>Header Files</Filter>
    </ClInclude>
    <ClInclude Include="C:\Users\maxbe\Documents\Swat3\skylicht-engine\Projects\Irrlicht\Include\IRWBuffer.h">
      <Filter>Header Files</Filter>
    </ClInclude>
    <ClInclude Include="C:\Users\maxbe\Documents\Swat3\skylicht-engine\Projects\Irrlicht\Include\IRandomizer.h">
      <Filter>Header Files</Filter>
    </ClInclude>
    <ClInclude Include="C:\Users\maxbe\Documents\Swat3\skylicht-engine\Projects\Irrlicht\Include\IReadFile.h">
      <Filter>Header Files</Filter>
    </ClInclude>
    <ClInclude Include="C:\Users\maxbe\Documents\Swat3\skylicht-engine\Projects\Irrlicht\Include\IReferenceCounted.h">
      <Filter>Header Files</Filter>
    </ClInclude>
    <ClInclude Include="C:\Users\maxbe\Documents\Swat3\skylicht-engine\Projects\Irrlicht\Include\ISceneCollisionManager.h">
      <Filter>Header Files</Filter>
    </ClInclude>
    <ClInclude Include="C:\Users\maxbe\Documents\Swat3\skylicht-engine\Projects\Irrlicht\Include\ISceneManager.h">
      <Filter>Header Files</Filter>
    </ClInclude>
    <ClInclude Include="C:\Users\maxbe\Documents\Swat3\skylicht-engine\Projects\Irrlicht\Include\ISceneNode.h">
      <Filter>Header Files</Filter>
    </ClInclude>
    <ClInclude Include="C:\Users\maxbe\Documents\Swat3\skylicht-engine\Projects\Irrlicht\Include\ISceneNodeAnimator.h">
      <Filter>Header Files</Filter>
    </ClInclude>
    <ClInclude Include="C:\Users\maxbe\Documents\Swat3\skylicht-engine\Projects\Irrlicht\Include\ISceneNodeAnimatorCameraFPS.h">
      <Filter>Header Files</Filter>
    </ClInclude>
    <ClInclude Include="C:\Users\maxbe\Documents\Swat3\skylicht-engine\Projects\Irrlicht\Include\ISceneNodeAnimatorCameraMaya.h">
      <Filter>Header Files</Filter>
    </ClInclude>
    <ClInclude Include="C:\Users\maxbe\Documents\Swat3\skylicht-engine\Projects\Irrlicht\Include\ISceneNodeAnimatorCollisionResponse.h">
      <Filter>Header Files</Filter>
    </ClInclude>
    <ClInclude Include="C:\Users\maxbe\Documents\Swat3\skylicht-engine\Projects\Irrlicht\Include\ISceneNodeAnimatorFactory.h">
      <Filter>Header Files</Filter>
    </ClInclude>
    <ClInclude Include="C:\Users\maxbe\Documents\Swat3\skylicht-engine\Projects\Irrlicht\Include\ISceneNodeFactory.h">
      <Filter>Header Files</Filter>
    </ClInclude>
    <ClInclude Include="C:\Users\maxbe\Documents\Swat3\skylicht-engine\Projects\Irrlicht\Include\IShaderConstantSetCallBack.h">
      <Filter>Header Files</Filter>
    </ClInclude>
    <ClInclude Include="C:\Users\maxbe\Documents\Swat3\skylicht-engine\Projects\Irrlicht\Include\ITexture.h">
      <Filter>Header Files</Filter>
    </ClInclude>
    <ClInclude Include="C:\Users\maxbe\Documents\Swat3\skylicht-engine\Projects\Irrlicht\Include\ITimer.h">
      <Filter>Header Files</Filter>
    </ClInclude>
    <ClInclude Include="C:\Users\maxbe\Documents\Swat3\skylicht-engine\Projects\Irrlicht\Include\ITriangleSelector.h">
      <Filter>Header Files</Filter>
    </ClInclude>
    <ClInclude Include="C:\Users\maxbe\Documents\Swat3\skylicht-engine\Projects\Irrlicht\Include\IVertexBuffer.h">
      <Filter>Header Files</Filter>
    </ClInclude>
    <ClInclude Include="C:\Users\maxbe\Documents\Swat3\skylicht-engine\Projects\Irrlicht\Include\IVertexDescriptor.h">
      <Filter>Header Files</Filter>
    </ClInclude>
    <ClInclude Include="C:\Users\maxbe\Documents\Swat3\skylicht-engine\Projects\Irrlicht\Include\IVideoDriver.h">
      <Filter>Header Files</Filter>
    </ClInclude>
    <ClInclude Include="C:\Users\maxbe\Documents\Swat3\skylicht-engine\Projects\Irrlicht\Include\IVideoModeList.h">
      <Filter>Header Files</Filter>
    </ClInclude>
    <ClInclude Include="C:\Users\maxbe\Documents\Swat3\skylicht-engine\Projects\Irrlicht\Include\IWriteFile.h">
      <Filter>Header Files</Filter>
    </ClInclude>
    <ClInclude Include="C:\Users\maxbe\Documents\Swat3\skylicht-engine\Projects\Irrlicht\Include\IXMLReader.h">
      <Filter>Header Files</Filter>
    </ClInclude>
    <ClInclude Include="C:\Users\maxbe\Documents\Swat3\skylicht-engine\Projects\Irrlicht\Include\IXMLWriter.h">
      <Filter>Header Files</Filter>
    </ClInclude>
    <ClInclude Include="C:\Users\maxbe\Documents\Swat3\skylicht-engine\Projects\Irrlicht\Include\IrrCompileConfig.h">
      <Filter>Header Files</Filter>
    </ClInclude>
    <ClInclude Include="C:\Users\maxbe\Documents\Swat3\skylicht-engine\Projects\Irrlicht\Include\IrrlichtDevice.h">
      <Filter>Header Files</Filter>
    </ClInclude>
    <ClInclude Include="C:\Users\maxbe\Documents\Swat3\skylicht-engine\Projects\Irrlicht\Include\Keycodes.h">
      <Filter>Header Files</Filter>
    </ClInclude>
    <ClInclude Include="C:\Users\maxbe\Documents\Swat3\skylicht-engine\Projects\Irrlicht\Include\S3DVertex.h">
      <Filter>Header Files</Filter>
    </ClInclude>
    <ClInclude Include="C:\Users\maxbe\Documents\Swat3\skylicht-engine\Projects\Irrlicht\Include\SColor.h">
      <Filter>Header Files</Filter>
    </ClInclude>
    <ClInclude Include="C:\Users\maxbe\Documents\Swat3\skylicht-engine\Projects\Irrlicht\Include\SExposedVideoData.h">
      <Filter>Header Files</Filter>
    </ClInclude>
    <ClInclude Include="C:\Users\maxbe\Documents\Swat3\skylicht-engine\Projects\Irrlicht\Include\SIrrCreationParameters.h">
      <Filter>Header Files</Filter>
    </ClInclude>
    <ClInclude Include="C:\Users\maxbe\Documents\Swat3\skylicht-engine\Projects\Irrlicht\Include\SKeyMap.h">
      <Filter>Header Files</Filter>
    </ClInclude>
    <ClInclude Include="C:\Users\maxbe\Documents\Swat3\skylicht-engine\Projects\Irrlicht\Include\SLight.h">
      <Filter>Header Files</Filter>
    </ClInclude>
    <ClInclude Include="C:\Users\maxbe\Documents\Swat3\skylicht-engine\Projects\Irrlicht\Include\SMaterial.h">
      <Filter>Header Files</Filter>
    </ClInclude>
    <ClInclude Include="C:\Users\maxbe\Documents\Swat3\skylicht-engine\Projects\Irrlicht\Include\SMaterialLayer.h">
      <Filter>Header Files</Filter>
    </ClInclude>
    <ClInclude Include="C:\Users\maxbe\Documents\Swat3\skylicht-engine\Projects\Irrlicht\Include\SMesh.h">
      <Filter>Header Files</Filter>
    </ClInclude>
    <ClInclude Include="C:\Users\maxbe\Documents\Swat3\skylicht-engine\Projects\Irrlicht\Include\SParticle.h">
      <Filter>Header Files</Filter>
    </ClInclude>
    <ClInclude Include="C:\Users\maxbe\Documents\Swat3\skylicht-engine\Projects\Irrlicht\Include\SViewFrustum.h">
      <Filter>Header Files</Filter>
    </ClInclude>
    <ClInclude Include="C:\Users\maxbe\Documents\Swat3\skylicht-engine\Projects\Irrlicht\Include\SceneParameters.h">
      <Filter>Header Files</Filter>
    </ClInclude>
    <ClInclude Include="C:\Users\maxbe\Documents\Swat3\skylicht-engine\Projects\Irrlicht\Include\aabbox3d.h">
      <Filter>Header Files</Filter>
    </ClInclude>
    <ClInclude Include="C:\Users\maxbe\Documents\Swat3\skylicht-engine\Projects\Irrlicht\Include\coreutil.h">
      <Filter>Header Files</Filter>
    </ClInclude>
    <ClInclude Include="C:\Users\maxbe\Documents\Swat3\skylicht-engine\Projects\Irrlicht\Include\dimension2d.h">
      <Filter>Header Files</Filter>
    </ClInclude>
    <ClInclude Include="C:\Users\maxbe\Documents\Swat3\skylicht-engine\Projects\Irrlicht\Include\fast_atof.h">
      <Filter>Header Files</Filter>
    </ClInclude>
    <ClInclude Include="C:\Users\maxbe\Documents\Swat3\skylicht-engine\Projects\Irrlicht\Include\heapsort.h">
      <Filter>Header Files</Filter>
    </ClInclude>
    <ClInclude Include="C:\Users\maxbe\Documents\Swat3\skylicht-engine\Projects\Irrlicht\Include\irrAllocator.h">
      <Filter>Header Files</Filter>
    </ClInclude>
    <ClInclude Include="C:\Users\maxbe\Documents\Swat3\skylicht-engine\Projects\Irrlicht\Include\irrArray.h">
      <Filter>Header Files</Filter>
    </ClInclude>
    <ClInclude Include="C:\Users\maxbe\Documents\Swat3\skylicht-engine\Projects\Irrlicht\Include\irrList.h">
      <Filter>Header Files</Filter>
    </ClInclude>
    <ClInclude Include="C:\Users\maxbe\Documents\Swat3\skylicht-engine\Projects\Irrlicht\Include\irrMap.h">
      <Filter>Header Files</Filter>
    </ClInclude>
    <ClInclude Include="C:\Users\maxbe\Documents\Swat3\skylicht-engine\Projects\Irrlicht\Include\irrMath.h">
      <Filter>Header Files</Filter>
    </ClInclude>
    <ClInclude Include="C:\Users\maxbe\Documents\Swat3\skylicht-engine\Projects\Irrlicht\Include\irrOS.h">
      <Filter>Header Files</Filter>
    </ClInclude>
    <ClInclude Include="C:\Users\maxbe\Documents\Swat3\skylicht-engine\Projects\Irrlicht\Include\irrString.h">
      <Filter>Header Files</Filter>
    </ClInclude>
    <ClInclude Include="C:\Users\maxbe\Documents\Swat3\skylicht-engine\Projects\Irrlicht\Include\irrTypes.h">
      <Filter>Header Files</Filter>
    </ClInclude>
    <ClInclude Include="C:\Users\maxbe\Documents\Swat3\skylicht-engine\Projects\Irrlicht\Include\irrXML.h">
      <Filter>Header Files</Filter>
    </ClInclude>
    <ClInclude Include="C:\Users\maxbe\Documents\Swat3\skylicht-engine\Projects\Irrlicht\Include\irrlicht.h">
      <Filter>Header Files</Filter>
    </ClInclude>
    <ClInclude Include="C:\Users\maxbe\Documents\Swat3\skylicht-engine\Projects\Irrlicht\Include\irrpack.h">
      <Filter>Header Files</Filter>
    </ClInclude>
    <ClInclude Include="C:\Users\maxbe\Documents\Swat3\skylicht-engine\Projects\Irrlicht\Include\irrunpack.h">
      <Filter>Header Files</Filter>
    </ClInclude>
    <ClInclude Include="C:\Users\maxbe\Documents\Swat3\skylicht-engine\Projects\Irrlicht\Include\leakHunter.h">
      <Filter>Header Files</Filter>
    </ClInclude>
    <ClInclude Include="C:\Users\maxbe\Documents\Swat3\skylicht-engine\Projects\Irrlicht\Include\line2d.h">
      <Filter>Header Files</Filter>
    </ClInclude>
    <ClInclude Include="C:\Users\maxbe\Documents\Swat3\skylicht-engine\Projects\Irrlicht\Include\line3d.h">
      <Filter>Header Files</Filter>
    </ClInclude>
    <ClInclude Include="C:\Users\maxbe\Documents\Swat3\skylicht-engine\Projects\Irrlicht\Include\matrix4.h">
      <Filter>Header Files</Filter>
    </ClInclude>
    <ClInclude Include="C:\Users\maxbe\Documents\Swat3\skylicht-engine\Projects\Irrlicht\Include\path.h">
      <Filter>Header Files</Filter>
    </ClInclude>
    <ClInclude Include="C:\Users\maxbe\Documents\Swat3\skylicht-engine\Projects\Irrlicht\Include\plane3d.h">
      <Filter>Header Files</Filter>
    </ClInclude>
    <ClInclude Include="C:\Users\maxbe\Documents\Swat3\skylicht-engine\Projects\Irrlicht\Include\position2d.h">
      <Filter>Header Files</Filter>
    </ClInclude>
    <ClInclude Include="C:\Users\maxbe\Documents\Swat3\skylicht-engine\Projects\Irrlicht\Include\quaternion.h">
      <Filter>Header Files</Filter>
    </ClInclude>
    <ClInclude Include="C:\Users\maxbe\Documents\Swat3\skylicht-engine\Projects\Irrlicht\Include\rect.h">
      <Filter>Header Files</Filter>
    </ClInclude>
    <ClInclude Include="C:\Users\maxbe\Documents\Swat3\skylicht-engine\Projects\Irrlicht\Include\triangle3d.h">
      <Filter>Header Files</Filter>
    </ClInclude>
    <ClInclude Include="C:\Users\maxbe\Documents\Swat3\skylicht-engine\Projects\Irrlicht\Include\vector2d.h">
      <Filter>Header Files</Filter>
    </ClInclude>
    <ClInclude Include="C:\Users\maxbe\Documents\Swat3\skylicht-engine\Projects\Irrlicht\Include\vector3d.h">
      <Filter>Header Files</Filter>
    </ClInclude>
  </ItemGroup>
  <ItemGroup>
    <CustomBuild Include="C:\Users\maxbe\Documents\Swat3\skylicht-engine\Projects\Irrlicht\CMakeLists.txt" />
  </ItemGroup>
  <ItemGroup>
    <Filter Include="Header Files">
      <UniqueIdentifier>{9119C534-6ACE-30FC-BD46-345FB1DE394C}</UniqueIdentifier>
    </Filter>
    <Filter Include="Source Files">
      <UniqueIdentifier>{D56E17FC-EE4C-3060-A119-B1C2BCD04571}</UniqueIdentifier>
    </Filter>
  </ItemGroup>
</Project>
