<?xml version="1.0" encoding="UTF-8"?>
<Solution>
	<Configurations>
		<BuildType Name="Debug"/>
		<BuildType Name="Release"/>
		<BuildType Name="MinSizeRel"/>
		<BuildType Name="RelWithDebInfo"/>
		<Platform Name="x64"/>
	</Configurations>
	<Project Path="ALL_BUILD.vcxproj" Type="8bc9ceb8-8b4a-11d0-8d11-00a0c91bc942" Id="70747bea-91e6-3c10-9ba6-1803b2f9c91e" DefaultStartup="true">
		<BuildDependency Project="Projects/Skylicht/Audio/Audio.vcxproj"/>
		<BuildDependency Project="Projects/Bullet3/src/Bullet3Common/Bullet3Common.vcxproj"/>
		<BuildDependency Project="Projects/Bullet3/src/BulletCollision/BulletCollision.vcxproj"/>
		<BuildDependency Project="Projects/Bullet3/src/BulletDynamics/BulletDynamics.vcxproj"/>
		<BuildDependency Project="Projects/Bullet3/src/BulletInverseDynamics/BulletInverseDynamics.vcxproj"/>
		<BuildDependency Project="Projects/Bullet3/src/BulletSoftBody/BulletSoftBody.vcxproj"/>
		<BuildDependency Project="Projects/Skylicht/Client/Client.vcxproj"/>
		<BuildDependency Project="Projects/Skylicht/Collision/Collision.vcxproj"/>
		<BuildDependency Project="Projects/Skylicht/Components/Components.vcxproj"/>
		<BuildDependency Project="Projects/Skylicht/Crypto/CryptoLib.vcxproj"/>
		<BuildDependency Project="Projects/Skylicht/Engine/Engine.vcxproj"/>
		<BuildDependency Project="Projects/Skylicht/Graph/Graph.vcxproj"/>
		<BuildDependency Project="Projects/Imgui/Imgui.vcxproj"/>
		<BuildDependency Project="Projects/Irrlicht/Irrlicht.vcxproj"/>
		<BuildDependency Project="Projects/Skylicht/Lightmapper/Lightmapper.vcxproj"/>
		<BuildDependency Project="Projects/Bullet3/src/LinearMath/LinearMath.vcxproj"/>
		<BuildDependency Project="Projects/Skylicht/Network/Network.vcxproj"/>
		<BuildDependency Project="Projects/Skylicht/Physics/Physics.vcxproj"/>
		<BuildDependency Project="Samples/SCNEdit/ScnEdit.vcxproj"/>
		<BuildDependency Project="Projects/SpineCpp/SpineRuntimes.vcxproj"/>
		<BuildDependency Project="Projects/Skylicht/System/System.vcxproj"/>
		<BuildDependency Project="UnitTest/TestApp/TestApp.vcxproj"/>
		<BuildDependency Project="Projects/ThirdParty/ThirdParty.vcxproj"/>
		<BuildDependency Project="Projects/Skylicht/UserInterface/UserInterface.vcxproj"/>
		<BuildDependency Project="ZERO_CHECK.vcxproj"/>
		<Build Solution="Debug|*" Project="false"/>
		<Build Solution="Release|*" Project="false"/>
		<Build Solution="MinSizeRel|*" Project="false"/>
		<Build Solution="RelWithDebInfo|*" Project="false"/>
	</Project>
	<Project Path="Projects/Skylicht/Audio/Audio.vcxproj" Type="8bc9ceb8-8b4a-11d0-8d11-00a0c91bc942" Id="035b8d68-4d14-33e8-aca9-45e60d7f5683">
		<BuildDependency Project="Projects/Skylicht/System/System.vcxproj"/>
		<BuildDependency Project="Projects/ThirdParty/ThirdParty.vcxproj"/>
		<BuildDependency Project="ZERO_CHECK.vcxproj"/>
	</Project>
	<Project Path="Projects/Bullet3/src/Bullet3Common/Bullet3Common.vcxproj" Type="8bc9ceb8-8b4a-11d0-8d11-00a0c91bc942" Id="b2dfe712-8844-3c6e-b2ba-3216f29907e8">
		<BuildDependency Project="ZERO_CHECK.vcxproj"/>
	</Project>
	<Project Path="Projects/Bullet3/src/BulletCollision/BulletCollision.vcxproj" Type="8bc9ceb8-8b4a-11d0-8d11-00a0c91bc942" Id="c693c760-05c8-3256-a88d-69982672f65b">
		<BuildDependency Project="Projects/Bullet3/src/LinearMath/LinearMath.vcxproj"/>
		<BuildDependency Project="ZERO_CHECK.vcxproj"/>
	</Project>
	<Project Path="Projects/Bullet3/src/BulletDynamics/BulletDynamics.vcxproj" Type="8bc9ceb8-8b4a-11d0-8d11-00a0c91bc942" Id="60f0c7b8-679b-309b-8915-aa286b0d9e57">
		<BuildDependency Project="Projects/Bullet3/src/BulletCollision/BulletCollision.vcxproj"/>
		<BuildDependency Project="Projects/Bullet3/src/LinearMath/LinearMath.vcxproj"/>
		<BuildDependency Project="ZERO_CHECK.vcxproj"/>
	</Project>
	<Project Path="Projects/Bullet3/src/BulletInverseDynamics/BulletInverseDynamics.vcxproj" Type="8bc9ceb8-8b4a-11d0-8d11-00a0c91bc942" Id="ad33b53e-e24e-3f95-81a7-db5152490410">
		<BuildDependency Project="Projects/Bullet3/src/Bullet3Common/Bullet3Common.vcxproj"/>
		<BuildDependency Project="Projects/Bullet3/src/LinearMath/LinearMath.vcxproj"/>
		<BuildDependency Project="ZERO_CHECK.vcxproj"/>
	</Project>
	<Project Path="Projects/Bullet3/src/BulletSoftBody/BulletSoftBody.vcxproj" Type="8bc9ceb8-8b4a-11d0-8d11-00a0c91bc942" Id="2713f15b-e7f1-37ed-b881-5d1ff8f499fe">
		<BuildDependency Project="Projects/Bullet3/src/BulletCollision/BulletCollision.vcxproj"/>
		<BuildDependency Project="Projects/Bullet3/src/BulletDynamics/BulletDynamics.vcxproj"/>
		<BuildDependency Project="Projects/Bullet3/src/LinearMath/LinearMath.vcxproj"/>
		<BuildDependency Project="ZERO_CHECK.vcxproj"/>
	</Project>
	<Project Path="Projects/Skylicht/Client/Client.vcxproj" Type="8bc9ceb8-8b4a-11d0-8d11-00a0c91bc942" Id="78bafc23-f320-335f-9c07-20bbc85791d1">
		<BuildDependency Project="Projects/Skylicht/Audio/Audio.vcxproj"/>
		<BuildDependency Project="Projects/Bullet3/src/Bullet3Common/Bullet3Common.vcxproj"/>
		<BuildDependency Project="Projects/Bullet3/src/BulletCollision/BulletCollision.vcxproj"/>
		<BuildDependency Project="Projects/Bullet3/src/BulletDynamics/BulletDynamics.vcxproj"/>
		<BuildDependency Project="Projects/Bullet3/src/BulletInverseDynamics/BulletInverseDynamics.vcxproj"/>
		<BuildDependency Project="Projects/Bullet3/src/BulletSoftBody/BulletSoftBody.vcxproj"/>
		<BuildDependency Project="Projects/Skylicht/Collision/Collision.vcxproj"/>
		<BuildDependency Project="Projects/Skylicht/Components/Components.vcxproj"/>
		<BuildDependency Project="Projects/Skylicht/Crypto/CryptoLib.vcxproj"/>
		<BuildDependency Project="Projects/Skylicht/Engine/Engine.vcxproj"/>
		<BuildDependency Project="Projects/Skylicht/Graph/Graph.vcxproj"/>
		<BuildDependency Project="Projects/Irrlicht/Irrlicht.vcxproj"/>
		<BuildDependency Project="Projects/Skylicht/Lightmapper/Lightmapper.vcxproj"/>
		<BuildDependency Project="Projects/Bullet3/src/LinearMath/LinearMath.vcxproj"/>
		<BuildDependency Project="Projects/Skylicht/Network/Network.vcxproj"/>
		<BuildDependency Project="Projects/Skylicht/Physics/Physics.vcxproj"/>
		<BuildDependency Project="Projects/Skylicht/System/System.vcxproj"/>
		<BuildDependency Project="Projects/ThirdParty/ThirdParty.vcxproj"/>
		<BuildDependency Project="Projects/Skylicht/UserInterface/UserInterface.vcxproj"/>
		<BuildDependency Project="ZERO_CHECK.vcxproj"/>
	</Project>
	<Project Path="Projects/Skylicht/Collision/Collision.vcxproj" Type="8bc9ceb8-8b4a-11d0-8d11-00a0c91bc942" Id="05d1e99a-c7d9-30e6-9846-766de7d40e29">
		<BuildDependency Project="Projects/Skylicht/Audio/Audio.vcxproj"/>
		<BuildDependency Project="Projects/Skylicht/Engine/Engine.vcxproj"/>
		<BuildDependency Project="Projects/Irrlicht/Irrlicht.vcxproj"/>
		<BuildDependency Project="Projects/Skylicht/System/System.vcxproj"/>
		<BuildDependency Project="Projects/ThirdParty/ThirdParty.vcxproj"/>
		<BuildDependency Project="ZERO_CHECK.vcxproj"/>
	</Project>
	<Project Path="Projects/Skylicht/Components/Components.vcxproj" Type="8bc9ceb8-8b4a-11d0-8d11-00a0c91bc942" Id="67f086a0-fd27-3085-bc94-d0c48428a4f5">
		<BuildDependency Project="Projects/Skylicht/Audio/Audio.vcxproj"/>
		<BuildDependency Project="Projects/Skylicht/Engine/Engine.vcxproj"/>
		<BuildDependency Project="Projects/Irrlicht/Irrlicht.vcxproj"/>
		<BuildDependency Project="Projects/Skylicht/System/System.vcxproj"/>
		<BuildDependency Project="Projects/ThirdParty/ThirdParty.vcxproj"/>
		<BuildDependency Project="ZERO_CHECK.vcxproj"/>
	</Project>
	<Project Path="Projects/Skylicht/Crypto/CryptoLib.vcxproj" Type="8bc9ceb8-8b4a-11d0-8d11-00a0c91bc942" Id="f979f4ab-d1bf-3061-a61e-4b84c125de50">
		<BuildDependency Project="ZERO_CHECK.vcxproj"/>
	</Project>
	<Project Path="Projects/Skylicht/Engine/Engine.vcxproj" Type="8bc9ceb8-8b4a-11d0-8d11-00a0c91bc942" Id="09bb1776-1aab-38ba-b737-d4cc0e6ad8a3">
		<BuildDependency Project="Projects/Skylicht/Audio/Audio.vcxproj"/>
		<BuildDependency Project="Projects/Irrlicht/Irrlicht.vcxproj"/>
		<BuildDependency Project="Projects/Skylicht/System/System.vcxproj"/>
		<BuildDependency Project="Projects/ThirdParty/ThirdParty.vcxproj"/>
		<BuildDependency Project="ZERO_CHECK.vcxproj"/>
	</Project>
	<Project Path="Projects/Skylicht/Graph/Graph.vcxproj" Type="8bc9ceb8-8b4a-11d0-8d11-00a0c91bc942" Id="859c8209-67be-37d5-a93f-4621fc99b522">
		<BuildDependency Project="Projects/Skylicht/Audio/Audio.vcxproj"/>
		<BuildDependency Project="Projects/Skylicht/Engine/Engine.vcxproj"/>
		<BuildDependency Project="Projects/Irrlicht/Irrlicht.vcxproj"/>
		<BuildDependency Project="Projects/Skylicht/System/System.vcxproj"/>
		<BuildDependency Project="Projects/ThirdParty/ThirdParty.vcxproj"/>
		<BuildDependency Project="ZERO_CHECK.vcxproj"/>
	</Project>
	<Project Path="Projects/Imgui/Imgui.vcxproj" Type="8bc9ceb8-8b4a-11d0-8d11-00a0c91bc942" Id="3bf833e1-6bab-3459-8610-b6b50478cd8e">
		<BuildDependency Project="Projects/Skylicht/Audio/Audio.vcxproj"/>
		<BuildDependency Project="Projects/Skylicht/Engine/Engine.vcxproj"/>
		<BuildDependency Project="Projects/Irrlicht/Irrlicht.vcxproj"/>
		<BuildDependency Project="Projects/Skylicht/System/System.vcxproj"/>
		<BuildDependency Project="Projects/ThirdParty/ThirdParty.vcxproj"/>
		<BuildDependency Project="ZERO_CHECK.vcxproj"/>
	</Project>
	<Project Path="Projects/Irrlicht/Irrlicht.vcxproj" Type="8bc9ceb8-8b4a-11d0-8d11-00a0c91bc942" Id="9eb765ac-b82f-331c-a46e-771ccf22fe6b">
		<BuildDependency Project="Projects/ThirdParty/ThirdParty.vcxproj"/>
		<BuildDependency Project="ZERO_CHECK.vcxproj"/>
	</Project>
	<Project Path="Projects/Skylicht/Lightmapper/Lightmapper.vcxproj" Type="8bc9ceb8-8b4a-11d0-8d11-00a0c91bc942" Id="f2732940-389b-3f7e-96b5-5aae3f34136b">
		<BuildDependency Project="Projects/Skylicht/Audio/Audio.vcxproj"/>
		<BuildDependency Project="Projects/Skylicht/Engine/Engine.vcxproj"/>
		<BuildDependency Project="Projects/Irrlicht/Irrlicht.vcxproj"/>
		<BuildDependency Project="Projects/Skylicht/System/System.vcxproj"/>
		<BuildDependency Project="Projects/ThirdParty/ThirdParty.vcxproj"/>
		<BuildDependency Project="ZERO_CHECK.vcxproj"/>
	</Project>
	<Project Path="Projects/Bullet3/src/LinearMath/LinearMath.vcxproj" Type="8bc9ceb8-8b4a-11d0-8d11-00a0c91bc942" Id="98a6e88e-22f4-3bd0-af5e-8829380653f5">
		<BuildDependency Project="ZERO_CHECK.vcxproj"/>
	</Project>
	<Project Path="Projects/Skylicht/Network/Network.vcxproj" Type="8bc9ceb8-8b4a-11d0-8d11-00a0c91bc942" Id="307629c0-9c04-38b8-9e1d-3a052b93bb49">
		<BuildDependency Project="Projects/Skylicht/Audio/Audio.vcxproj"/>
		<BuildDependency Project="Projects/Skylicht/Crypto/CryptoLib.vcxproj"/>
		<BuildDependency Project="Projects/Skylicht/Engine/Engine.vcxproj"/>
		<BuildDependency Project="Projects/Irrlicht/Irrlicht.vcxproj"/>
		<BuildDependency Project="Projects/Skylicht/System/System.vcxproj"/>
		<BuildDependency Project="Projects/ThirdParty/ThirdParty.vcxproj"/>
		<BuildDependency Project="ZERO_CHECK.vcxproj"/>
	</Project>
	<Project Path="Projects/Skylicht/Physics/Physics.vcxproj" Type="8bc9ceb8-8b4a-11d0-8d11-00a0c91bc942" Id="9e79080c-739c-395e-bb6e-6384c591c743">
		<BuildDependency Project="Projects/Skylicht/Audio/Audio.vcxproj"/>
		<BuildDependency Project="Projects/Bullet3/src/Bullet3Common/Bullet3Common.vcxproj"/>
		<BuildDependency Project="Projects/Bullet3/src/BulletCollision/BulletCollision.vcxproj"/>
		<BuildDependency Project="Projects/Bullet3/src/BulletDynamics/BulletDynamics.vcxproj"/>
		<BuildDependency Project="Projects/Bullet3/src/BulletInverseDynamics/BulletInverseDynamics.vcxproj"/>
		<BuildDependency Project="Projects/Bullet3/src/BulletSoftBody/BulletSoftBody.vcxproj"/>
		<BuildDependency Project="Projects/Skylicht/Components/Components.vcxproj"/>
		<BuildDependency Project="Projects/Skylicht/Engine/Engine.vcxproj"/>
		<BuildDependency Project="Projects/Irrlicht/Irrlicht.vcxproj"/>
		<BuildDependency Project="Projects/Bullet3/src/LinearMath/LinearMath.vcxproj"/>
		<BuildDependency Project="Projects/Skylicht/System/System.vcxproj"/>
		<BuildDependency Project="Projects/ThirdParty/ThirdParty.vcxproj"/>
		<BuildDependency Project="ZERO_CHECK.vcxproj"/>
	</Project>
	<Project Path="RUN_TESTS.vcxproj" Type="8bc9ceb8-8b4a-11d0-8d11-00a0c91bc942" Id="dc954dd9-3983-394a-85ca-3e9759280882">
		<BuildDependency Project="ZERO_CHECK.vcxproj"/>
		<Build Solution="Debug|*" Project="false"/>
		<Build Solution="Release|*" Project="false"/>
		<Build Solution="MinSizeRel|*" Project="false"/>
		<Build Solution="RelWithDebInfo|*" Project="false"/>
	</Project>
	<Project Path="Samples/SCNEdit/ScnEdit.vcxproj" Type="8bc9ceb8-8b4a-11d0-8d11-00a0c91bc942" Id="b323a424-db73-3c6c-bcfb-a038a43507ac">
		<BuildDependency Project="Projects/Skylicht/Audio/Audio.vcxproj"/>
		<BuildDependency Project="Projects/Bullet3/src/Bullet3Common/Bullet3Common.vcxproj"/>
		<BuildDependency Project="Projects/Bullet3/src/BulletCollision/BulletCollision.vcxproj"/>
		<BuildDependency Project="Projects/Bullet3/src/BulletDynamics/BulletDynamics.vcxproj"/>
		<BuildDependency Project="Projects/Bullet3/src/BulletInverseDynamics/BulletInverseDynamics.vcxproj"/>
		<BuildDependency Project="Projects/Bullet3/src/BulletSoftBody/BulletSoftBody.vcxproj"/>
		<BuildDependency Project="Projects/Skylicht/Client/Client.vcxproj"/>
		<BuildDependency Project="Projects/Skylicht/Collision/Collision.vcxproj"/>
		<BuildDependency Project="Projects/Skylicht/Components/Components.vcxproj"/>
		<BuildDependency Project="Projects/Skylicht/Crypto/CryptoLib.vcxproj"/>
		<BuildDependency Project="Projects/Skylicht/Engine/Engine.vcxproj"/>
		<BuildDependency Project="Projects/Skylicht/Graph/Graph.vcxproj"/>
		<BuildDependency Project="Projects/Imgui/Imgui.vcxproj"/>
		<BuildDependency Project="Projects/Irrlicht/Irrlicht.vcxproj"/>
		<BuildDependency Project="Projects/Skylicht/Lightmapper/Lightmapper.vcxproj"/>
		<BuildDependency Project="Projects/Bullet3/src/LinearMath/LinearMath.vcxproj"/>
		<BuildDependency Project="Projects/Skylicht/Network/Network.vcxproj"/>
		<BuildDependency Project="Projects/Skylicht/Physics/Physics.vcxproj"/>
		<BuildDependency Project="Projects/SpineCpp/SpineRuntimes.vcxproj"/>
		<BuildDependency Project="Projects/Skylicht/System/System.vcxproj"/>
		<BuildDependency Project="Projects/ThirdParty/ThirdParty.vcxproj"/>
		<BuildDependency Project="Projects/Skylicht/UserInterface/UserInterface.vcxproj"/>
		<BuildDependency Project="ZERO_CHECK.vcxproj"/>
	</Project>
	<Project Path="Projects/SpineCpp/SpineRuntimes.vcxproj" Type="8bc9ceb8-8b4a-11d0-8d11-00a0c91bc942" Id="032de3ec-629f-3475-8ceb-24ee277ec1ea">
		<BuildDependency Project="Projects/Skylicht/Audio/Audio.vcxproj"/>
		<BuildDependency Project="Projects/Skylicht/Engine/Engine.vcxproj"/>
		<BuildDependency Project="Projects/Irrlicht/Irrlicht.vcxproj"/>
		<BuildDependency Project="Projects/Skylicht/System/System.vcxproj"/>
		<BuildDependency Project="Projects/ThirdParty/ThirdParty.vcxproj"/>
		<BuildDependency Project="ZERO_CHECK.vcxproj"/>
	</Project>
	<Project Path="Projects/Skylicht/System/System.vcxproj" Type="8bc9ceb8-8b4a-11d0-8d11-00a0c91bc942" Id="f30c7461-3260-3f03-915b-f2ae1e6c9407">
		<BuildDependency Project="ZERO_CHECK.vcxproj"/>
	</Project>
	<Project Path="UnitTest/TestApp/TestApp.vcxproj" Type="8bc9ceb8-8b4a-11d0-8d11-00a0c91bc942" Id="2614dd72-fd93-32a8-b644-fe094e9d9cdc">
		<BuildDependency Project="Projects/Skylicht/Audio/Audio.vcxproj"/>
		<BuildDependency Project="Projects/Bullet3/src/Bullet3Common/Bullet3Common.vcxproj"/>
		<BuildDependency Project="Projects/Bullet3/src/BulletCollision/BulletCollision.vcxproj"/>
		<BuildDependency Project="Projects/Bullet3/src/BulletDynamics/BulletDynamics.vcxproj"/>
		<BuildDependency Project="Projects/Bullet3/src/BulletInverseDynamics/BulletInverseDynamics.vcxproj"/>
		<BuildDependency Project="Projects/Bullet3/src/BulletSoftBody/BulletSoftBody.vcxproj"/>
		<BuildDependency Project="Projects/Skylicht/Client/Client.vcxproj"/>
		<BuildDependency Project="Projects/Skylicht/Collision/Collision.vcxproj"/>
		<BuildDependency Project="Projects/Skylicht/Components/Components.vcxproj"/>
		<BuildDependency Project="Projects/Skylicht/Crypto/CryptoLib.vcxproj"/>
		<BuildDependency Project="Projects/Skylicht/Engine/Engine.vcxproj"/>
		<BuildDependency Project="Projects/Skylicht/Graph/Graph.vcxproj"/>
		<BuildDependency Project="Projects/Irrlicht/Irrlicht.vcxproj"/>
		<BuildDependency Project="Projects/Skylicht/Lightmapper/Lightmapper.vcxproj"/>
		<BuildDependency Project="Projects/Bullet3/src/LinearMath/LinearMath.vcxproj"/>
		<BuildDependency Project="Projects/Skylicht/Network/Network.vcxproj"/>
		<BuildDependency Project="Projects/Skylicht/Physics/Physics.vcxproj"/>
		<BuildDependency Project="Projects/Skylicht/System/System.vcxproj"/>
		<BuildDependency Project="Projects/ThirdParty/ThirdParty.vcxproj"/>
		<BuildDependency Project="Projects/Skylicht/UserInterface/UserInterface.vcxproj"/>
		<BuildDependency Project="ZERO_CHECK.vcxproj"/>
	</Project>
	<Project Path="Projects/ThirdParty/ThirdParty.vcxproj" Type="8bc9ceb8-8b4a-11d0-8d11-00a0c91bc942" Id="202c2cc1-6833-30f5-960d-d2a8e7b5736a">
		<BuildDependency Project="ZERO_CHECK.vcxproj"/>
	</Project>
	<Project Path="Projects/Skylicht/UserInterface/UserInterface.vcxproj" Type="8bc9ceb8-8b4a-11d0-8d11-00a0c91bc942" Id="1dccbfa2-6706-3605-a7fe-3b7d92061b2c">
		<BuildDependency Project="Projects/Skylicht/Audio/Audio.vcxproj"/>
		<BuildDependency Project="Projects/Skylicht/Engine/Engine.vcxproj"/>
		<BuildDependency Project="Projects/Irrlicht/Irrlicht.vcxproj"/>
		<BuildDependency Project="Projects/Skylicht/System/System.vcxproj"/>
		<BuildDependency Project="Projects/ThirdParty/ThirdParty.vcxproj"/>
		<BuildDependency Project="ZERO_CHECK.vcxproj"/>
	</Project>
	<Project Path="ZERO_CHECK.vcxproj" Type="8bc9ceb8-8b4a-11d0-8d11-00a0c91bc942" Id="dfd5c4bf-3c2f-39fe-9c32-75326bea1ba5"/>
</Solution>
