<?xml version="1.0" encoding="utf-8"?>
<Project ToolsVersion="17.0" xmlns="http://schemas.microsoft.com/developer/msbuild/2003">
  <ItemGroup>
    <ClCompile Include="C:\Users\maxbe\Documents\Swat3\skylicht-engine\UnitTest\TestApp\CApp.cpp">
      <Filter>Source Files</Filter>
    </ClCompile>
    <ClCompile Include="C:\Users\maxbe\Documents\Swat3\skylicht-engine\UnitTest\TestApp\TestApp.cpp">
      <Filter>Source Files</Filter>
    </ClCompile>
    <ClCompile Include="C:\Users\maxbe\Documents\Swat3\skylicht-engine\UnitTest\TestApp\TestComponentSystem.cpp">
      <Filter>Source Files</Filter>
    </ClCompile>
    <ClCompile Include="C:\Users\maxbe\Documents\Swat3\skylicht-engine\UnitTest\TestApp\TestCoreUtils.cpp">
      <Filter>Source Files</Filter>
    </ClCompile>
    <ClCompile Include="C:\Users\maxbe\Documents\Swat3\skylicht-engine\UnitTest\TestApp\TestMemoryStream.cpp">
      <Filter>Source Files</Filter>
    </ClCompile>
    <ClCompile Include="C:\Users\maxbe\Documents\Swat3\skylicht-engine\UnitTest\TestApp\TestRenderSystem.cpp">
      <Filter>Source Files</Filter>
    </ClCompile>
    <ClCompile Include="C:\Users\maxbe\Documents\Swat3\skylicht-engine\UnitTest\TestApp\TestScene.cpp">
      <Filter>Source Files</Filter>
    </ClCompile>
    <ClCompile Include="C:\Users\maxbe\Documents\Swat3\skylicht-engine\UnitTest\TestApp\TestSpreadsheet.cpp">
      <Filter>Source Files</Filter>
    </ClCompile>
    <ClCompile Include="C:\Users\maxbe\Documents\Swat3\skylicht-engine\UnitTest\TestApp\TestSystemThread.cpp">
      <Filter>Source Files</Filter>
    </ClCompile>
    <ClCompile Include="C:\Users\maxbe\Documents\Swat3\skylicht-engine\UnitTest\TestApp\TestTransform.cpp">
      <Filter>Source Files</Filter>
    </ClCompile>
  </ItemGroup>
  <ItemGroup>
    <ClInclude Include="C:\Users\maxbe\Documents\Swat3\skylicht-engine\UnitTest\TestApp\CApp.h">
      <Filter>Header Files</Filter>
    </ClInclude>
    <ClInclude Include="C:\Users\maxbe\Documents\Swat3\skylicht-engine\UnitTest\TestApp\TestComponentSystem.h">
      <Filter>Header Files</Filter>
    </ClInclude>
    <ClInclude Include="C:\Users\maxbe\Documents\Swat3\skylicht-engine\UnitTest\TestApp\TestCoreUtils.h">
      <Filter>Header Files</Filter>
    </ClInclude>
    <ClInclude Include="C:\Users\maxbe\Documents\Swat3\skylicht-engine\UnitTest\TestApp\TestMemoryStream.h">
      <Filter>Header Files</Filter>
    </ClInclude>
    <ClInclude Include="C:\Users\maxbe\Documents\Swat3\skylicht-engine\UnitTest\TestApp\TestRenderSystem.h">
      <Filter>Header Files</Filter>
    </ClInclude>
    <ClInclude Include="C:\Users\maxbe\Documents\Swat3\skylicht-engine\UnitTest\TestApp\TestScene.h">
      <Filter>Header Files</Filter>
    </ClInclude>
    <ClInclude Include="C:\Users\maxbe\Documents\Swat3\skylicht-engine\UnitTest\TestApp\TestSpreadsheet.h">
      <Filter>Header Files</Filter>
    </ClInclude>
    <ClInclude Include="C:\Users\maxbe\Documents\Swat3\skylicht-engine\UnitTest\TestApp\TestSystemThread.h">
      <Filter>Header Files</Filter>
    </ClInclude>
    <ClInclude Include="C:\Users\maxbe\Documents\Swat3\skylicht-engine\UnitTest\TestApp\TestTransform.h">
      <Filter>Header Files</Filter>
    </ClInclude>
  </ItemGroup>
  <ItemGroup>
    <CustomBuild Include="C:\Users\maxbe\Documents\Swat3\skylicht-engine\UnitTest\TestApp\CMakeLists.txt" />
  </ItemGroup>
  <ItemGroup>
    <Filter Include="Header Files">
      <UniqueIdentifier>{9119C534-6ACE-30FC-BD46-345FB1DE394C}</UniqueIdentifier>
    </Filter>
    <Filter Include="Source Files">
      <UniqueIdentifier>{D56E17FC-EE4C-3060-A119-B1C2BCD04571}</UniqueIdentifier>
    </Filter>
  </ItemGroup>
</Project>
