<?xml version="1.0" encoding="utf-8"?>
<Project ToolsVersion="17.0" xmlns="http://schemas.microsoft.com/developer/msbuild/2003">
  <ItemGroup>
    <ClCompile Include="C:\Users\maxbe\Documents\Swat3\skylicht-engine\Projects\Skylicht\Audio\AudioDebugLog.cpp">
      <Filter>Source Files</Filter>
    </ClCompile>
    <ClCompile Include="C:\Users\maxbe\Documents\Swat3\skylicht-engine\Projects\Skylicht\Audio\Decoder\CAudioDecoderMp3.cpp">
      <Filter>Decoder</Filter>
    </ClCompile>
    <ClCompile Include="C:\Users\maxbe\Documents\Swat3\skylicht-engine\Projects\Skylicht\Audio\Decoder\CAudioDecoderRawWav.cpp">
      <Filter>Decoder</Filter>
    </ClCompile>
    <ClCompile Include="C:\Users\maxbe\Documents\Swat3\skylicht-engine\Projects\Skylicht\Audio\Decoder\CAudioDecoderWav.cpp">
      <Filter>Decoder</Filter>
    </ClCompile>
    <ClCompile Include="C:\Users\maxbe\Documents\Swat3\skylicht-engine\Projects\Skylicht\Audio\Decoder\CWavSubDecoderIMAADPCM.cpp">
      <Filter>Decoder</Filter>
    </ClCompile>
    <ClCompile Include="C:\Users\maxbe\Documents\Swat3\skylicht-engine\Projects\Skylicht\Audio\Decoder\CWavSubDecoderMSADPCM.cpp">
      <Filter>Decoder</Filter>
    </ClCompile>
    <ClCompile Include="C:\Users\maxbe\Documents\Swat3\skylicht-engine\Projects\Skylicht\Audio\Decoder\CWavSubDecoderPCM.cpp">
      <Filter>Decoder</Filter>
    </ClCompile>
    <ClCompile Include="C:\Users\maxbe\Documents\Swat3\skylicht-engine\Projects\Skylicht\Audio\Driver\CDriverAudioUnit.cpp">
      <Filter>Driver</Filter>
    </ClCompile>
    <ClCompile Include="C:\Users\maxbe\Documents\Swat3\skylicht-engine\Projects\Skylicht\Audio\Driver\CDriverMMSystem.cpp">
      <Filter>Driver</Filter>
    </ClCompile>
    <ClCompile Include="C:\Users\maxbe\Documents\Swat3\skylicht-engine\Projects\Skylicht\Audio\Driver\CDriverNull.cpp">
      <Filter>Driver</Filter>
    </ClCompile>
    <ClCompile Include="C:\Users\maxbe\Documents\Swat3\skylicht-engine\Projects\Skylicht\Audio\Driver\CDriverOpenAL.cpp">
      <Filter>Driver</Filter>
    </ClCompile>
    <ClCompile Include="C:\Users\maxbe\Documents\Swat3\skylicht-engine\Projects\Skylicht\Audio\Driver\CDriverOpenSL.cpp">
      <Filter>Driver</Filter>
    </ClCompile>
    <ClCompile Include="C:\Users\maxbe\Documents\Swat3\skylicht-engine\Projects\Skylicht\Audio\Driver\CDriverXAudio2.cpp">
      <Filter>Driver</Filter>
    </ClCompile>
    <ClCompile Include="C:\Users\maxbe\Documents\Swat3\skylicht-engine\Projects\Skylicht\Audio\Driver\CSoundSource.cpp">
      <Filter>Driver</Filter>
    </ClCompile>
    <ClCompile Include="C:\Users\maxbe\Documents\Swat3\skylicht-engine\Projects\Skylicht\Audio\Driver\ISoundDrvierImp.cpp">
      <Filter>Driver</Filter>
    </ClCompile>
    <ClCompile Include="C:\Users\maxbe\Documents\Swat3\skylicht-engine\Projects\Skylicht\Audio\Engine\CAudioEmiter.cpp">
      <Filter>Engine</Filter>
    </ClCompile>
    <ClCompile Include="C:\Users\maxbe\Documents\Swat3\skylicht-engine\Projects\Skylicht\Audio\Engine\CAudioEngine.cpp">
      <Filter>Engine</Filter>
    </ClCompile>
    <ClCompile Include="C:\Users\maxbe\Documents\Swat3\skylicht-engine\Projects\Skylicht\Audio\Engine\CAudioReader.cpp">
      <Filter>Engine</Filter>
    </ClCompile>
    <ClCompile Include="C:\Users\maxbe\Documents\Swat3\skylicht-engine\Projects\Skylicht\Audio\Engine\CStreamFactory.cpp">
      <Filter>Engine</Filter>
    </ClCompile>
    <ClCompile Include="C:\Users\maxbe\Documents\Swat3\skylicht-engine\Projects\Skylicht\Audio\Stream\CFileStream.cpp">
      <Filter>Stream</Filter>
    </ClCompile>
    <ClCompile Include="C:\Users\maxbe\Documents\Swat3\skylicht-engine\Projects\Skylicht\Audio\Stream\CMemoryStream.cpp">
      <Filter>Stream</Filter>
    </ClCompile>
    <ClCompile Include="C:\Users\maxbe\Documents\Swat3\skylicht-engine\Projects\Skylicht\Audio\Stream\COnlineMemoryStream.cpp">
      <Filter>Stream</Filter>
    </ClCompile>
    <ClCompile Include="C:\Users\maxbe\Documents\Swat3\skylicht-engine\Projects\Skylicht\Audio\stdafx.cpp">
      <Filter>Source Files</Filter>
    </ClCompile>
  </ItemGroup>
  <ItemGroup>
    <ClInclude Include="C:\Users\maxbe\Documents\Swat3\skylicht-engine\Projects\Skylicht\Audio\AudioDebugLog.h">
      <Filter>Header Files</Filter>
    </ClInclude>
    <ClInclude Include="C:\Users\maxbe\Documents\Swat3\skylicht-engine\Projects\Skylicht\Audio\Decoder\CAudioDecoderMp3.h">
      <Filter>Decoder</Filter>
    </ClInclude>
    <ClInclude Include="C:\Users\maxbe\Documents\Swat3\skylicht-engine\Projects\Skylicht\Audio\Decoder\CAudioDecoderRawWav.h">
      <Filter>Decoder</Filter>
    </ClInclude>
    <ClInclude Include="C:\Users\maxbe\Documents\Swat3\skylicht-engine\Projects\Skylicht\Audio\Decoder\CAudioDecoderWav.h">
      <Filter>Decoder</Filter>
    </ClInclude>
    <ClInclude Include="C:\Users\maxbe\Documents\Swat3\skylicht-engine\Projects\Skylicht\Audio\Decoder\CWavSubDecoderIMAADPCM.h">
      <Filter>Decoder</Filter>
    </ClInclude>
    <ClInclude Include="C:\Users\maxbe\Documents\Swat3\skylicht-engine\Projects\Skylicht\Audio\Decoder\CWavSubDecoderMSADPCM.h">
      <Filter>Decoder</Filter>
    </ClInclude>
    <ClInclude Include="C:\Users\maxbe\Documents\Swat3\skylicht-engine\Projects\Skylicht\Audio\Decoder\CWavSubDecoderPCM.h">
      <Filter>Decoder</Filter>
    </ClInclude>
    <ClInclude Include="C:\Users\maxbe\Documents\Swat3\skylicht-engine\Projects\Skylicht\Audio\Decoder\IAudioDecoder.h">
      <Filter>Decoder</Filter>
    </ClInclude>
    <ClInclude Include="C:\Users\maxbe\Documents\Swat3\skylicht-engine\Projects\Skylicht\Audio\Decoder\IWavSubDecoder.h">
      <Filter>Decoder</Filter>
    </ClInclude>
    <ClInclude Include="C:\Users\maxbe\Documents\Swat3\skylicht-engine\Projects\Skylicht\Audio\Decoder\WavHeader.h">
      <Filter>Decoder</Filter>
    </ClInclude>
    <ClInclude Include="C:\Users\maxbe\Documents\Swat3\skylicht-engine\Projects\Skylicht\Audio\Driver\CDriverAudioUnit.h">
      <Filter>Driver</Filter>
    </ClInclude>
    <ClInclude Include="C:\Users\maxbe\Documents\Swat3\skylicht-engine\Projects\Skylicht\Audio\Driver\CDriverMMSystem.h">
      <Filter>Driver</Filter>
    </ClInclude>
    <ClInclude Include="C:\Users\maxbe\Documents\Swat3\skylicht-engine\Projects\Skylicht\Audio\Driver\CDriverNull.h">
      <Filter>Driver</Filter>
    </ClInclude>
    <ClInclude Include="C:\Users\maxbe\Documents\Swat3\skylicht-engine\Projects\Skylicht\Audio\Driver\CDriverOpenAL.h">
      <Filter>Driver</Filter>
    </ClInclude>
    <ClInclude Include="C:\Users\maxbe\Documents\Swat3\skylicht-engine\Projects\Skylicht\Audio\Driver\CDriverOpenSL.h">
      <Filter>Driver</Filter>
    </ClInclude>
    <ClInclude Include="C:\Users\maxbe\Documents\Swat3\skylicht-engine\Projects\Skylicht\Audio\Driver\CDriverXAudio2.h">
      <Filter>Driver</Filter>
    </ClInclude>
    <ClInclude Include="C:\Users\maxbe\Documents\Swat3\skylicht-engine\Projects\Skylicht\Audio\Driver\CSoundSource.h">
      <Filter>Driver</Filter>
    </ClInclude>
    <ClInclude Include="C:\Users\maxbe\Documents\Swat3\skylicht-engine\Projects\Skylicht\Audio\Driver\ISoundDriver.h">
      <Filter>Driver</Filter>
    </ClInclude>
    <ClInclude Include="C:\Users\maxbe\Documents\Swat3\skylicht-engine\Projects\Skylicht\Audio\Driver\ISoundSource.h">
      <Filter>Driver</Filter>
    </ClInclude>
    <ClInclude Include="C:\Users\maxbe\Documents\Swat3\skylicht-engine\Projects\Skylicht\Audio\Engine\CAudioEmitter.h">
      <Filter>Engine</Filter>
    </ClInclude>
    <ClInclude Include="C:\Users\maxbe\Documents\Swat3\skylicht-engine\Projects\Skylicht\Audio\Engine\CAudioEngine.h">
      <Filter>Engine</Filter>
    </ClInclude>
    <ClInclude Include="C:\Users\maxbe\Documents\Swat3\skylicht-engine\Projects\Skylicht\Audio\Engine\CAudioReader.h">
      <Filter>Engine</Filter>
    </ClInclude>
    <ClInclude Include="C:\Users\maxbe\Documents\Swat3\skylicht-engine\Projects\Skylicht\Audio\Engine\CStreamFactory.h">
      <Filter>Engine</Filter>
    </ClInclude>
    <ClInclude Include="C:\Users\maxbe\Documents\Swat3\skylicht-engine\Projects\Skylicht\Audio\SkylichtAudio.h">
      <Filter>Header Files</Filter>
    </ClInclude>
    <ClInclude Include="C:\Users\maxbe\Documents\Swat3\skylicht-engine\Projects\Skylicht\Audio\SkylichtAudioAPI.h">
      <Filter>Header Files</Filter>
    </ClInclude>
    <ClInclude Include="C:\Users\maxbe\Documents\Swat3\skylicht-engine\Projects\Skylicht\Audio\SkylichtAudioConfig.h">
      <Filter>Header Files</Filter>
    </ClInclude>
    <ClInclude Include="C:\Users\maxbe\Documents\Swat3\skylicht-engine\Projects\Skylicht\Audio\Stream\CFileStream.h">
      <Filter>Stream</Filter>
    </ClInclude>
    <ClInclude Include="C:\Users\maxbe\Documents\Swat3\skylicht-engine\Projects\Skylicht\Audio\Stream\CMemoryStream.h">
      <Filter>Stream</Filter>
    </ClInclude>
    <ClInclude Include="C:\Users\maxbe\Documents\Swat3\skylicht-engine\Projects\Skylicht\Audio\Stream\COnlineMemoryStream.h">
      <Filter>Stream</Filter>
    </ClInclude>
    <ClInclude Include="C:\Users\maxbe\Documents\Swat3\skylicht-engine\Projects\Skylicht\Audio\Stream\IStream.h">
      <Filter>Stream</Filter>
    </ClInclude>
    <ClInclude Include="C:\Users\maxbe\Documents\Swat3\skylicht-engine\Projects\Skylicht\Audio\Stream\IStreamFactory.h">
      <Filter>Stream</Filter>
    </ClInclude>
    <ClInclude Include="C:\Users\maxbe\Documents\Swat3\skylicht-engine\Projects\Skylicht\Audio\stdafx.h">
      <Filter>Header Files</Filter>
    </ClInclude>
    <ClInclude Include="C:\Users\maxbe\Documents\Swat3\skylicht-engine\Projects\Skylicht\Audio\targetver.h">
      <Filter>Header Files</Filter>
    </ClInclude>
  </ItemGroup>
  <ItemGroup>
    <CustomBuild Include="C:\Users\maxbe\Documents\Swat3\skylicht-engine\Projects\Skylicht\Audio\CMakeLists.txt" />
  </ItemGroup>
  <ItemGroup>
    <Filter Include="Decoder">
      <UniqueIdentifier>{435EA3E5-0695-3B45-8564-BA1058A8AB21}</UniqueIdentifier>
    </Filter>
    <Filter Include="Driver">
      <UniqueIdentifier>{079153D4-FDD9-3F97-AF8F-D554A1930175}</UniqueIdentifier>
    </Filter>
    <Filter Include="Engine">
      <UniqueIdentifier>{F1C61629-55A5-34F6-88C8-5615E8C316D6}</UniqueIdentifier>
    </Filter>
    <Filter Include="Header Files">
      <UniqueIdentifier>{9119C534-6ACE-30FC-BD46-345FB1DE394C}</UniqueIdentifier>
    </Filter>
    <Filter Include="Source Files">
      <UniqueIdentifier>{D56E17FC-EE4C-3060-A119-B1C2BCD04571}</UniqueIdentifier>
    </Filter>
    <Filter Include="Stream">
      <UniqueIdentifier>{5DC0EAF7-E18F-3524-A5BC-004BB5527C40}</UniqueIdentifier>
    </Filter>
  </ItemGroup>
</Project>
