<?xml version="1.0" encoding="utf-8"?>
<Project ToolsVersion="17.0" xmlns="http://schemas.microsoft.com/developer/msbuild/2003">
  <ItemGroup>
    <ClCompile Include="C:\Users\maxbe\Documents\Swat3\skylicht-engine\Projects\Editor\Source\Activator\CEditorActivator.cpp">
      <Filter>Source\Activator</Filter>
    </ClCompile>
    <ClCompile Include="C:\Users\maxbe\Documents\Swat3\skylicht-engine\Projects\Editor\Source\AssetManager\CAssetImporter.cpp">
      <Filter>Source\AssetManager</Filter>
    </ClCompile>
    <ClCompile Include="C:\Users\maxbe\Documents\Swat3\skylicht-engine\Projects\Editor\Source\AssetManager\CAssetManager.cpp">
      <Filter>Source\AssetManager</Filter>
    </ClCompile>
    <ClCompile Include="C:\Users\maxbe\Documents\Swat3\skylicht-engine\Projects\Editor\Source\AssetManager\CAssetWatcher.cpp">
      <Filter>Source\AssetManager</Filter>
    </ClCompile>
    <ClCompile Include="C:\Users\maxbe\Documents\Swat3\skylicht-engine\Projects\Editor\Source\CopyPaste\CCopyPaste.cpp">
      <Filter>Source\CopyPaste</Filter>
    </ClCompile>
    <ClCompile Include="C:\Users\maxbe\Documents\Swat3\skylicht-engine\Projects\Editor\Source\CopyPaste\CCopyPasteUI.cpp">
      <Filter>Source\CopyPaste</Filter>
    </ClCompile>
    <ClCompile Include="C:\Users\maxbe\Documents\Swat3\skylicht-engine\Projects\Editor\Source\Editor\AssetEditor\CAssetEditor.cpp">
      <Filter>Source\Editor\AssetEditor</Filter>
    </ClCompile>
    <ClCompile Include="C:\Users\maxbe\Documents\Swat3\skylicht-engine\Projects\Editor\Source\Editor\AssetEditor\CFontEditor.cpp">
      <Filter>Source\Editor\AssetEditor</Filter>
    </ClCompile>
    <ClCompile Include="C:\Users\maxbe\Documents\Swat3\skylicht-engine\Projects\Editor\Source\Editor\AssetEditor\CMatEditor.cpp">
      <Filter>Source\Editor\AssetEditor</Filter>
    </ClCompile>
    <ClCompile Include="C:\Users\maxbe\Documents\Swat3\skylicht-engine\Projects\Editor\Source\Editor\AssetEditor\CMeshEditor.cpp">
      <Filter>Source\Editor\AssetEditor</Filter>
    </ClCompile>
    <ClCompile Include="C:\Users\maxbe\Documents\Swat3\skylicht-engine\Projects\Editor\Source\Editor\AssetEditor\CSpriteEditor.cpp">
      <Filter>Source\Editor\AssetEditor</Filter>
    </ClCompile>
    <ClCompile Include="C:\Users\maxbe\Documents\Swat3\skylicht-engine\Projects\Editor\Source\Editor\CEditor.cpp">
      <Filter>Source\Editor</Filter>
    </ClCompile>
    <ClCompile Include="C:\Users\maxbe\Documents\Swat3\skylicht-engine\Projects\Editor\Source\Editor\CEditorSetting.cpp">
      <Filter>Source\Editor</Filter>
    </ClCompile>
    <ClCompile Include="C:\Users\maxbe\Documents\Swat3\skylicht-engine\Projects\Editor\Source\Editor\Components\CComponentEditor.cpp">
      <Filter>Source\Editor\Components</Filter>
    </ClCompile>
    <ClCompile Include="C:\Users\maxbe\Documents\Swat3\skylicht-engine\Projects\Editor\Source\Editor\Components\CEngineEditor.cpp">
      <Filter>Source\Editor\Components</Filter>
    </ClCompile>
    <ClCompile Include="C:\Users\maxbe\Documents\Swat3\skylicht-engine\Projects\Editor\Source\Editor\Components\CGameObjectEditor.cpp">
      <Filter>Source\Editor\Components</Filter>
    </ClCompile>
    <ClCompile Include="C:\Users\maxbe\Documents\Swat3\skylicht-engine\Projects\Editor\Source\Editor\Components\CZoneEditor.cpp">
      <Filter>Source\Editor\Components</Filter>
    </ClCompile>
    <ClCompile Include="C:\Users\maxbe\Documents\Swat3\skylicht-engine\Projects\Editor\Source\Editor\Components\Default\CDefaultEditor.cpp">
      <Filter>Source\Editor\Components\Default</Filter>
    </ClCompile>
    <ClCompile Include="C:\Users\maxbe\Documents\Swat3\skylicht-engine\Projects\Editor\Source\Editor\Components\LightProbes\CLightProbesEditor.cpp">
      <Filter>Source\Editor\Components\LightProbes</Filter>
    </ClCompile>
    <ClCompile Include="C:\Users\maxbe\Documents\Swat3\skylicht-engine\Projects\Editor\Source\Editor\Components\MeshRenderer\CRenderMeshEditor.cpp">
      <Filter>Source\Editor\Components\MeshRenderer</Filter>
    </ClCompile>
    <ClCompile Include="C:\Users\maxbe\Documents\Swat3\skylicht-engine\Projects\Editor\Source\Editor\Components\MeshRenderer\CRenderMeshInstancingEditor.cpp">
      <Filter>Source\Editor\Components\MeshRenderer</Filter>
    </ClCompile>
    <ClCompile Include="C:\Users\maxbe\Documents\Swat3\skylicht-engine\Projects\Editor\Source\Editor\Components\ReflectionProbe\CReflectionProbeEditor.cpp">
      <Filter>Source\Editor\Components\ReflectionProbe</Filter>
    </ClCompile>
    <ClCompile Include="C:\Users\maxbe\Documents\Swat3\skylicht-engine\Projects\Editor\Source\Editor\Components\RigidBody\CRigidBodyEditor.cpp">
      <Filter>Source\Editor\Components\RigidBody</Filter>
    </ClCompile>
    <ClCompile Include="C:\Users\maxbe\Documents\Swat3\skylicht-engine\Projects\Editor\Source\Editor\Components\Transform\CTransformEditor.cpp">
      <Filter>Source\Editor\Components\Transform</Filter>
    </ClCompile>
    <ClCompile Include="C:\Users\maxbe\Documents\Swat3\skylicht-engine\Projects\Editor\Source\Editor\EntityData\CEntityDataEditor.cpp">
      <Filter>Source\Editor\EntityData</Filter>
    </ClCompile>
    <ClCompile Include="C:\Users\maxbe\Documents\Swat3\skylicht-engine\Projects\Editor\Source\Editor\EntityData\WorldTransform\CWorldTransformDataEditor.cpp">
      <Filter>Source\Editor\EntityData\WorldTransform</Filter>
    </ClCompile>
    <ClCompile Include="C:\Users\maxbe\Documents\Swat3\skylicht-engine\Projects\Editor\Source\Editor\GUIEditor\CGUIEditor.cpp">
      <Filter>Source\Editor\GUIEditor</Filter>
    </ClCompile>
    <ClCompile Include="C:\Users\maxbe\Documents\Swat3\skylicht-engine\Projects\Editor\Source\Editor\GUIEditor\CGUIElementEditor.cpp">
      <Filter>Source\Editor\GUIEditor</Filter>
    </ClCompile>
    <ClCompile Include="C:\Users\maxbe\Documents\Swat3\skylicht-engine\Projects\Editor\Source\Editor\GUIEditor\CGUINativeSizeEditor.cpp">
      <Filter>Source\Editor\GUIEditor</Filter>
    </ClCompile>
    <ClCompile Include="C:\Users\maxbe\Documents\Swat3\skylicht-engine\Projects\Editor\Source\Editor\Gizmos\CGizmos.cpp">
      <Filter>Source\Editor\Gizmos</Filter>
    </ClCompile>
    <ClCompile Include="C:\Users\maxbe\Documents\Swat3\skylicht-engine\Projects\Editor\Source\Editor\Gizmos\GUITransform\CGUITransformGizmos.cpp">
      <Filter>Source\Editor\Gizmos\GUITransform</Filter>
    </ClCompile>
    <ClCompile Include="C:\Users\maxbe\Documents\Swat3\skylicht-engine\Projects\Editor\Source\Editor\Gizmos\Transform\CTransformGizmos.cpp">
      <Filter>Source\Editor\Gizmos\Transform</Filter>
    </ClCompile>
    <ClCompile Include="C:\Users\maxbe\Documents\Swat3\skylicht-engine\Projects\Editor\Source\Editor\Gizmos\Transform\CWorldTransformDataGizmos.cpp">
      <Filter>Source\Editor\Gizmos\Transform</Filter>
    </ClCompile>
    <ClCompile Include="C:\Users\maxbe\Documents\Swat3\skylicht-engine\Projects\Editor\Source\Editor\SerializableEditor\CSerializableEditor.cpp">
      <Filter>Source\Editor\SerializableEditor</Filter>
    </ClCompile>
    <ClCompile Include="C:\Users\maxbe\Documents\Swat3\skylicht-engine\Projects\Editor\Source\Editor\Space\ApplyTemplate\CSpaceApplyTemplate.cpp">
      <Filter>Source\Editor\Space\ApplyTemplate</Filter>
    </ClCompile>
    <ClCompile Include="C:\Users\maxbe\Documents\Swat3\skylicht-engine\Projects\Editor\Source\Editor\Space\Assets\CContextMenuAdd.cpp">
      <Filter>Source\Editor\Space\Assets</Filter>
    </ClCompile>
    <ClCompile Include="C:\Users\maxbe\Documents\Swat3\skylicht-engine\Projects\Editor\Source\Editor\Space\Assets\CContextMenuFS.cpp">
      <Filter>Source\Editor\Space\Assets</Filter>
    </ClCompile>
    <ClCompile Include="C:\Users\maxbe\Documents\Swat3\skylicht-engine\Projects\Editor\Source\Editor\Space\Assets\CListFSController.cpp">
      <Filter>Source\Editor\Space\Assets</Filter>
    </ClCompile>
    <ClCompile Include="C:\Users\maxbe\Documents\Swat3\skylicht-engine\Projects\Editor\Source\Editor\Space\Assets\CSearchAssetController.cpp">
      <Filter>Source\Editor\Space\Assets</Filter>
    </ClCompile>
    <ClCompile Include="C:\Users\maxbe\Documents\Swat3\skylicht-engine\Projects\Editor\Source\Editor\Space\Assets\CSpaceAssets.cpp">
      <Filter>Source\Editor\Space\Assets</Filter>
    </ClCompile>
    <ClCompile Include="C:\Users\maxbe\Documents\Swat3\skylicht-engine\Projects\Editor\Source\Editor\Space\Assets\CTreeFSController.cpp">
      <Filter>Source\Editor\Space\Assets</Filter>
    </ClCompile>
    <ClCompile Include="C:\Users\maxbe\Documents\Swat3\skylicht-engine\Projects\Editor\Source\Editor\Space\CSpace.cpp">
      <Filter>Source\Editor\Space</Filter>
    </ClCompile>
    <ClCompile Include="C:\Users\maxbe\Documents\Swat3\skylicht-engine\Projects\Editor\Source\Editor\Space\CSpaceLoading.cpp">
      <Filter>Source\Editor\Space</Filter>
    </ClCompile>
    <ClCompile Include="C:\Users\maxbe\Documents\Swat3\skylicht-engine\Projects\Editor\Source\Editor\Space\Console\CSpaceConsole.cpp">
      <Filter>Source\Editor\Space\Console</Filter>
    </ClCompile>
    <ClCompile Include="C:\Users\maxbe\Documents\Swat3\skylicht-engine\Projects\Editor\Source\Editor\Space\GUIDesign\CCanvasSettingController.cpp">
      <Filter>Source\Editor\Space\GUIDesign</Filter>
    </ClCompile>
    <ClCompile Include="C:\Users\maxbe\Documents\Swat3\skylicht-engine\Projects\Editor\Source\Editor\Space\GUIDesign\CSpaceGUIDesign.cpp">
      <Filter>Source\Editor\Space\GUIDesign</Filter>
    </ClCompile>
    <ClCompile Include="C:\Users\maxbe\Documents\Swat3\skylicht-engine\Projects\Editor\Source\Editor\Space\GUIHierarchy\CGUIHierachyContextMenu.cpp">
      <Filter>Source\Editor\Space\GUIHierarchy</Filter>
    </ClCompile>
    <ClCompile Include="C:\Users\maxbe\Documents\Swat3\skylicht-engine\Projects\Editor\Source\Editor\Space\GUIHierarchy\CGUIHierachyNode.cpp">
      <Filter>Source\Editor\Space\GUIHierarchy</Filter>
    </ClCompile>
    <ClCompile Include="C:\Users\maxbe\Documents\Swat3\skylicht-engine\Projects\Editor\Source\Editor\Space\GUIHierarchy\CGUIHierarchyController.cpp">
      <Filter>Source\Editor\Space\GUIHierarchy</Filter>
    </ClCompile>
    <ClCompile Include="C:\Users\maxbe\Documents\Swat3\skylicht-engine\Projects\Editor\Source\Editor\Space\GUIHierarchy\CSpaceGUIHierarchy.cpp">
      <Filter>Source\Editor\Space\GUIHierarchy</Filter>
    </ClCompile>
    <ClCompile Include="C:\Users\maxbe\Documents\Swat3\skylicht-engine\Projects\Editor\Source\Editor\Space\GoogleMap\CDownloadGMapThread.cpp">
      <Filter>Source\Editor\Space\GoogleMap</Filter>
    </ClCompile>
    <ClCompile Include="C:\Users\maxbe\Documents\Swat3\skylicht-engine\Projects\Editor\Source\Editor\Space\GoogleMap\CSpaceExportGMap.cpp">
      <Filter>Source\Editor\Space\GoogleMap</Filter>
    </ClCompile>
    <ClCompile Include="C:\Users\maxbe\Documents\Swat3\skylicht-engine\Projects\Editor\Source\Editor\Space\GoogleMap\CSpaceGMap.cpp">
      <Filter>Source\Editor\Space\GoogleMap</Filter>
    </ClCompile>
    <ClCompile Include="C:\Users\maxbe\Documents\Swat3\skylicht-engine\Projects\Editor\Source\Editor\Space\GoogleMap\DownloadMap.cpp">
      <Filter>Source\Editor\Space\GoogleMap</Filter>
    </ClCompile>
    <ClCompile Include="C:\Users\maxbe\Documents\Swat3\skylicht-engine\Projects\Editor\Source\Editor\Space\GoogleMap\GMapUtils.cpp">
      <Filter>Source\Editor\Space\GoogleMap</Filter>
    </ClCompile>
    <ClCompile Include="C:\Users\maxbe\Documents\Swat3\skylicht-engine\Projects\Editor\Source\Editor\Space\Hierarchy\CHierachyContextMenu.cpp">
      <Filter>Source\Editor\Space\Hierarchy</Filter>
    </ClCompile>
    <ClCompile Include="C:\Users\maxbe\Documents\Swat3\skylicht-engine\Projects\Editor\Source\Editor\Space\Hierarchy\CHierachyNode.cpp">
      <Filter>Source\Editor\Space\Hierarchy</Filter>
    </ClCompile>
    <ClCompile Include="C:\Users\maxbe\Documents\Swat3\skylicht-engine\Projects\Editor\Source\Editor\Space\Hierarchy\CHierarchyController.cpp">
      <Filter>Source\Editor\Space\Hierarchy</Filter>
    </ClCompile>
    <ClCompile Include="C:\Users\maxbe\Documents\Swat3\skylicht-engine\Projects\Editor\Source\Editor\Space\Hierarchy\CSpaceHierarchy.cpp">
      <Filter>Source\Editor\Space\Hierarchy</Filter>
    </ClCompile>
    <ClCompile Include="C:\Users\maxbe\Documents\Swat3\skylicht-engine\Projects\Editor\Source\Editor\Space\Import\CSpaceImport.cpp">
      <Filter>Source\Editor\Space\Import</Filter>
    </ClCompile>
    <ClCompile Include="C:\Users\maxbe\Documents\Swat3\skylicht-engine\Projects\Editor\Source\Editor\Space\LoadScene\CSpaceLoadScene.cpp">
      <Filter>Source\Editor\Space\LoadScene</Filter>
    </ClCompile>
    <ClCompile Include="C:\Users\maxbe\Documents\Swat3\skylicht-engine\Projects\Editor\Source\Editor\Space\ProjectSettings\CLayerNameUI.cpp">
      <Filter>Source\Editor\Space\ProjectSettings</Filter>
    </ClCompile>
    <ClCompile Include="C:\Users\maxbe\Documents\Swat3\skylicht-engine\Projects\Editor\Source\Editor\Space\ProjectSettings\CSpaceProjectSettings.cpp">
      <Filter>Source\Editor\Space\ProjectSettings</Filter>
    </ClCompile>
    <ClCompile Include="C:\Users\maxbe\Documents\Swat3\skylicht-engine\Projects\Editor\Source\Editor\Space\Property\CAddComponentController.cpp">
      <Filter>Source\Editor\Space\Property</Filter>
    </ClCompile>
    <ClCompile Include="C:\Users\maxbe\Documents\Swat3\skylicht-engine\Projects\Editor\Source\Editor\Space\Property\CSpaceProperty.cpp">
      <Filter>Source\Editor\Space\Property</Filter>
    </ClCompile>
    <ClCompile Include="C:\Users\maxbe\Documents\Swat3\skylicht-engine\Projects\Editor\Source\Editor\Space\Scene\CCameraSettingController.cpp">
      <Filter>Source\Editor\Space\Scene</Filter>
    </ClCompile>
    <ClCompile Include="C:\Users\maxbe\Documents\Swat3\skylicht-engine\Projects\Editor\Source\Editor\Space\Scene\CSnapSettingController.cpp">
      <Filter>Source\Editor\Space\Scene</Filter>
    </ClCompile>
    <ClCompile Include="C:\Users\maxbe\Documents\Swat3\skylicht-engine\Projects\Editor\Source\Editor\Space\Scene\CSpaceScene.cpp">
      <Filter>Source\Editor\Space\Scene</Filter>
    </ClCompile>
    <ClCompile Include="C:\Users\maxbe\Documents\Swat3\skylicht-engine\Projects\Editor\Source\Editor\Space\Scene\CViewpointController.cpp">
      <Filter>Source\Editor\Space\Scene</Filter>
    </ClCompile>
    <ClCompile Include="C:\Users\maxbe\Documents\Swat3\skylicht-engine\Projects\Editor\Source\Editor\Space\Sprite\CSpaceExportSprite.cpp">
      <Filter>Source\Editor\Space\Sprite</Filter>
    </ClCompile>
    <ClCompile Include="C:\Users\maxbe\Documents\Swat3\skylicht-engine\Projects\Editor\Source\Editor\Space\Sprite\CSpaceSprite.cpp">
      <Filter>Source\Editor\Space\Sprite</Filter>
    </ClCompile>
    <ClCompile Include="C:\Users\maxbe\Documents\Swat3\skylicht-engine\Projects\Editor\Source\Editor\SpaceController\CAssetCreateController.cpp">
      <Filter>Source\Editor\SpaceController</Filter>
    </ClCompile>
    <ClCompile Include="C:\Users\maxbe\Documents\Swat3\skylicht-engine\Projects\Editor\Source\Editor\SpaceController\CAssetPropertyController.cpp">
      <Filter>Source\Editor\SpaceController</Filter>
    </ClCompile>
    <ClCompile Include="C:\Users\maxbe\Documents\Swat3\skylicht-engine\Projects\Editor\Source\Editor\SpaceController\CContextMenuGUIElement.cpp">
      <Filter>Source\Editor\SpaceController</Filter>
    </ClCompile>
    <ClCompile Include="C:\Users\maxbe\Documents\Swat3\skylicht-engine\Projects\Editor\Source\Editor\SpaceController\CContextMenuScene.cpp">
      <Filter>Source\Editor\SpaceController</Filter>
    </ClCompile>
    <ClCompile Include="C:\Users\maxbe\Documents\Swat3\skylicht-engine\Projects\Editor\Source\Editor\SpaceController\CGUIDesignController.cpp">
      <Filter>Source\Editor\SpaceController</Filter>
    </ClCompile>
    <ClCompile Include="C:\Users\maxbe\Documents\Swat3\skylicht-engine\Projects\Editor\Source\Editor\SpaceController\CPropertyController.cpp">
      <Filter>Source\Editor\SpaceController</Filter>
    </ClCompile>
    <ClCompile Include="C:\Users\maxbe\Documents\Swat3\skylicht-engine\Projects\Editor\Source\Editor\SpaceController\CSceneController.cpp">
      <Filter>Source\Editor\SpaceController</Filter>
    </ClCompile>
    <ClCompile Include="C:\Users\maxbe\Documents\Swat3\skylicht-engine\Projects\Editor\Source\Editor\SpaceController\CSpriteController.cpp">
      <Filter>Source\Editor\SpaceController</Filter>
    </ClCompile>
    <ClCompile Include="C:\Users\maxbe\Documents\Swat3\skylicht-engine\Projects\Editor\Source\FileWatcher\FileWatcher.cpp">
      <Filter>Source\FileWatcher</Filter>
    </ClCompile>
    <ClCompile Include="C:\Users\maxbe\Documents\Swat3\skylicht-engine\Projects\Editor\Source\FileWatcher\FileWatcherLinux.cpp">
      <Filter>Source\FileWatcher</Filter>
    </ClCompile>
    <ClCompile Include="C:\Users\maxbe\Documents\Swat3\skylicht-engine\Projects\Editor\Source\FileWatcher\FileWatcherOSX.cpp">
      <Filter>Source\FileWatcher</Filter>
    </ClCompile>
    <ClCompile Include="C:\Users\maxbe\Documents\Swat3\skylicht-engine\Projects\Editor\Source\FileWatcher\FileWatcherWin32.cpp">
      <Filter>Source\FileWatcher</Filter>
    </ClCompile>
    <ClCompile Include="C:\Users\maxbe\Documents\Swat3\skylicht-engine\Projects\Editor\Source\GizmosComponents\CGizmosComponent.cpp">
      <Filter>Source\GizmosComponents</Filter>
    </ClCompile>
    <ClCompile Include="C:\Users\maxbe\Documents\Swat3\skylicht-engine\Projects\Editor\Source\GizmosComponents\Gizmos\CGizmosData.cpp">
      <Filter>Source\GizmosComponents\Gizmos</Filter>
    </ClCompile>
    <ClCompile Include="C:\Users\maxbe\Documents\Swat3\skylicht-engine\Projects\Editor\Source\GizmosComponents\Gizmos\CGizmosRenderer.cpp">
      <Filter>Source\GizmosComponents\Gizmos</Filter>
    </ClCompile>
    <ClCompile Include="C:\Users\maxbe\Documents\Swat3\skylicht-engine\Projects\Editor\Source\GizmosComponents\Handles\CGUIHandlesRenderer.cpp">
      <Filter>Source\GizmosComponents\Handles</Filter>
    </ClCompile>
    <ClCompile Include="C:\Users\maxbe\Documents\Swat3\skylicht-engine\Projects\Editor\Source\GizmosComponents\Handles\CHandlesData.cpp">
      <Filter>Source\GizmosComponents\Handles</Filter>
    </ClCompile>
    <ClCompile Include="C:\Users\maxbe\Documents\Swat3\skylicht-engine\Projects\Editor\Source\GizmosComponents\Handles\CHandlesRenderer.cpp">
      <Filter>Source\GizmosComponents\Handles</Filter>
    </ClCompile>
    <ClCompile Include="C:\Users\maxbe\Documents\Swat3\skylicht-engine\Projects\Editor\Source\GizmosComponents\Light\DirectionLight\CGDirectionLight.cpp">
      <Filter>Source\GizmosComponents\Light\DirectionLight</Filter>
    </ClCompile>
    <ClCompile Include="C:\Users\maxbe\Documents\Swat3\skylicht-engine\Projects\Editor\Source\GizmosComponents\Light\PointLight\CGPointLight.cpp">
      <Filter>Source\GizmosComponents\Light\PointLight</Filter>
    </ClCompile>
    <ClCompile Include="C:\Users\maxbe\Documents\Swat3\skylicht-engine\Projects\Editor\Source\GizmosComponents\Light\SpotLight\CGSpotLight.cpp">
      <Filter>Source\GizmosComponents\Light\SpotLight</Filter>
    </ClCompile>
    <ClCompile Include="C:\Users\maxbe\Documents\Swat3\skylicht-engine\Projects\Editor\Source\GizmosComponents\LightProbes\CGLightProbes.cpp">
      <Filter>Source\GizmosComponents\LightProbes</Filter>
    </ClCompile>
    <ClCompile Include="C:\Users\maxbe\Documents\Swat3\skylicht-engine\Projects\Editor\Source\GizmosComponents\Primitives\CGPrimitives.cpp">
      <Filter>Source\GizmosComponents\Primitives</Filter>
    </ClCompile>
    <ClCompile Include="C:\Users\maxbe\Documents\Swat3\skylicht-engine\Projects\Editor\Source\GizmosComponents\ReflectionProbe\CGReflectionProbe.cpp">
      <Filter>Source\GizmosComponents\ReflectionProbe</Filter>
    </ClCompile>
    <ClCompile Include="C:\Users\maxbe\Documents\Swat3\skylicht-engine\Projects\Editor\Source\GizmosComponents\RenderMesh\CGRenderMesh.cpp">
      <Filter>Source\GizmosComponents\RenderMesh</Filter>
    </ClCompile>
    <ClCompile Include="C:\Users\maxbe\Documents\Swat3\skylicht-engine\Projects\Editor\Source\GizmosComponents\RenderMeshInstancing\CGRenderMeshInstancing.cpp">
      <Filter>Source\GizmosComponents\RenderMeshInstancing</Filter>
    </ClCompile>
    <ClCompile Include="C:\Users\maxbe\Documents\Swat3\skylicht-engine\Projects\Editor\Source\GizmosComponents\SelectObject\CSelectObjectData.cpp">
      <Filter>Source\GizmosComponents\SelectObject</Filter>
    </ClCompile>
    <ClCompile Include="C:\Users\maxbe\Documents\Swat3\skylicht-engine\Projects\Editor\Source\GizmosComponents\SelectObject\CSelectObjectSystem.cpp">
      <Filter>Source\GizmosComponents\SelectObject</Filter>
    </ClCompile>
    <ClCompile Include="C:\Users\maxbe\Documents\Swat3\skylicht-engine\Projects\Editor\Source\GizmosComponents\Viewpoint\CViewpoint.cpp">
      <Filter>Source\GizmosComponents\Viewpoint</Filter>
    </ClCompile>
    <ClCompile Include="C:\Users\maxbe\Documents\Swat3\skylicht-engine\Projects\Editor\Source\GizmosComponents\Viewpoint\CViewpointData.cpp">
      <Filter>Source\GizmosComponents\Viewpoint</Filter>
    </ClCompile>
    <ClCompile Include="C:\Users\maxbe\Documents\Swat3\skylicht-engine\Projects\Editor\Source\GizmosComponents\Viewpoint\CViewpointRenderer.cpp">
      <Filter>Source\GizmosComponents\Viewpoint</Filter>
    </ClCompile>
    <ClCompile Include="C:\Users\maxbe\Documents\Swat3\skylicht-engine\Projects\Editor\Source\Handles\CGUIHandles.cpp">
      <Filter>Source\Handles</Filter>
    </ClCompile>
    <ClCompile Include="C:\Users\maxbe\Documents\Swat3\skylicht-engine\Projects\Editor\Source\Handles\CHandles.cpp">
      <Filter>Source\Handles</Filter>
    </ClCompile>
    <ClCompile Include="C:\Users\maxbe\Documents\Swat3\skylicht-engine\Projects\Editor\Source\History\CGUIEditorHistory.cpp">
      <Filter>Source\History</Filter>
    </ClCompile>
    <ClCompile Include="C:\Users\maxbe\Documents\Swat3\skylicht-engine\Projects\Editor\Source\History\CHistory.cpp">
      <Filter>Source\History</Filter>
    </ClCompile>
    <ClCompile Include="C:\Users\maxbe\Documents\Swat3\skylicht-engine\Projects\Editor\Source\History\CSceneHistory.cpp">
      <Filter>Source\History</Filter>
    </ClCompile>
    <ClCompile Include="C:\Users\maxbe\Documents\Swat3\skylicht-engine\Projects\Editor\Source\HitTest2D\CHitTest2D.cpp">
      <Filter>Source\HitTest2D</Filter>
    </ClCompile>
    <ClCompile Include="C:\Users\maxbe\Documents\Swat3\skylicht-engine\Projects\Editor\Source\ProjectSettings\CObjectLayer.cpp">
      <Filter>Source\ProjectSettings</Filter>
    </ClCompile>
    <ClCompile Include="C:\Users\maxbe\Documents\Swat3\skylicht-engine\Projects\Editor\Source\ProjectSettings\CProjectSettings.cpp">
      <Filter>Source\ProjectSettings</Filter>
    </ClCompile>
    <ClCompile Include="C:\Users\maxbe\Documents\Swat3\skylicht-engine\Projects\Editor\Source\Reactive\ISubject.cpp">
      <Filter>Source\Reactive</Filter>
    </ClCompile>
    <ClCompile Include="C:\Users\maxbe\Documents\Swat3\skylicht-engine\Projects\Editor\Source\ResourceSettings\MeshExportSettings.cpp">
      <Filter>Source\ResourceSettings</Filter>
    </ClCompile>
    <ClCompile Include="C:\Users\maxbe\Documents\Swat3\skylicht-engine\Projects\Editor\Source\ResourceSettings\SpriteExportSettings.cpp">
      <Filter>Source\ResourceSettings</Filter>
    </ClCompile>
    <ClCompile Include="C:\Users\maxbe\Documents\Swat3\skylicht-engine\Projects\Editor\Source\Selection\CGUISelecting.cpp">
      <Filter>Source\Selection</Filter>
    </ClCompile>
    <ClCompile Include="C:\Users\maxbe\Documents\Swat3\skylicht-engine\Projects\Editor\Source\Selection\CSelectObject.cpp">
      <Filter>Source\Selection</Filter>
    </ClCompile>
    <ClCompile Include="C:\Users\maxbe\Documents\Swat3\skylicht-engine\Projects\Editor\Source\Selection\CSelecting.cpp">
      <Filter>Source\Selection</Filter>
    </ClCompile>
    <ClCompile Include="C:\Users\maxbe\Documents\Swat3\skylicht-engine\Projects\Editor\Source\Selection\CSelection.cpp">
      <Filter>Source\Selection</Filter>
    </ClCompile>
    <ClCompile Include="C:\Users\maxbe\Documents\Swat3\skylicht-engine\Projects\Editor\Source\SkylichtEditor.cpp">
      <Filter>Source</Filter>
    </ClCompile>
    <ClCompile Include="C:\Users\maxbe\Documents\Swat3\skylicht-engine\Projects\Main\pch.cpp">
      <Filter>Source Files</Filter>
    </ClCompile>
    <ClCompile Include="C:\Users\maxbe\Documents\Swat3\skylicht-engine\Projects\Main\Platforms\Win32\MainW32.cpp">
      <Filter>Source Files</Filter>
    </ClCompile>
  </ItemGroup>
  <ItemGroup>
    <ClInclude Include="C:\Users\maxbe\Documents\Swat3\skylicht-engine\Projects\Editor\Source\Activator\CEditorActivator.h">
      <Filter>Source\Activator</Filter>
    </ClInclude>
    <ClInclude Include="C:\Users\maxbe\Documents\Swat3\skylicht-engine\Projects\Editor\Source\AssetManager\CAssetImporter.h">
      <Filter>Source\AssetManager</Filter>
    </ClInclude>
    <ClInclude Include="C:\Users\maxbe\Documents\Swat3\skylicht-engine\Projects\Editor\Source\AssetManager\CAssetManager.h">
      <Filter>Source\AssetManager</Filter>
    </ClInclude>
    <ClInclude Include="C:\Users\maxbe\Documents\Swat3\skylicht-engine\Projects\Editor\Source\AssetManager\CAssetWatcher.h">
      <Filter>Source\AssetManager</Filter>
    </ClInclude>
    <ClInclude Include="C:\Users\maxbe\Documents\Swat3\skylicht-engine\Projects\Editor\Source\CopyPaste\CCopyPaste.h">
      <Filter>Source\CopyPaste</Filter>
    </ClInclude>
    <ClInclude Include="C:\Users\maxbe\Documents\Swat3\skylicht-engine\Projects\Editor\Source\CopyPaste\CCopyPasteUI.h">
      <Filter>Source\CopyPaste</Filter>
    </ClInclude>
    <ClInclude Include="C:\Users\maxbe\Documents\Swat3\skylicht-engine\Projects\Editor\Source\Editor\AssetEditor\CAssetEditor.h">
      <Filter>Source\Editor\AssetEditor</Filter>
    </ClInclude>
    <ClInclude Include="C:\Users\maxbe\Documents\Swat3\skylicht-engine\Projects\Editor\Source\Editor\AssetEditor\CFontEditor.h">
      <Filter>Source\Editor\AssetEditor</Filter>
    </ClInclude>
    <ClInclude Include="C:\Users\maxbe\Documents\Swat3\skylicht-engine\Projects\Editor\Source\Editor\AssetEditor\CMatEditor.h">
      <Filter>Source\Editor\AssetEditor</Filter>
    </ClInclude>
    <ClInclude Include="C:\Users\maxbe\Documents\Swat3\skylicht-engine\Projects\Editor\Source\Editor\AssetEditor\CMeshEditor.h">
      <Filter>Source\Editor\AssetEditor</Filter>
    </ClInclude>
    <ClInclude Include="C:\Users\maxbe\Documents\Swat3\skylicht-engine\Projects\Editor\Source\Editor\AssetEditor\CSpriteEditor.h">
      <Filter>Source\Editor\AssetEditor</Filter>
    </ClInclude>
    <ClInclude Include="C:\Users\maxbe\Documents\Swat3\skylicht-engine\Projects\Editor\Source\Editor\CEditor.h">
      <Filter>Source\Editor</Filter>
    </ClInclude>
    <ClInclude Include="C:\Users\maxbe\Documents\Swat3\skylicht-engine\Projects\Editor\Source\Editor\CEditorSetting.h">
      <Filter>Source\Editor</Filter>
    </ClInclude>
    <ClInclude Include="C:\Users\maxbe\Documents\Swat3\skylicht-engine\Projects\Editor\Source\Editor\Components\CComponentEditor.h">
      <Filter>Source\Editor\Components</Filter>
    </ClInclude>
    <ClInclude Include="C:\Users\maxbe\Documents\Swat3\skylicht-engine\Projects\Editor\Source\Editor\Components\CGameObjectEditor.h">
      <Filter>Source\Editor\Components</Filter>
    </ClInclude>
    <ClInclude Include="C:\Users\maxbe\Documents\Swat3\skylicht-engine\Projects\Editor\Source\Editor\Components\CZoneEditor.h">
      <Filter>Source\Editor\Components</Filter>
    </ClInclude>
    <ClInclude Include="C:\Users\maxbe\Documents\Swat3\skylicht-engine\Projects\Editor\Source\Editor\Components\Default\CDefaultEditor.h">
      <Filter>Source\Editor\Components\Default</Filter>
    </ClInclude>
    <ClInclude Include="C:\Users\maxbe\Documents\Swat3\skylicht-engine\Projects\Editor\Source\Editor\Components\LightProbes\CLightProbesEditor.h">
      <Filter>Source\Editor\Components\LightProbes</Filter>
    </ClInclude>
    <ClInclude Include="C:\Users\maxbe\Documents\Swat3\skylicht-engine\Projects\Editor\Source\Editor\Components\MeshRenderer\CRenderMeshEditor.h">
      <Filter>Source\Editor\Components\MeshRenderer</Filter>
    </ClInclude>
    <ClInclude Include="C:\Users\maxbe\Documents\Swat3\skylicht-engine\Projects\Editor\Source\Editor\Components\MeshRenderer\CRenderMeshInstancingEditor.h">
      <Filter>Source\Editor\Components\MeshRenderer</Filter>
    </ClInclude>
    <ClInclude Include="C:\Users\maxbe\Documents\Swat3\skylicht-engine\Projects\Editor\Source\Editor\Components\ReflectionProbe\CReflectionProbeEditor.h">
      <Filter>Source\Editor\Components\ReflectionProbe</Filter>
    </ClInclude>
    <ClInclude Include="C:\Users\maxbe\Documents\Swat3\skylicht-engine\Projects\Editor\Source\Editor\Components\RigidBody\CRigidBodyEditor.h">
      <Filter>Source\Editor\Components\RigidBody</Filter>
    </ClInclude>
    <ClInclude Include="C:\Users\maxbe\Documents\Swat3\skylicht-engine\Projects\Editor\Source\Editor\Components\Transform\CTransformEditor.h">
      <Filter>Source\Editor\Components\Transform</Filter>
    </ClInclude>
    <ClInclude Include="C:\Users\maxbe\Documents\Swat3\skylicht-engine\Projects\Editor\Source\Editor\EntityData\CEntityDataEditor.h">
      <Filter>Source\Editor\EntityData</Filter>
    </ClInclude>
    <ClInclude Include="C:\Users\maxbe\Documents\Swat3\skylicht-engine\Projects\Editor\Source\Editor\EntityData\WorldTransform\CWorldTransformDataEditor.h">
      <Filter>Source\Editor\EntityData\WorldTransform</Filter>
    </ClInclude>
    <ClInclude Include="C:\Users\maxbe\Documents\Swat3\skylicht-engine\Projects\Editor\Source\Editor\GUIEditor\CGUIEditor.h">
      <Filter>Source\Editor\GUIEditor</Filter>
    </ClInclude>
    <ClInclude Include="C:\Users\maxbe\Documents\Swat3\skylicht-engine\Projects\Editor\Source\Editor\GUIEditor\CGUIElementEditor.h">
      <Filter>Source\Editor\GUIEditor</Filter>
    </ClInclude>
    <ClInclude Include="C:\Users\maxbe\Documents\Swat3\skylicht-engine\Projects\Editor\Source\Editor\GUIEditor\CGUINativeSizeEditor.h">
      <Filter>Source\Editor\GUIEditor</Filter>
    </ClInclude>
    <ClInclude Include="C:\Users\maxbe\Documents\Swat3\skylicht-engine\Projects\Editor\Source\Editor\Gizmos\CGizmos.h">
      <Filter>Source\Editor\Gizmos</Filter>
    </ClInclude>
    <ClInclude Include="C:\Users\maxbe\Documents\Swat3\skylicht-engine\Projects\Editor\Source\Editor\Gizmos\GUITransform\CGUITransformGizmos.h">
      <Filter>Source\Editor\Gizmos\GUITransform</Filter>
    </ClInclude>
    <ClInclude Include="C:\Users\maxbe\Documents\Swat3\skylicht-engine\Projects\Editor\Source\Editor\Gizmos\Transform\CTransformGizmos.h">
      <Filter>Source\Editor\Gizmos\Transform</Filter>
    </ClInclude>
    <ClInclude Include="C:\Users\maxbe\Documents\Swat3\skylicht-engine\Projects\Editor\Source\Editor\Gizmos\Transform\CWorldTransformDataGizmos.h">
      <Filter>Source\Editor\Gizmos\Transform</Filter>
    </ClInclude>
    <ClInclude Include="C:\Users\maxbe\Documents\Swat3\skylicht-engine\Projects\Editor\Source\Editor\SerializableEditor\CSerializableEditor.h">
      <Filter>Source\Editor\SerializableEditor</Filter>
    </ClInclude>
    <ClInclude Include="C:\Users\maxbe\Documents\Swat3\skylicht-engine\Projects\Editor\Source\Editor\Space\ApplyTemplate\CSpaceApplyTemplate.h">
      <Filter>Source\Editor\Space\ApplyTemplate</Filter>
    </ClInclude>
    <ClInclude Include="C:\Users\maxbe\Documents\Swat3\skylicht-engine\Projects\Editor\Source\Editor\Space\Assets\CContextMenuAdd.h">
      <Filter>Source\Editor\Space\Assets</Filter>
    </ClInclude>
    <ClInclude Include="C:\Users\maxbe\Documents\Swat3\skylicht-engine\Projects\Editor\Source\Editor\Space\Assets\CContextMenuFS.h">
      <Filter>Source\Editor\Space\Assets</Filter>
    </ClInclude>
    <ClInclude Include="C:\Users\maxbe\Documents\Swat3\skylicht-engine\Projects\Editor\Source\Editor\Space\Assets\CListFSController.h">
      <Filter>Source\Editor\Space\Assets</Filter>
    </ClInclude>
    <ClInclude Include="C:\Users\maxbe\Documents\Swat3\skylicht-engine\Projects\Editor\Source\Editor\Space\Assets\CSearchAssetController.h">
      <Filter>Source\Editor\Space\Assets</Filter>
    </ClInclude>
    <ClInclude Include="C:\Users\maxbe\Documents\Swat3\skylicht-engine\Projects\Editor\Source\Editor\Space\Assets\CSpaceAssets.h">
      <Filter>Source\Editor\Space\Assets</Filter>
    </ClInclude>
    <ClInclude Include="C:\Users\maxbe\Documents\Swat3\skylicht-engine\Projects\Editor\Source\Editor\Space\Assets\CTreeFSController.h">
      <Filter>Source\Editor\Space\Assets</Filter>
    </ClInclude>
    <ClInclude Include="C:\Users\maxbe\Documents\Swat3\skylicht-engine\Projects\Editor\Source\Editor\Space\CSpace.h">
      <Filter>Source\Editor\Space</Filter>
    </ClInclude>
    <ClInclude Include="C:\Users\maxbe\Documents\Swat3\skylicht-engine\Projects\Editor\Source\Editor\Space\CSpaceLoading.h">
      <Filter>Source\Editor\Space</Filter>
    </ClInclude>
    <ClInclude Include="C:\Users\maxbe\Documents\Swat3\skylicht-engine\Projects\Editor\Source\Editor\Space\Console\CSpaceConsole.h">
      <Filter>Source\Editor\Space\Console</Filter>
    </ClInclude>
    <ClInclude Include="C:\Users\maxbe\Documents\Swat3\skylicht-engine\Projects\Editor\Source\Editor\Space\GUIDesign\CCanvasSettingController.h">
      <Filter>Source\Editor\Space\GUIDesign</Filter>
    </ClInclude>
    <ClInclude Include="C:\Users\maxbe\Documents\Swat3\skylicht-engine\Projects\Editor\Source\Editor\Space\GUIDesign\CSpaceGUIDesign.h">
      <Filter>Source\Editor\Space\GUIDesign</Filter>
    </ClInclude>
    <ClInclude Include="C:\Users\maxbe\Documents\Swat3\skylicht-engine\Projects\Editor\Source\Editor\Space\GUIHierarchy\CGUIHierachyContextMenu.h">
      <Filter>Source\Editor\Space\GUIHierarchy</Filter>
    </ClInclude>
    <ClInclude Include="C:\Users\maxbe\Documents\Swat3\skylicht-engine\Projects\Editor\Source\Editor\Space\GUIHierarchy\CGUIHierachyNode.h">
      <Filter>Source\Editor\Space\GUIHierarchy</Filter>
    </ClInclude>
    <ClInclude Include="C:\Users\maxbe\Documents\Swat3\skylicht-engine\Projects\Editor\Source\Editor\Space\GUIHierarchy\CGUIHierarchyController.h">
      <Filter>Source\Editor\Space\GUIHierarchy</Filter>
    </ClInclude>
    <ClInclude Include="C:\Users\maxbe\Documents\Swat3\skylicht-engine\Projects\Editor\Source\Editor\Space\GUIHierarchy\CSpaceGUIHierarchy.h">
      <Filter>Source\Editor\Space\GUIHierarchy</Filter>
    </ClInclude>
    <ClInclude Include="C:\Users\maxbe\Documents\Swat3\skylicht-engine\Projects\Editor\Source\Editor\Space\GoogleMap\CDownloadGMapThread.h">
      <Filter>Source\Editor\Space\GoogleMap</Filter>
    </ClInclude>
    <ClInclude Include="C:\Users\maxbe\Documents\Swat3\skylicht-engine\Projects\Editor\Source\Editor\Space\GoogleMap\CSpaceExportGMap.h">
      <Filter>Source\Editor\Space\GoogleMap</Filter>
    </ClInclude>
    <ClInclude Include="C:\Users\maxbe\Documents\Swat3\skylicht-engine\Projects\Editor\Source\Editor\Space\GoogleMap\CSpaceGMap.h">
      <Filter>Source\Editor\Space\GoogleMap</Filter>
    </ClInclude>
    <ClInclude Include="C:\Users\maxbe\Documents\Swat3\skylicht-engine\Projects\Editor\Source\Editor\Space\GoogleMap\DownloadMap.h">
      <Filter>Source\Editor\Space\GoogleMap</Filter>
    </ClInclude>
    <ClInclude Include="C:\Users\maxbe\Documents\Swat3\skylicht-engine\Projects\Editor\Source\Editor\Space\GoogleMap\GMapUtils.h">
      <Filter>Source\Editor\Space\GoogleMap</Filter>
    </ClInclude>
    <ClInclude Include="C:\Users\maxbe\Documents\Swat3\skylicht-engine\Projects\Editor\Source\Editor\Space\Hierarchy\CHierachyContextMenu.h">
      <Filter>Source\Editor\Space\Hierarchy</Filter>
    </ClInclude>
    <ClInclude Include="C:\Users\maxbe\Documents\Swat3\skylicht-engine\Projects\Editor\Source\Editor\Space\Hierarchy\CHierachyNode.h">
      <Filter>Source\Editor\Space\Hierarchy</Filter>
    </ClInclude>
    <ClInclude Include="C:\Users\maxbe\Documents\Swat3\skylicht-engine\Projects\Editor\Source\Editor\Space\Hierarchy\CHierarchyController.h">
      <Filter>Source\Editor\Space\Hierarchy</Filter>
    </ClInclude>
    <ClInclude Include="C:\Users\maxbe\Documents\Swat3\skylicht-engine\Projects\Editor\Source\Editor\Space\Hierarchy\CSpaceHierarchy.h">
      <Filter>Source\Editor\Space\Hierarchy</Filter>
    </ClInclude>
    <ClInclude Include="C:\Users\maxbe\Documents\Swat3\skylicht-engine\Projects\Editor\Source\Editor\Space\Import\CSpaceImport.h">
      <Filter>Source\Editor\Space\Import</Filter>
    </ClInclude>
    <ClInclude Include="C:\Users\maxbe\Documents\Swat3\skylicht-engine\Projects\Editor\Source\Editor\Space\LoadScene\CSpaceLoadScene.h">
      <Filter>Source\Editor\Space\LoadScene</Filter>
    </ClInclude>
    <ClInclude Include="C:\Users\maxbe\Documents\Swat3\skylicht-engine\Projects\Editor\Source\Editor\Space\ProjectSettings\CLayerNameUI.h">
      <Filter>Source\Editor\Space\ProjectSettings</Filter>
    </ClInclude>
    <ClInclude Include="C:\Users\maxbe\Documents\Swat3\skylicht-engine\Projects\Editor\Source\Editor\Space\ProjectSettings\CProjectSettingUI.h">
      <Filter>Source\Editor\Space\ProjectSettings</Filter>
    </ClInclude>
    <ClInclude Include="C:\Users\maxbe\Documents\Swat3\skylicht-engine\Projects\Editor\Source\Editor\Space\ProjectSettings\CSpaceProjectSettings.h">
      <Filter>Source\Editor\Space\ProjectSettings</Filter>
    </ClInclude>
    <ClInclude Include="C:\Users\maxbe\Documents\Swat3\skylicht-engine\Projects\Editor\Source\Editor\Space\Property\CAddComponentController.h">
      <Filter>Source\Editor\Space\Property</Filter>
    </ClInclude>
    <ClInclude Include="C:\Users\maxbe\Documents\Swat3\skylicht-engine\Projects\Editor\Source\Editor\Space\Property\CSpaceProperty.h">
      <Filter>Source\Editor\Space\Property</Filter>
    </ClInclude>
    <ClInclude Include="C:\Users\maxbe\Documents\Swat3\skylicht-engine\Projects\Editor\Source\Editor\Space\Scene\CCameraSettingController.h">
      <Filter>Source\Editor\Space\Scene</Filter>
    </ClInclude>
    <ClInclude Include="C:\Users\maxbe\Documents\Swat3\skylicht-engine\Projects\Editor\Source\Editor\Space\Scene\CSnapSettingController.h">
      <Filter>Source\Editor\Space\Scene</Filter>
    </ClInclude>
    <ClInclude Include="C:\Users\maxbe\Documents\Swat3\skylicht-engine\Projects\Editor\Source\Editor\Space\Scene\CSpaceScene.h">
      <Filter>Source\Editor\Space\Scene</Filter>
    </ClInclude>
    <ClInclude Include="C:\Users\maxbe\Documents\Swat3\skylicht-engine\Projects\Editor\Source\Editor\Space\Scene\CViewpointController.h">
      <Filter>Source\Editor\Space\Scene</Filter>
    </ClInclude>
    <ClInclude Include="C:\Users\maxbe\Documents\Swat3\skylicht-engine\Projects\Editor\Source\Editor\Space\Sprite\CSpaceExportSprite.h">
      <Filter>Source\Editor\Space\Sprite</Filter>
    </ClInclude>
    <ClInclude Include="C:\Users\maxbe\Documents\Swat3\skylicht-engine\Projects\Editor\Source\Editor\Space\Sprite\CSpaceSprite.h">
      <Filter>Source\Editor\Space\Sprite</Filter>
    </ClInclude>
    <ClInclude Include="C:\Users\maxbe\Documents\Swat3\skylicht-engine\Projects\Editor\Source\Editor\SpaceController\CAssetCreateController.h">
      <Filter>Source\Editor\SpaceController</Filter>
    </ClInclude>
    <ClInclude Include="C:\Users\maxbe\Documents\Swat3\skylicht-engine\Projects\Editor\Source\Editor\SpaceController\CAssetPropertyController.h">
      <Filter>Source\Editor\SpaceController</Filter>
    </ClInclude>
    <ClInclude Include="C:\Users\maxbe\Documents\Swat3\skylicht-engine\Projects\Editor\Source\Editor\SpaceController\CContextMenuGUIElement.h">
      <Filter>Source\Editor\SpaceController</Filter>
    </ClInclude>
    <ClInclude Include="C:\Users\maxbe\Documents\Swat3\skylicht-engine\Projects\Editor\Source\Editor\SpaceController\CContextMenuScene.h">
      <Filter>Source\Editor\SpaceController</Filter>
    </ClInclude>
    <ClInclude Include="C:\Users\maxbe\Documents\Swat3\skylicht-engine\Projects\Editor\Source\Editor\SpaceController\CGUIDesignController.h">
      <Filter>Source\Editor\SpaceController</Filter>
    </ClInclude>
    <ClInclude Include="C:\Users\maxbe\Documents\Swat3\skylicht-engine\Projects\Editor\Source\Editor\SpaceController\CPropertyController.h">
      <Filter>Source\Editor\SpaceController</Filter>
    </ClInclude>
    <ClInclude Include="C:\Users\maxbe\Documents\Swat3\skylicht-engine\Projects\Editor\Source\Editor\SpaceController\CSceneController.h">
      <Filter>Source\Editor\SpaceController</Filter>
    </ClInclude>
    <ClInclude Include="C:\Users\maxbe\Documents\Swat3\skylicht-engine\Projects\Editor\Source\Editor\SpaceController\CSpriteController.h">
      <Filter>Source\Editor\SpaceController</Filter>
    </ClInclude>
    <ClInclude Include="C:\Users\maxbe\Documents\Swat3\skylicht-engine\Projects\Editor\Source\FileWatcher\FileWatcher.h">
      <Filter>Source\FileWatcher</Filter>
    </ClInclude>
    <ClInclude Include="C:\Users\maxbe\Documents\Swat3\skylicht-engine\Projects\Editor\Source\FileWatcher\FileWatcherImpl.h">
      <Filter>Source\FileWatcher</Filter>
    </ClInclude>
    <ClInclude Include="C:\Users\maxbe\Documents\Swat3\skylicht-engine\Projects\Editor\Source\FileWatcher\FileWatcherLinux.h">
      <Filter>Source\FileWatcher</Filter>
    </ClInclude>
    <ClInclude Include="C:\Users\maxbe\Documents\Swat3\skylicht-engine\Projects\Editor\Source\FileWatcher\FileWatcherOSX.h">
      <Filter>Source\FileWatcher</Filter>
    </ClInclude>
    <ClInclude Include="C:\Users\maxbe\Documents\Swat3\skylicht-engine\Projects\Editor\Source\FileWatcher\FileWatcherWin32.h">
      <Filter>Source\FileWatcher</Filter>
    </ClInclude>
    <ClInclude Include="C:\Users\maxbe\Documents\Swat3\skylicht-engine\Projects\Editor\Source\GizmosComponents\CGizmosComponent.h">
      <Filter>Source\GizmosComponents</Filter>
    </ClInclude>
    <ClInclude Include="C:\Users\maxbe\Documents\Swat3\skylicht-engine\Projects\Editor\Source\GizmosComponents\Gizmos\CGizmosData.h">
      <Filter>Source\GizmosComponents\Gizmos</Filter>
    </ClInclude>
    <ClInclude Include="C:\Users\maxbe\Documents\Swat3\skylicht-engine\Projects\Editor\Source\GizmosComponents\Gizmos\CGizmosRenderer.h">
      <Filter>Source\GizmosComponents\Gizmos</Filter>
    </ClInclude>
    <ClInclude Include="C:\Users\maxbe\Documents\Swat3\skylicht-engine\Projects\Editor\Source\GizmosComponents\Handles\CGUIHandlesRenderer.h">
      <Filter>Source\GizmosComponents\Handles</Filter>
    </ClInclude>
    <ClInclude Include="C:\Users\maxbe\Documents\Swat3\skylicht-engine\Projects\Editor\Source\GizmosComponents\Handles\CHandlesData.h">
      <Filter>Source\GizmosComponents\Handles</Filter>
    </ClInclude>
    <ClInclude Include="C:\Users\maxbe\Documents\Swat3\skylicht-engine\Projects\Editor\Source\GizmosComponents\Handles\CHandlesRenderer.h">
      <Filter>Source\GizmosComponents\Handles</Filter>
    </ClInclude>
    <ClInclude Include="C:\Users\maxbe\Documents\Swat3\skylicht-engine\Projects\Editor\Source\GizmosComponents\Light\DirectionLight\CGDirectionLight.h">
      <Filter>Source\GizmosComponents\Light\DirectionLight</Filter>
    </ClInclude>
    <ClInclude Include="C:\Users\maxbe\Documents\Swat3\skylicht-engine\Projects\Editor\Source\GizmosComponents\Light\PointLight\CGPointLight.h">
      <Filter>Source\GizmosComponents\Light\PointLight</Filter>
    </ClInclude>
    <ClInclude Include="C:\Users\maxbe\Documents\Swat3\skylicht-engine\Projects\Editor\Source\GizmosComponents\Light\SpotLight\CGSpotLight.h">
      <Filter>Source\GizmosComponents\Light\SpotLight</Filter>
    </ClInclude>
    <ClInclude Include="C:\Users\maxbe\Documents\Swat3\skylicht-engine\Projects\Editor\Source\GizmosComponents\LightProbes\CGLightProbes.h">
      <Filter>Source\GizmosComponents\LightProbes</Filter>
    </ClInclude>
    <ClInclude Include="C:\Users\maxbe\Documents\Swat3\skylicht-engine\Projects\Editor\Source\GizmosComponents\Primitives\CGPrimitives.h">
      <Filter>Source\GizmosComponents\Primitives</Filter>
    </ClInclude>
    <ClInclude Include="C:\Users\maxbe\Documents\Swat3\skylicht-engine\Projects\Editor\Source\GizmosComponents\ReflectionProbe\CGReflectionProbe.h">
      <Filter>Source\GizmosComponents\ReflectionProbe</Filter>
    </ClInclude>
    <ClInclude Include="C:\Users\maxbe\Documents\Swat3\skylicht-engine\Projects\Editor\Source\GizmosComponents\RenderMesh\CGRenderMesh.h">
      <Filter>Source\GizmosComponents\RenderMesh</Filter>
    </ClInclude>
    <ClInclude Include="C:\Users\maxbe\Documents\Swat3\skylicht-engine\Projects\Editor\Source\GizmosComponents\RenderMeshInstancing\CGRenderMeshInstancing.h">
      <Filter>Source\GizmosComponents\RenderMeshInstancing</Filter>
    </ClInclude>
    <ClInclude Include="C:\Users\maxbe\Documents\Swat3\skylicht-engine\Projects\Editor\Source\GizmosComponents\SelectObject\CSelectObjectData.h">
      <Filter>Source\GizmosComponents\SelectObject</Filter>
    </ClInclude>
    <ClInclude Include="C:\Users\maxbe\Documents\Swat3\skylicht-engine\Projects\Editor\Source\GizmosComponents\SelectObject\CSelectObjectSystem.h">
      <Filter>Source\GizmosComponents\SelectObject</Filter>
    </ClInclude>
    <ClInclude Include="C:\Users\maxbe\Documents\Swat3\skylicht-engine\Projects\Editor\Source\GizmosComponents\Viewpoint\CViewpoint.h">
      <Filter>Source\GizmosComponents\Viewpoint</Filter>
    </ClInclude>
    <ClInclude Include="C:\Users\maxbe\Documents\Swat3\skylicht-engine\Projects\Editor\Source\GizmosComponents\Viewpoint\CViewpointData.h">
      <Filter>Source\GizmosComponents\Viewpoint</Filter>
    </ClInclude>
    <ClInclude Include="C:\Users\maxbe\Documents\Swat3\skylicht-engine\Projects\Editor\Source\GizmosComponents\Viewpoint\CViewpointRenderer.h">
      <Filter>Source\GizmosComponents\Viewpoint</Filter>
    </ClInclude>
    <ClInclude Include="C:\Users\maxbe\Documents\Swat3\skylicht-engine\Projects\Editor\Source\Handles\CGUIHandles.h">
      <Filter>Source\Handles</Filter>
    </ClInclude>
    <ClInclude Include="C:\Users\maxbe\Documents\Swat3\skylicht-engine\Projects\Editor\Source\Handles\CHandles.h">
      <Filter>Source\Handles</Filter>
    </ClInclude>
    <ClInclude Include="C:\Users\maxbe\Documents\Swat3\skylicht-engine\Projects\Editor\Source\History\CGUIEditorHistory.h">
      <Filter>Source\History</Filter>
    </ClInclude>
    <ClInclude Include="C:\Users\maxbe\Documents\Swat3\skylicht-engine\Projects\Editor\Source\History\CHistory.h">
      <Filter>Source\History</Filter>
    </ClInclude>
    <ClInclude Include="C:\Users\maxbe\Documents\Swat3\skylicht-engine\Projects\Editor\Source\History\CSceneHistory.h">
      <Filter>Source\History</Filter>
    </ClInclude>
    <ClInclude Include="C:\Users\maxbe\Documents\Swat3\skylicht-engine\Projects\Editor\Source\HitTest2D\CHitTest2D.h">
      <Filter>Source\HitTest2D</Filter>
    </ClInclude>
    <ClInclude Include="C:\Users\maxbe\Documents\Swat3\skylicht-engine\Projects\Editor\Source\ProjectPath.h">
      <Filter>Source</Filter>
    </ClInclude>
    <ClInclude Include="C:\Users\maxbe\Documents\Swat3\skylicht-engine\Projects\Editor\Source\ProjectSettings\CObjectLayer.h">
      <Filter>Source\ProjectSettings</Filter>
    </ClInclude>
    <ClInclude Include="C:\Users\maxbe\Documents\Swat3\skylicht-engine\Projects\Editor\Source\ProjectSettings\CProjectSettings.h">
      <Filter>Source\ProjectSettings</Filter>
    </ClInclude>
    <ClInclude Include="C:\Users\maxbe\Documents\Swat3\skylicht-engine\Projects\Editor\Source\Reactive\CObserver.h">
      <Filter>Source\Reactive</Filter>
    </ClInclude>
    <ClInclude Include="C:\Users\maxbe\Documents\Swat3\skylicht-engine\Projects\Editor\Source\Reactive\CSubject.h">
      <Filter>Source\Reactive</Filter>
    </ClInclude>
    <ClInclude Include="C:\Users\maxbe\Documents\Swat3\skylicht-engine\Projects\Editor\Source\Reactive\IObserver.h">
      <Filter>Source\Reactive</Filter>
    </ClInclude>
    <ClInclude Include="C:\Users\maxbe\Documents\Swat3\skylicht-engine\Projects\Editor\Source\Reactive\ISubject.h">
      <Filter>Source\Reactive</Filter>
    </ClInclude>
    <ClInclude Include="C:\Users\maxbe\Documents\Swat3\skylicht-engine\Projects\Editor\Source\ResourceSettings\MeshExportSettings.h">
      <Filter>Source\ResourceSettings</Filter>
    </ClInclude>
    <ClInclude Include="C:\Users\maxbe\Documents\Swat3\skylicht-engine\Projects\Editor\Source\ResourceSettings\SpriteExportSettings.h">
      <Filter>Source\ResourceSettings</Filter>
    </ClInclude>
    <ClInclude Include="C:\Users\maxbe\Documents\Swat3\skylicht-engine\Projects\Editor\Source\Selection\CGUISelecting.h">
      <Filter>Source\Selection</Filter>
    </ClInclude>
    <ClInclude Include="C:\Users\maxbe\Documents\Swat3\skylicht-engine\Projects\Editor\Source\Selection\CSelectObject.h">
      <Filter>Source\Selection</Filter>
    </ClInclude>
    <ClInclude Include="C:\Users\maxbe\Documents\Swat3\skylicht-engine\Projects\Editor\Source\Selection\CSelecting.h">
      <Filter>Source\Selection</Filter>
    </ClInclude>
    <ClInclude Include="C:\Users\maxbe\Documents\Swat3\skylicht-engine\Projects\Editor\Source\Selection\CSelection.h">
      <Filter>Source\Selection</Filter>
    </ClInclude>
    <ClInclude Include="C:\Users\maxbe\Documents\Swat3\skylicht-engine\Projects\Editor\Source\SkylichtEditor.h">
      <Filter>Source</Filter>
    </ClInclude>
    <ClInclude Include="C:\Users\maxbe\Documents\Swat3\skylicht-engine\Projects\Editor\Source\Version.h">
      <Filter>Source</Filter>
    </ClInclude>
    <ClInclude Include="C:\Users\maxbe\Documents\Swat3\skylicht-engine\Projects\Main\pch.h">
      <Filter>Header Files</Filter>
    </ClInclude>
    <ClInclude Include="C:\Users\maxbe\Documents\Swat3\skylicht-engine\Projects\Main\Platforms\Win32\Resource.h">
      <Filter>Header Files</Filter>
    </ClInclude>
    <ClInclude Include="C:\Users\maxbe\Documents\Swat3\skylicht-engine\Projects\Main\Platforms\Win32\targetver.h">
      <Filter>Header Files</Filter>
    </ClInclude>
  </ItemGroup>
  <ItemGroup>
    <CustomBuild Include="C:\Users\maxbe\Documents\Swat3\skylicht-engine\Projects\Editor\CMakeLists.txt" />
  </ItemGroup>
  <ItemGroup>
    <ResourceCompile Include="C:\Users\maxbe\Documents\Swat3\skylicht-engine\Projects\Main\Platforms\Win32\Skylicht.rc">
      <Filter>Source Files</Filter>
    </ResourceCompile>
  </ItemGroup>
  <ItemGroup>
    <Filter Include="Header Files">
      <UniqueIdentifier>{9119C534-6ACE-30FC-BD46-345FB1DE394C}</UniqueIdentifier>
    </Filter>
    <Filter Include="Source">
      <UniqueIdentifier>{5D5B940C-FA31-33EF-B24B-DFC2ED083496}</UniqueIdentifier>
    </Filter>
    <Filter Include="Source Files">
      <UniqueIdentifier>{D56E17FC-EE4C-3060-A119-B1C2BCD04571}</UniqueIdentifier>
    </Filter>
    <Filter Include="Source\Activator">
      <UniqueIdentifier>{14E4E0C9-9D13-3AE6-8E08-2A65F028D44B}</UniqueIdentifier>
    </Filter>
    <Filter Include="Source\AssetManager">
      <UniqueIdentifier>{46DD8584-8F0B-3F99-953E-A193B397A521}</UniqueIdentifier>
    </Filter>
    <Filter Include="Source\CopyPaste">
      <UniqueIdentifier>{B74B26B3-D0E5-3FBA-991C-98A23B91FA3F}</UniqueIdentifier>
    </Filter>
    <Filter Include="Source\Editor">
      <UniqueIdentifier>{9EEC9DA2-2231-3FED-8F29-7E4B9252855B}</UniqueIdentifier>
    </Filter>
    <Filter Include="Source\Editor\AssetEditor">
      <UniqueIdentifier>{30DAAF42-1FA9-379B-A6F1-08ADD0C46BD8}</UniqueIdentifier>
    </Filter>
    <Filter Include="Source\Editor\Components">
      <UniqueIdentifier>{8FFF4247-4AED-31B3-AE8C-EFC83CF4BEFA}</UniqueIdentifier>
    </Filter>
    <Filter Include="Source\Editor\Components\Default">
      <UniqueIdentifier>{FADFD06A-D0A9-3EF0-8D88-7CBFB1BDEC45}</UniqueIdentifier>
    </Filter>
    <Filter Include="Source\Editor\Components\LightProbes">
      <UniqueIdentifier>{9979E2A8-DC3E-331D-B0F2-BB19C1402424}</UniqueIdentifier>
    </Filter>
    <Filter Include="Source\Editor\Components\MeshRenderer">
      <UniqueIdentifier>{B9CED0BA-FE9B-36D6-9CC3-806F5A1FF27D}</UniqueIdentifier>
    </Filter>
    <Filter Include="Source\Editor\Components\ReflectionProbe">
      <UniqueIdentifier>{3C99FDCB-DB4D-3BD2-9D31-4A8D4CA1DD0E}</UniqueIdentifier>
    </Filter>
    <Filter Include="Source\Editor\Components\RigidBody">
      <UniqueIdentifier>{1C44B045-244F-3510-A5D4-64E01613A397}</UniqueIdentifier>
    </Filter>
    <Filter Include="Source\Editor\Components\Transform">
      <UniqueIdentifier>{A1EFA289-7DF9-3BF9-AE70-71BD8CA3DBF7}</UniqueIdentifier>
    </Filter>
    <Filter Include="Source\Editor\EntityData">
      <UniqueIdentifier>{DA002618-9029-38A0-B76A-0F756348A2D8}</UniqueIdentifier>
    </Filter>
    <Filter Include="Source\Editor\EntityData\WorldTransform">
      <UniqueIdentifier>{2CF15079-A389-36E8-A750-DBD2DC5AA2F8}</UniqueIdentifier>
    </Filter>
    <Filter Include="Source\Editor\GUIEditor">
      <UniqueIdentifier>{4DFA67E3-8CB2-36ED-A54D-FC45ACC23712}</UniqueIdentifier>
    </Filter>
    <Filter Include="Source\Editor\Gizmos">
      <UniqueIdentifier>{D00D2903-21E7-3B83-8E63-48149165E329}</UniqueIdentifier>
    </Filter>
    <Filter Include="Source\Editor\Gizmos\GUITransform">
      <UniqueIdentifier>{0E7FDA5A-6C49-3671-83F0-69803CD8C8DD}</UniqueIdentifier>
    </Filter>
    <Filter Include="Source\Editor\Gizmos\Transform">
      <UniqueIdentifier>{E47DE6E1-E8FA-3561-905E-1E719BEA043B}</UniqueIdentifier>
    </Filter>
    <Filter Include="Source\Editor\SerializableEditor">
      <UniqueIdentifier>{B5BB09ED-46B8-3FC2-A8E4-86B53EA1A0D1}</UniqueIdentifier>
    </Filter>
    <Filter Include="Source\Editor\Space">
      <UniqueIdentifier>{F0B9A54F-7147-34E2-B986-55DC119E007D}</UniqueIdentifier>
    </Filter>
    <Filter Include="Source\Editor\SpaceController">
      <UniqueIdentifier>{5C5FCE87-AB01-35F2-A38D-DAC819596DC4}</UniqueIdentifier>
    </Filter>
    <Filter Include="Source\Editor\Space\ApplyTemplate">
      <UniqueIdentifier>{7384AB2A-2188-31BF-8526-70E751200776}</UniqueIdentifier>
    </Filter>
    <Filter Include="Source\Editor\Space\Assets">
      <UniqueIdentifier>{1FE7CDE4-E036-3193-A0B6-0EF308B2231C}</UniqueIdentifier>
    </Filter>
    <Filter Include="Source\Editor\Space\Console">
      <UniqueIdentifier>{D03F1FED-C8E5-31EE-B77B-8067D19E710E}</UniqueIdentifier>
    </Filter>
    <Filter Include="Source\Editor\Space\GUIDesign">
      <UniqueIdentifier>{40213F39-25F5-3374-8286-713B115DCD17}</UniqueIdentifier>
    </Filter>
    <Filter Include="Source\Editor\Space\GUIHierarchy">
      <UniqueIdentifier>{5F38A5D6-BE3F-35B1-B1FB-4C52A8C36847}</UniqueIdentifier>
    </Filter>
    <Filter Include="Source\Editor\Space\GoogleMap">
      <UniqueIdentifier>{3F20D3AF-9933-386D-B442-F47202C89FD9}</UniqueIdentifier>
    </Filter>
    <Filter Include="Source\Editor\Space\Hierarchy">
      <UniqueIdentifier>{779F890C-D2BF-36B5-9296-BB194D44DB86}</UniqueIdentifier>
    </Filter>
    <Filter Include="Source\Editor\Space\Import">
      <UniqueIdentifier>{CAD9A2CB-61E8-3C2E-99A7-18586DA2AAB8}</UniqueIdentifier>
    </Filter>
    <Filter Include="Source\Editor\Space\LoadScene">
      <UniqueIdentifier>{3086EAB5-6BCC-3ABB-96EE-73BE9292FCB2}</UniqueIdentifier>
    </Filter>
    <Filter Include="Source\Editor\Space\ProjectSettings">
      <UniqueIdentifier>{3F276F9C-7EEA-3BD6-8072-95533345424F}</UniqueIdentifier>
    </Filter>
    <Filter Include="Source\Editor\Space\Property">
      <UniqueIdentifier>{07D20380-250D-3A7D-B3FC-87178AD206CA}</UniqueIdentifier>
    </Filter>
    <Filter Include="Source\Editor\Space\Scene">
      <UniqueIdentifier>{A0A8BE09-99E5-3369-9931-71BE8C2AB380}</UniqueIdentifier>
    </Filter>
    <Filter Include="Source\Editor\Space\Sprite">
      <UniqueIdentifier>{BAA7AF2D-1356-3CCF-8DB8-ABC96EA9A411}</UniqueIdentifier>
    </Filter>
    <Filter Include="Source\FileWatcher">
      <UniqueIdentifier>{58107B3B-80E8-3836-89AC-1E0767F4249A}</UniqueIdentifier>
    </Filter>
    <Filter Include="Source\GizmosComponents">
      <UniqueIdentifier>{5881340C-CE58-3EC5-AC95-326632E3A933}</UniqueIdentifier>
    </Filter>
    <Filter Include="Source\GizmosComponents\Gizmos">
      <UniqueIdentifier>{1457463F-3595-312F-9D2B-35ABF860F440}</UniqueIdentifier>
    </Filter>
    <Filter Include="Source\GizmosComponents\Handles">
      <UniqueIdentifier>{80BFD514-8926-351F-9E6D-4FE94F776493}</UniqueIdentifier>
    </Filter>
    <Filter Include="Source\GizmosComponents\Light">
      <UniqueIdentifier>{4B603902-F21E-3231-B984-3351054DD90E}</UniqueIdentifier>
    </Filter>
    <Filter Include="Source\GizmosComponents\LightProbes">
      <UniqueIdentifier>{A30C645E-0E98-33F9-88B8-B3E3E25FC59C}</UniqueIdentifier>
    </Filter>
    <Filter Include="Source\GizmosComponents\Light\DirectionLight">
      <UniqueIdentifier>{3996631B-9879-310D-A765-4B14638FD120}</UniqueIdentifier>
    </Filter>
    <Filter Include="Source\GizmosComponents\Light\PointLight">
      <UniqueIdentifier>{4E2A230C-A6DF-3B88-8831-A1C6755DF67E}</UniqueIdentifier>
    </Filter>
    <Filter Include="Source\GizmosComponents\Light\SpotLight">
      <UniqueIdentifier>{C9C3DF00-2CF4-3448-81A3-DECFF93068C3}</UniqueIdentifier>
    </Filter>
    <Filter Include="Source\GizmosComponents\Primitives">
      <UniqueIdentifier>{0BBFA268-BB00-3BA0-A901-E82155741F85}</UniqueIdentifier>
    </Filter>
    <Filter Include="Source\GizmosComponents\ReflectionProbe">
      <UniqueIdentifier>{6FB57647-F25A-3FD2-BCA1-3446BAEFCFE8}</UniqueIdentifier>
    </Filter>
    <Filter Include="Source\GizmosComponents\RenderMesh">
      <UniqueIdentifier>{BBCA2091-F97F-3388-B494-9D7D721BF74C}</UniqueIdentifier>
    </Filter>
    <Filter Include="Source\GizmosComponents\RenderMeshInstancing">
      <UniqueIdentifier>{F3A7BAFA-7053-3B53-8E91-97945FB64DEA}</UniqueIdentifier>
    </Filter>
    <Filter Include="Source\GizmosComponents\SelectObject">
      <UniqueIdentifier>{CFDAF8FB-7980-3A72-AE54-7EE76E3F7B7F}</UniqueIdentifier>
    </Filter>
    <Filter Include="Source\GizmosComponents\Viewpoint">
      <UniqueIdentifier>{C8B6FA7A-A9C1-34FC-8C47-FF571D11FD7A}</UniqueIdentifier>
    </Filter>
    <Filter Include="Source\Handles">
      <UniqueIdentifier>{44D4DF7B-E273-3B00-8999-8D7742FF55C0}</UniqueIdentifier>
    </Filter>
    <Filter Include="Source\History">
      <UniqueIdentifier>{0D8EEAD7-3B07-3584-9180-F990B8DCF4C3}</UniqueIdentifier>
    </Filter>
    <Filter Include="Source\HitTest2D">
      <UniqueIdentifier>{97A9B407-AC2E-320E-AE79-3360B10E1E73}</UniqueIdentifier>
    </Filter>
    <Filter Include="Source\ProjectSettings">
      <UniqueIdentifier>{AD770367-E1FB-34A8-937F-84CDAD20C11E}</UniqueIdentifier>
    </Filter>
    <Filter Include="Source\Reactive">
      <UniqueIdentifier>{00400FF6-4725-30E6-A190-7753F7EF0ACB}</UniqueIdentifier>
    </Filter>
    <Filter Include="Source\ResourceSettings">
      <UniqueIdentifier>{F2C185A8-CAE7-34F2-8F96-3D0514ADBA9C}</UniqueIdentifier>
    </Filter>
    <Filter Include="Source\Selection">
      <UniqueIdentifier>{EBB3D2D4-9673-3873-994C-1C183CC02601}</UniqueIdentifier>
    </Filter>
  </ItemGroup>
</Project>
