<?xml version="1.0" encoding="utf-8"?>
<Project ToolsVersion="17.0" xmlns="http://schemas.microsoft.com/developer/msbuild/2003">
  <ItemGroup>
    <ClCompile Include="C:\Users\maxbe\Documents\Swat3\skylicht-engine\Projects\Skylicht\Components\GridPlane\CGridPlane.cpp">
      <Filter>GridPlane</Filter>
    </ClCompile>
    <ClCompile Include="C:\Users\maxbe\Documents\Swat3\skylicht-engine\Projects\Skylicht\Components\GridPlane\CGridPlaneData.cpp">
      <Filter>GridPlane</Filter>
    </ClCompile>
    <ClCompile Include="C:\Users\maxbe\Documents\Swat3\skylicht-engine\Projects\Skylicht\Components\GridPlane\CGridPlaneRender.cpp">
      <Filter>GridPlane</Filter>
    </ClCompile>
    <ClCompile Include="C:\Users\maxbe\Documents\Swat3\skylicht-engine\Projects\Skylicht\Components\ParticleSystem\CParticleBufferData.cpp">
      <Filter>ParticleSystem</Filter>
    </ClCompile>
    <ClCompile Include="C:\Users\maxbe\Documents\Swat3\skylicht-engine\Projects\Skylicht\Components\ParticleSystem\CParticleComponent.cpp">
      <Filter>ParticleSystem</Filter>
    </ClCompile>
    <ClCompile Include="C:\Users\maxbe\Documents\Swat3\skylicht-engine\Projects\Skylicht\Components\ParticleSystem\CParticleRenderer.cpp">
      <Filter>ParticleSystem</Filter>
    </ClCompile>
    <ClCompile Include="C:\Users\maxbe\Documents\Swat3\skylicht-engine\Projects\Skylicht\Components\ParticleSystem\CParticleTrailComponent.cpp">
      <Filter>ParticleSystem</Filter>
    </ClCompile>
    <ClCompile Include="C:\Users\maxbe\Documents\Swat3\skylicht-engine\Projects\Skylicht\Components\ParticleSystem\CParticleTrailData.cpp">
      <Filter>ParticleSystem</Filter>
    </ClCompile>
    <ClCompile Include="C:\Users\maxbe\Documents\Swat3\skylicht-engine\Projects\Skylicht\Components\ParticleSystem\CParticleTrailRenderer.cpp">
      <Filter>ParticleSystem</Filter>
    </ClCompile>
    <ClCompile Include="C:\Users\maxbe\Documents\Swat3\skylicht-engine\Projects\Skylicht\Components\ParticleSystem\Particles\CFactory.cpp">
      <Filter>ParticleSystem\Particles</Filter>
    </ClCompile>
    <ClCompile Include="C:\Users\maxbe\Documents\Swat3\skylicht-engine\Projects\Skylicht\Components\ParticleSystem\Particles\CGroup.cpp">
      <Filter>ParticleSystem\Particles</Filter>
    </ClCompile>
    <ClCompile Include="C:\Users\maxbe\Documents\Swat3\skylicht-engine\Projects\Skylicht\Components\ParticleSystem\Particles\CInterpolator.cpp">
      <Filter>ParticleSystem\Particles</Filter>
    </ClCompile>
    <ClCompile Include="C:\Users\maxbe\Documents\Swat3\skylicht-engine\Projects\Skylicht\Components\ParticleSystem\Particles\CModel.cpp">
      <Filter>ParticleSystem\Particles</Filter>
    </ClCompile>
    <ClCompile Include="C:\Users\maxbe\Documents\Swat3\skylicht-engine\Projects\Skylicht\Components\ParticleSystem\Particles\CParticle.cpp">
      <Filter>ParticleSystem\Particles</Filter>
    </ClCompile>
    <ClCompile Include="C:\Users\maxbe\Documents\Swat3\skylicht-engine\Projects\Skylicht\Components\ParticleSystem\Particles\CParticleCPUBuffer.cpp">
      <Filter>ParticleSystem\Particles</Filter>
    </ClCompile>
    <ClCompile Include="C:\Users\maxbe\Documents\Swat3\skylicht-engine\Projects\Skylicht\Components\ParticleSystem\Particles\CParticleInstancing.cpp">
      <Filter>ParticleSystem\Particles</Filter>
    </ClCompile>
    <ClCompile Include="C:\Users\maxbe\Documents\Swat3\skylicht-engine\Projects\Skylicht\Components\ParticleSystem\Particles\CParticleTrail.cpp">
      <Filter>ParticleSystem\Particles</Filter>
    </ClCompile>
    <ClCompile Include="C:\Users\maxbe\Documents\Swat3\skylicht-engine\Projects\Skylicht\Components\ParticleSystem\Particles\CSubGroup.cpp">
      <Filter>ParticleSystem\Particles</Filter>
    </ClCompile>
    <ClCompile Include="C:\Users\maxbe\Documents\Swat3\skylicht-engine\Projects\Skylicht\Components\ParticleSystem\Particles\Emitters\CEmitter.cpp">
      <Filter>ParticleSystem\Particles\Emitters</Filter>
    </ClCompile>
    <ClCompile Include="C:\Users\maxbe\Documents\Swat3\skylicht-engine\Projects\Skylicht\Components\ParticleSystem\Particles\Emitters\CNormalEmitter.cpp">
      <Filter>ParticleSystem\Particles\Emitters</Filter>
    </ClCompile>
    <ClCompile Include="C:\Users\maxbe\Documents\Swat3\skylicht-engine\Projects\Skylicht\Components\ParticleSystem\Particles\Emitters\CRandomEmitter.cpp">
      <Filter>ParticleSystem\Particles\Emitters</Filter>
    </ClCompile>
    <ClCompile Include="C:\Users\maxbe\Documents\Swat3\skylicht-engine\Projects\Skylicht\Components\ParticleSystem\Particles\Emitters\CSphericEmitter.cpp">
      <Filter>ParticleSystem\Particles\Emitters</Filter>
    </ClCompile>
    <ClCompile Include="C:\Users\maxbe\Documents\Swat3\skylicht-engine\Projects\Skylicht\Components\ParticleSystem\Particles\Emitters\CStraightEmitter.cpp">
      <Filter>ParticleSystem\Particles\Emitters</Filter>
    </ClCompile>
    <ClCompile Include="C:\Users\maxbe\Documents\Swat3\skylicht-engine\Projects\Skylicht\Components\ParticleSystem\Particles\Renderers\CBillboardAdditiveRenderer.cpp">
      <Filter>ParticleSystem\Particles\Renderers</Filter>
    </ClCompile>
    <ClCompile Include="C:\Users\maxbe\Documents\Swat3\skylicht-engine\Projects\Skylicht\Components\ParticleSystem\Particles\Renderers\CQuadRenderer.cpp">
      <Filter>ParticleSystem\Particles\Renderers</Filter>
    </ClCompile>
    <ClCompile Include="C:\Users\maxbe\Documents\Swat3\skylicht-engine\Projects\Skylicht\Components\ParticleSystem\Particles\Systems\CParentRelativeSystem.cpp">
      <Filter>ParticleSystem\Particles\Systems</Filter>
    </ClCompile>
    <ClCompile Include="C:\Users\maxbe\Documents\Swat3\skylicht-engine\Projects\Skylicht\Components\ParticleSystem\Particles\Systems\CParticleCPUBufferSystem.cpp">
      <Filter>ParticleSystem\Particles\Systems</Filter>
    </ClCompile>
    <ClCompile Include="C:\Users\maxbe\Documents\Swat3\skylicht-engine\Projects\Skylicht\Components\ParticleSystem\Particles\Systems\CParticleInstancingSystem.cpp">
      <Filter>ParticleSystem\Particles\Systems</Filter>
    </ClCompile>
    <ClCompile Include="C:\Users\maxbe\Documents\Swat3\skylicht-engine\Projects\Skylicht\Components\ParticleSystem\Particles\Systems\CParticleSystem.cpp">
      <Filter>ParticleSystem\Particles\Systems</Filter>
    </ClCompile>
    <ClCompile Include="C:\Users\maxbe\Documents\Swat3\skylicht-engine\Projects\Skylicht\Components\ParticleSystem\Particles\Systems\CVortexSystem.cpp">
      <Filter>ParticleSystem\Particles\Systems</Filter>
    </ClCompile>
    <ClCompile Include="C:\Users\maxbe\Documents\Swat3\skylicht-engine\Projects\Skylicht\Components\ParticleSystem\Particles\Zones\CAABox.cpp">
      <Filter>ParticleSystem\Particles\Zones</Filter>
    </ClCompile>
    <ClCompile Include="C:\Users\maxbe\Documents\Swat3\skylicht-engine\Projects\Skylicht\Components\ParticleSystem\Particles\Zones\CCylinder.cpp">
      <Filter>ParticleSystem\Particles\Zones</Filter>
    </ClCompile>
    <ClCompile Include="C:\Users\maxbe\Documents\Swat3\skylicht-engine\Projects\Skylicht\Components\ParticleSystem\Particles\Zones\CLine.cpp">
      <Filter>ParticleSystem\Particles\Zones</Filter>
    </ClCompile>
    <ClCompile Include="C:\Users\maxbe\Documents\Swat3\skylicht-engine\Projects\Skylicht\Components\ParticleSystem\Particles\Zones\CPoint.cpp">
      <Filter>ParticleSystem\Particles\Zones</Filter>
    </ClCompile>
    <ClCompile Include="C:\Users\maxbe\Documents\Swat3\skylicht-engine\Projects\Skylicht\Components\ParticleSystem\Particles\Zones\CPolyLine.cpp">
      <Filter>ParticleSystem\Particles\Zones</Filter>
    </ClCompile>
    <ClCompile Include="C:\Users\maxbe\Documents\Swat3\skylicht-engine\Projects\Skylicht\Components\ParticleSystem\Particles\Zones\CRing.cpp">
      <Filter>ParticleSystem\Particles\Zones</Filter>
    </ClCompile>
    <ClCompile Include="C:\Users\maxbe\Documents\Swat3\skylicht-engine\Projects\Skylicht\Components\ParticleSystem\Particles\Zones\CSphere.cpp">
      <Filter>ParticleSystem\Particles\Zones</Filter>
    </ClCompile>
    <ClCompile Include="C:\Users\maxbe\Documents\Swat3\skylicht-engine\Projects\Skylicht\Components\ParticleSystem\Particles\Zones\CZone.cpp">
      <Filter>ParticleSystem\Particles\Zones</Filter>
    </ClCompile>
    <ClCompile Include="C:\Users\maxbe\Documents\Swat3\skylicht-engine\Projects\Skylicht\Components\Primitive\CCapsule.cpp">
      <Filter>Primitive</Filter>
    </ClCompile>
    <ClCompile Include="C:\Users\maxbe\Documents\Swat3\skylicht-engine\Projects\Skylicht\Components\Primitive\CCube.cpp">
      <Filter>Primitive</Filter>
    </ClCompile>
    <ClCompile Include="C:\Users\maxbe\Documents\Swat3\skylicht-engine\Projects\Skylicht\Components\Primitive\CPlane.cpp">
      <Filter>Primitive</Filter>
    </ClCompile>
    <ClCompile Include="C:\Users\maxbe\Documents\Swat3\skylicht-engine\Projects\Skylicht\Components\Primitive\CPrimitive.cpp">
      <Filter>Primitive</Filter>
    </ClCompile>
    <ClCompile Include="C:\Users\maxbe\Documents\Swat3\skylicht-engine\Projects\Skylicht\Components\Primitive\CPrimitiveBaseRenderer.cpp">
      <Filter>Primitive</Filter>
    </ClCompile>
    <ClCompile Include="C:\Users\maxbe\Documents\Swat3\skylicht-engine\Projects\Skylicht\Components\Primitive\CPrimitiveData.cpp">
      <Filter>Primitive</Filter>
    </ClCompile>
    <ClCompile Include="C:\Users\maxbe\Documents\Swat3\skylicht-engine\Projects\Skylicht\Components\Primitive\CPrimitiveRenderer.cpp">
      <Filter>Primitive</Filter>
    </ClCompile>
    <ClCompile Include="C:\Users\maxbe\Documents\Swat3\skylicht-engine\Projects\Skylicht\Components\Primitive\CPrimitiveRendererInstancing.cpp">
      <Filter>Primitive</Filter>
    </ClCompile>
    <ClCompile Include="C:\Users\maxbe\Documents\Swat3\skylicht-engine\Projects\Skylicht\Components\Primitive\CSphere.cpp">
      <Filter>Primitive</Filter>
    </ClCompile>
    <ClCompile Include="C:\Users\maxbe\Documents\Swat3\skylicht-engine\Projects\Skylicht\Components\Primitive\LatheMesh\CCapsuleMesh.cpp">
      <Filter>Primitive\LatheMesh</Filter>
    </ClCompile>
    <ClCompile Include="C:\Users\maxbe\Documents\Swat3\skylicht-engine\Projects\Skylicht\Components\Primitive\LatheMesh\CLatheMesh.cpp">
      <Filter>Primitive\LatheMesh</Filter>
    </ClCompile>
    <ClCompile Include="C:\Users\maxbe\Documents\Swat3\skylicht-engine\Projects\Skylicht\Components\Primitive\LatheMesh\CLine3D.cpp">
      <Filter>Primitive\LatheMesh</Filter>
    </ClCompile>
    <ClCompile Include="C:\Users\maxbe\Documents\Swat3\skylicht-engine\Projects\Skylicht\Components\SkinnedInstancing\CGroupSkinnedInstancing.cpp">
      <Filter>SkinnedInstancing</Filter>
    </ClCompile>
    <ClCompile Include="C:\Users\maxbe\Documents\Swat3\skylicht-engine\Projects\Skylicht\Components\SkinnedInstancing\CRenderSkinnedInstancing.cpp">
      <Filter>SkinnedInstancing</Filter>
    </ClCompile>
    <ClCompile Include="C:\Users\maxbe\Documents\Swat3\skylicht-engine\Projects\Skylicht\Components\SkinnedInstancing\CSkinnedInstanceAnimationSystem.cpp">
      <Filter>SkinnedInstancing</Filter>
    </ClCompile>
    <ClCompile Include="C:\Users\maxbe\Documents\Swat3\skylicht-engine\Projects\Skylicht\Components\SkinnedInstancing\CSkinnedInstanceData.cpp">
      <Filter>SkinnedInstancing</Filter>
    </ClCompile>
    <ClCompile Include="C:\Users\maxbe\Documents\Swat3\skylicht-engine\Projects\Skylicht\Components\SkinnedInstancing\CSkinnedMeshRendererInstancing.cpp">
      <Filter>SkinnedInstancing</Filter>
    </ClCompile>
    <ClCompile Include="C:\Users\maxbe\Documents\Swat3\skylicht-engine\Projects\Skylicht\Components\SkinnedInstancing\CTransformTextureData.cpp">
      <Filter>SkinnedInstancing</Filter>
    </ClCompile>
    <ClCompile Include="C:\Users\maxbe\Documents\Swat3\skylicht-engine\Projects\Skylicht\Components\SkinnedInstancingVAT\CRenderMeshInstancingVAT.cpp">
      <Filter>SkinnedInstancingVAT</Filter>
    </ClCompile>
    <ClCompile Include="C:\Users\maxbe\Documents\Swat3\skylicht-engine\Projects\Skylicht\Components\SkinnedInstancingVAT\CVertexAnimTextureData.cpp">
      <Filter>SkinnedInstancingVAT</Filter>
    </ClCompile>
    <ClCompile Include="C:\Users\maxbe\Documents\Swat3\skylicht-engine\Projects\Skylicht\Components\SkyBox\CSkyBox.cpp">
      <Filter>SkyBox</Filter>
    </ClCompile>
    <ClCompile Include="C:\Users\maxbe\Documents\Swat3\skylicht-engine\Projects\Skylicht\Components\SkyBox\CSkyBoxData.cpp">
      <Filter>SkyBox</Filter>
    </ClCompile>
    <ClCompile Include="C:\Users\maxbe\Documents\Swat3\skylicht-engine\Projects\Skylicht\Components\SkyBox\CSkyBoxRender.cpp">
      <Filter>SkyBox</Filter>
    </ClCompile>
    <ClCompile Include="C:\Users\maxbe\Documents\Swat3\skylicht-engine\Projects\Skylicht\Components\SkyDome\CSkyDome.cpp">
      <Filter>SkyDome</Filter>
    </ClCompile>
    <ClCompile Include="C:\Users\maxbe\Documents\Swat3\skylicht-engine\Projects\Skylicht\Components\SkyDome\CSkyDomeData.cpp">
      <Filter>SkyDome</Filter>
    </ClCompile>
    <ClCompile Include="C:\Users\maxbe\Documents\Swat3\skylicht-engine\Projects\Skylicht\Components\SkyDome\CSkyDomeRender.cpp">
      <Filter>SkyDome</Filter>
    </ClCompile>
    <ClCompile Include="C:\Users\maxbe\Documents\Swat3\skylicht-engine\Projects\Skylicht\Components\SkySun\CSkySun.cpp">
      <Filter>SkySun</Filter>
    </ClCompile>
    <ClCompile Include="C:\Users\maxbe\Documents\Swat3\skylicht-engine\Projects\Skylicht\Components\SkySun\CSkySunData.cpp">
      <Filter>SkySun</Filter>
    </ClCompile>
    <ClCompile Include="C:\Users\maxbe\Documents\Swat3\skylicht-engine\Projects\Skylicht\Components\SkySun\CSkySunRenderer.cpp">
      <Filter>SkySun</Filter>
    </ClCompile>
    <ClCompile Include="C:\Users\maxbe\Documents\Swat3\skylicht-engine\Projects\Skylicht\Components\SpriteDraw\CSprite.cpp">
      <Filter>SpriteDraw</Filter>
    </ClCompile>
    <ClCompile Include="C:\Users\maxbe\Documents\Swat3\skylicht-engine\Projects\Skylicht\Components\SpriteDraw\CSpriteDrawData.cpp">
      <Filter>SpriteDraw</Filter>
    </ClCompile>
    <ClCompile Include="C:\Users\maxbe\Documents\Swat3\skylicht-engine\Projects\Skylicht\Components\SpriteDraw\CSpriteRenderer.cpp">
      <Filter>SpriteDraw</Filter>
    </ClCompile>
    <ClCompile Include="C:\Users\maxbe\Documents\Swat3\skylicht-engine\Projects\Skylicht\Components\pch.cpp">
      <Filter>Source Files</Filter>
    </ClCompile>
  </ItemGroup>
  <ItemGroup>
    <ClInclude Include="C:\Users\maxbe\Documents\Swat3\skylicht-engine\Projects\Skylicht\Components\ComponentsConfig.h">
      <Filter>Header Files</Filter>
    </ClInclude>
    <ClInclude Include="C:\Users\maxbe\Documents\Swat3\skylicht-engine\Projects\Skylicht\Components\DataTypeIndex.h">
      <Filter>Header Files</Filter>
    </ClInclude>
    <ClInclude Include="C:\Users\maxbe\Documents\Swat3\skylicht-engine\Projects\Skylicht\Components\GridPlane\CGridPlane.h">
      <Filter>GridPlane</Filter>
    </ClInclude>
    <ClInclude Include="C:\Users\maxbe\Documents\Swat3\skylicht-engine\Projects\Skylicht\Components\GridPlane\CGridPlaneData.h">
      <Filter>GridPlane</Filter>
    </ClInclude>
    <ClInclude Include="C:\Users\maxbe\Documents\Swat3\skylicht-engine\Projects\Skylicht\Components\GridPlane\CGridPlaneRender.h">
      <Filter>GridPlane</Filter>
    </ClInclude>
    <ClInclude Include="C:\Users\maxbe\Documents\Swat3\skylicht-engine\Projects\Skylicht\Components\ParticleSystem\CParticleBufferData.h">
      <Filter>ParticleSystem</Filter>
    </ClInclude>
    <ClInclude Include="C:\Users\maxbe\Documents\Swat3\skylicht-engine\Projects\Skylicht\Components\ParticleSystem\CParticleComponent.h">
      <Filter>ParticleSystem</Filter>
    </ClInclude>
    <ClInclude Include="C:\Users\maxbe\Documents\Swat3\skylicht-engine\Projects\Skylicht\Components\ParticleSystem\CParticleRenderer.h">
      <Filter>ParticleSystem</Filter>
    </ClInclude>
    <ClInclude Include="C:\Users\maxbe\Documents\Swat3\skylicht-engine\Projects\Skylicht\Components\ParticleSystem\CParticleTrailComponent.h">
      <Filter>ParticleSystem</Filter>
    </ClInclude>
    <ClInclude Include="C:\Users\maxbe\Documents\Swat3\skylicht-engine\Projects\Skylicht\Components\ParticleSystem\CParticleTrailData.h">
      <Filter>ParticleSystem</Filter>
    </ClInclude>
    <ClInclude Include="C:\Users\maxbe\Documents\Swat3\skylicht-engine\Projects\Skylicht\Components\ParticleSystem\CParticleTrailRenderer.h">
      <Filter>ParticleSystem</Filter>
    </ClInclude>
    <ClInclude Include="C:\Users\maxbe\Documents\Swat3\skylicht-engine\Projects\Skylicht\Components\ParticleSystem\Particles\CFactory.h">
      <Filter>ParticleSystem\Particles</Filter>
    </ClInclude>
    <ClInclude Include="C:\Users\maxbe\Documents\Swat3\skylicht-engine\Projects\Skylicht\Components\ParticleSystem\Particles\CGroup.h">
      <Filter>ParticleSystem\Particles</Filter>
    </ClInclude>
    <ClInclude Include="C:\Users\maxbe\Documents\Swat3\skylicht-engine\Projects\Skylicht\Components\ParticleSystem\Particles\CInterpolator.h">
      <Filter>ParticleSystem\Particles</Filter>
    </ClInclude>
    <ClInclude Include="C:\Users\maxbe\Documents\Swat3\skylicht-engine\Projects\Skylicht\Components\ParticleSystem\Particles\CModel.h">
      <Filter>ParticleSystem\Particles</Filter>
    </ClInclude>
    <ClInclude Include="C:\Users\maxbe\Documents\Swat3\skylicht-engine\Projects\Skylicht\Components\ParticleSystem\Particles\CParticle.h">
      <Filter>ParticleSystem\Particles</Filter>
    </ClInclude>
    <ClInclude Include="C:\Users\maxbe\Documents\Swat3\skylicht-engine\Projects\Skylicht\Components\ParticleSystem\Particles\CParticleCPUBuffer.h">
      <Filter>ParticleSystem\Particles</Filter>
    </ClInclude>
    <ClInclude Include="C:\Users\maxbe\Documents\Swat3\skylicht-engine\Projects\Skylicht\Components\ParticleSystem\Particles\CParticleInstancing.h">
      <Filter>ParticleSystem\Particles</Filter>
    </ClInclude>
    <ClInclude Include="C:\Users\maxbe\Documents\Swat3\skylicht-engine\Projects\Skylicht\Components\ParticleSystem\Particles\CParticleTrail.h">
      <Filter>ParticleSystem\Particles</Filter>
    </ClInclude>
    <ClInclude Include="C:\Users\maxbe\Documents\Swat3\skylicht-engine\Projects\Skylicht\Components\ParticleSystem\Particles\CSubGroup.h">
      <Filter>ParticleSystem\Particles</Filter>
    </ClInclude>
    <ClInclude Include="C:\Users\maxbe\Documents\Swat3\skylicht-engine\Projects\Skylicht\Components\ParticleSystem\Particles\Emitters\CEmitter.h">
      <Filter>ParticleSystem\Particles\Emitters</Filter>
    </ClInclude>
    <ClInclude Include="C:\Users\maxbe\Documents\Swat3\skylicht-engine\Projects\Skylicht\Components\ParticleSystem\Particles\Emitters\CNormalEmitter.h">
      <Filter>ParticleSystem\Particles\Emitters</Filter>
    </ClInclude>
    <ClInclude Include="C:\Users\maxbe\Documents\Swat3\skylicht-engine\Projects\Skylicht\Components\ParticleSystem\Particles\Emitters\CRandomEmitter.h">
      <Filter>ParticleSystem\Particles\Emitters</Filter>
    </ClInclude>
    <ClInclude Include="C:\Users\maxbe\Documents\Swat3\skylicht-engine\Projects\Skylicht\Components\ParticleSystem\Particles\Emitters\CSphericEmitter.h">
      <Filter>ParticleSystem\Particles\Emitters</Filter>
    </ClInclude>
    <ClInclude Include="C:\Users\maxbe\Documents\Swat3\skylicht-engine\Projects\Skylicht\Components\ParticleSystem\Particles\Emitters\CStraightEmitter.h">
      <Filter>ParticleSystem\Particles\Emitters</Filter>
    </ClInclude>
    <ClInclude Include="C:\Users\maxbe\Documents\Swat3\skylicht-engine\Projects\Skylicht\Components\ParticleSystem\Particles\Renderers\CBillboardAdditiveRenderer.h">
      <Filter>ParticleSystem\Particles\Renderers</Filter>
    </ClInclude>
    <ClInclude Include="C:\Users\maxbe\Documents\Swat3\skylicht-engine\Projects\Skylicht\Components\ParticleSystem\Particles\Renderers\CQuadRenderer.h">
      <Filter>ParticleSystem\Particles\Renderers</Filter>
    </ClInclude>
    <ClInclude Include="C:\Users\maxbe\Documents\Swat3\skylicht-engine\Projects\Skylicht\Components\ParticleSystem\Particles\Renderers\IRenderer.h">
      <Filter>ParticleSystem\Particles\Renderers</Filter>
    </ClInclude>
    <ClInclude Include="C:\Users\maxbe\Documents\Swat3\skylicht-engine\Projects\Skylicht\Components\ParticleSystem\Particles\Systems\CParentRelativeSystem.h">
      <Filter>ParticleSystem\Particles\Systems</Filter>
    </ClInclude>
    <ClInclude Include="C:\Users\maxbe\Documents\Swat3\skylicht-engine\Projects\Skylicht\Components\ParticleSystem\Particles\Systems\CParticleCPUBufferSystem.h">
      <Filter>ParticleSystem\Particles\Systems</Filter>
    </ClInclude>
    <ClInclude Include="C:\Users\maxbe\Documents\Swat3\skylicht-engine\Projects\Skylicht\Components\ParticleSystem\Particles\Systems\CParticleInstancingSystem.h">
      <Filter>ParticleSystem\Particles\Systems</Filter>
    </ClInclude>
    <ClInclude Include="C:\Users\maxbe\Documents\Swat3\skylicht-engine\Projects\Skylicht\Components\ParticleSystem\Particles\Systems\CParticleSystem.h">
      <Filter>ParticleSystem\Particles\Systems</Filter>
    </ClInclude>
    <ClInclude Include="C:\Users\maxbe\Documents\Swat3\skylicht-engine\Projects\Skylicht\Components\ParticleSystem\Particles\Systems\CVortexSystem.h">
      <Filter>ParticleSystem\Particles\Systems</Filter>
    </ClInclude>
    <ClInclude Include="C:\Users\maxbe\Documents\Swat3\skylicht-engine\Projects\Skylicht\Components\ParticleSystem\Particles\Systems\ISystem.h">
      <Filter>ParticleSystem\Particles\Systems</Filter>
    </ClInclude>
    <ClInclude Include="C:\Users\maxbe\Documents\Swat3\skylicht-engine\Projects\Skylicht\Components\ParticleSystem\Particles\Zones\CAABox.h">
      <Filter>ParticleSystem\Particles\Zones</Filter>
    </ClInclude>
    <ClInclude Include="C:\Users\maxbe\Documents\Swat3\skylicht-engine\Projects\Skylicht\Components\ParticleSystem\Particles\Zones\CCylinder.h">
      <Filter>ParticleSystem\Particles\Zones</Filter>
    </ClInclude>
    <ClInclude Include="C:\Users\maxbe\Documents\Swat3\skylicht-engine\Projects\Skylicht\Components\ParticleSystem\Particles\Zones\CLine.h">
      <Filter>ParticleSystem\Particles\Zones</Filter>
    </ClInclude>
    <ClInclude Include="C:\Users\maxbe\Documents\Swat3\skylicht-engine\Projects\Skylicht\Components\ParticleSystem\Particles\Zones\CPoint.h">
      <Filter>ParticleSystem\Particles\Zones</Filter>
    </ClInclude>
    <ClInclude Include="C:\Users\maxbe\Documents\Swat3\skylicht-engine\Projects\Skylicht\Components\ParticleSystem\Particles\Zones\CPolyLine.h">
      <Filter>ParticleSystem\Particles\Zones</Filter>
    </ClInclude>
    <ClInclude Include="C:\Users\maxbe\Documents\Swat3\skylicht-engine\Projects\Skylicht\Components\ParticleSystem\Particles\Zones\CRing.h">
      <Filter>ParticleSystem\Particles\Zones</Filter>
    </ClInclude>
    <ClInclude Include="C:\Users\maxbe\Documents\Swat3\skylicht-engine\Projects\Skylicht\Components\ParticleSystem\Particles\Zones\CSphere.h">
      <Filter>ParticleSystem\Particles\Zones</Filter>
    </ClInclude>
    <ClInclude Include="C:\Users\maxbe\Documents\Swat3\skylicht-engine\Projects\Skylicht\Components\ParticleSystem\Particles\Zones\CZone.h">
      <Filter>ParticleSystem\Particles\Zones</Filter>
    </ClInclude>
    <ClInclude Include="C:\Users\maxbe\Documents\Swat3\skylicht-engine\Projects\Skylicht\Components\Primitive\CCapsule.h">
      <Filter>Primitive</Filter>
    </ClInclude>
    <ClInclude Include="C:\Users\maxbe\Documents\Swat3\skylicht-engine\Projects\Skylicht\Components\Primitive\CCube.h">
      <Filter>Primitive</Filter>
    </ClInclude>
    <ClInclude Include="C:\Users\maxbe\Documents\Swat3\skylicht-engine\Projects\Skylicht\Components\Primitive\CPlane.h">
      <Filter>Primitive</Filter>
    </ClInclude>
    <ClInclude Include="C:\Users\maxbe\Documents\Swat3\skylicht-engine\Projects\Skylicht\Components\Primitive\CPrimitive.h">
      <Filter>Primitive</Filter>
    </ClInclude>
    <ClInclude Include="C:\Users\maxbe\Documents\Swat3\skylicht-engine\Projects\Skylicht\Components\Primitive\CPrimitiveBaseRenderer.h">
      <Filter>Primitive</Filter>
    </ClInclude>
    <ClInclude Include="C:\Users\maxbe\Documents\Swat3\skylicht-engine\Projects\Skylicht\Components\Primitive\CPrimitiveRenderer.h">
      <Filter>Primitive</Filter>
    </ClInclude>
    <ClInclude Include="C:\Users\maxbe\Documents\Swat3\skylicht-engine\Projects\Skylicht\Components\Primitive\CPrimitiveRendererInstancing.h">
      <Filter>Primitive</Filter>
    </ClInclude>
    <ClInclude Include="C:\Users\maxbe\Documents\Swat3\skylicht-engine\Projects\Skylicht\Components\Primitive\CPrimiviteData.h">
      <Filter>Primitive</Filter>
    </ClInclude>
    <ClInclude Include="C:\Users\maxbe\Documents\Swat3\skylicht-engine\Projects\Skylicht\Components\Primitive\CSphere.h">
      <Filter>Primitive</Filter>
    </ClInclude>
    <ClInclude Include="C:\Users\maxbe\Documents\Swat3\skylicht-engine\Projects\Skylicht\Components\Primitive\LatheMesh\CCapsuleMesh.h">
      <Filter>Primitive\LatheMesh</Filter>
    </ClInclude>
    <ClInclude Include="C:\Users\maxbe\Documents\Swat3\skylicht-engine\Projects\Skylicht\Components\Primitive\LatheMesh\CLatheMesh.h">
      <Filter>Primitive\LatheMesh</Filter>
    </ClInclude>
    <ClInclude Include="C:\Users\maxbe\Documents\Swat3\skylicht-engine\Projects\Skylicht\Components\Primitive\LatheMesh\CLine3D.h">
      <Filter>Primitive\LatheMesh</Filter>
    </ClInclude>
    <ClInclude Include="C:\Users\maxbe\Documents\Swat3\skylicht-engine\Projects\Skylicht\Components\SkinnedInstancing\CGroupSkinnedInstancing.h">
      <Filter>SkinnedInstancing</Filter>
    </ClInclude>
    <ClInclude Include="C:\Users\maxbe\Documents\Swat3\skylicht-engine\Projects\Skylicht\Components\SkinnedInstancing\CRenderSkinnedInstancing.h">
      <Filter>SkinnedInstancing</Filter>
    </ClInclude>
    <ClInclude Include="C:\Users\maxbe\Documents\Swat3\skylicht-engine\Projects\Skylicht\Components\SkinnedInstancing\CSkinnedInstanceAnimationSystem.h">
      <Filter>SkinnedInstancing</Filter>
    </ClInclude>
    <ClInclude Include="C:\Users\maxbe\Documents\Swat3\skylicht-engine\Projects\Skylicht\Components\SkinnedInstancing\CSkinnedInstanceData.h">
      <Filter>SkinnedInstancing</Filter>
    </ClInclude>
    <ClInclude Include="C:\Users\maxbe\Documents\Swat3\skylicht-engine\Projects\Skylicht\Components\SkinnedInstancing\CSkinnedMeshRendererInstancing.h">
      <Filter>SkinnedInstancing</Filter>
    </ClInclude>
    <ClInclude Include="C:\Users\maxbe\Documents\Swat3\skylicht-engine\Projects\Skylicht\Components\SkinnedInstancing\CTransformTextureData.h">
      <Filter>SkinnedInstancing</Filter>
    </ClInclude>
    <ClInclude Include="C:\Users\maxbe\Documents\Swat3\skylicht-engine\Projects\Skylicht\Components\SkinnedInstancingVAT\CRenderMeshInstancingVAT.h">
      <Filter>SkinnedInstancingVAT</Filter>
    </ClInclude>
    <ClInclude Include="C:\Users\maxbe\Documents\Swat3\skylicht-engine\Projects\Skylicht\Components\SkinnedInstancingVAT\CVertexAnimTextureData.h">
      <Filter>SkinnedInstancingVAT</Filter>
    </ClInclude>
    <ClInclude Include="C:\Users\maxbe\Documents\Swat3\skylicht-engine\Projects\Skylicht\Components\SkyBox\CSkyBox.h">
      <Filter>SkyBox</Filter>
    </ClInclude>
    <ClInclude Include="C:\Users\maxbe\Documents\Swat3\skylicht-engine\Projects\Skylicht\Components\SkyBox\CSkyBoxData.h">
      <Filter>SkyBox</Filter>
    </ClInclude>
    <ClInclude Include="C:\Users\maxbe\Documents\Swat3\skylicht-engine\Projects\Skylicht\Components\SkyBox\CSkyBoxRender.h">
      <Filter>SkyBox</Filter>
    </ClInclude>
    <ClInclude Include="C:\Users\maxbe\Documents\Swat3\skylicht-engine\Projects\Skylicht\Components\SkyDome\CSkyDome.h">
      <Filter>SkyDome</Filter>
    </ClInclude>
    <ClInclude Include="C:\Users\maxbe\Documents\Swat3\skylicht-engine\Projects\Skylicht\Components\SkyDome\CSkyDomeData.h">
      <Filter>SkyDome</Filter>
    </ClInclude>
    <ClInclude Include="C:\Users\maxbe\Documents\Swat3\skylicht-engine\Projects\Skylicht\Components\SkyDome\CSkyDomeRender.h">
      <Filter>SkyDome</Filter>
    </ClInclude>
    <ClInclude Include="C:\Users\maxbe\Documents\Swat3\skylicht-engine\Projects\Skylicht\Components\SkySun\CSkySun.h">
      <Filter>SkySun</Filter>
    </ClInclude>
    <ClInclude Include="C:\Users\maxbe\Documents\Swat3\skylicht-engine\Projects\Skylicht\Components\SkySun\CSkySunData.h">
      <Filter>SkySun</Filter>
    </ClInclude>
    <ClInclude Include="C:\Users\maxbe\Documents\Swat3\skylicht-engine\Projects\Skylicht\Components\SkySun\CSkySunRenderer.h">
      <Filter>SkySun</Filter>
    </ClInclude>
    <ClInclude Include="C:\Users\maxbe\Documents\Swat3\skylicht-engine\Projects\Skylicht\Components\SpriteDraw\CSprite.h">
      <Filter>SpriteDraw</Filter>
    </ClInclude>
    <ClInclude Include="C:\Users\maxbe\Documents\Swat3\skylicht-engine\Projects\Skylicht\Components\SpriteDraw\CSpriteDrawData.h">
      <Filter>SpriteDraw</Filter>
    </ClInclude>
    <ClInclude Include="C:\Users\maxbe\Documents\Swat3\skylicht-engine\Projects\Skylicht\Components\SpriteDraw\CSpriteRenderer.h">
      <Filter>SpriteDraw</Filter>
    </ClInclude>
    <ClInclude Include="C:\Users\maxbe\Documents\Swat3\skylicht-engine\Projects\Skylicht\Components\pch.h">
      <Filter>Header Files</Filter>
    </ClInclude>
  </ItemGroup>
  <ItemGroup>
    <CustomBuild Include="C:\Users\maxbe\Documents\Swat3\skylicht-engine\Projects\Skylicht\Components\CMakeLists.txt" />
  </ItemGroup>
  <ItemGroup>
    <Filter Include="GridPlane">
      <UniqueIdentifier>{985FEF93-8274-38B4-ADD6-F68855920AC8}</UniqueIdentifier>
    </Filter>
    <Filter Include="Header Files">
      <UniqueIdentifier>{9119C534-6ACE-30FC-BD46-345FB1DE394C}</UniqueIdentifier>
    </Filter>
    <Filter Include="ParticleSystem">
      <UniqueIdentifier>{BCD00861-F89B-3F32-8A5E-262D0DEF618E}</UniqueIdentifier>
    </Filter>
    <Filter Include="ParticleSystem\Particles">
      <UniqueIdentifier>{79BF6DA9-CA39-3537-890C-924D9B625502}</UniqueIdentifier>
    </Filter>
    <Filter Include="ParticleSystem\Particles\Emitters">
      <UniqueIdentifier>{70DEF501-C23C-355E-B5C3-BC17CBBE2C93}</UniqueIdentifier>
    </Filter>
    <Filter Include="ParticleSystem\Particles\Renderers">
      <UniqueIdentifier>{2F55DCD3-725B-3F4A-BAC1-E9DDE88A607C}</UniqueIdentifier>
    </Filter>
    <Filter Include="ParticleSystem\Particles\Systems">
      <UniqueIdentifier>{1BE063AA-5D12-39EC-B0C4-2A1AD63D1854}</UniqueIdentifier>
    </Filter>
    <Filter Include="ParticleSystem\Particles\Zones">
      <UniqueIdentifier>{9C9248B8-E8CE-3115-842A-9724F8D4F554}</UniqueIdentifier>
    </Filter>
    <Filter Include="Primitive">
      <UniqueIdentifier>{21C5FB38-6930-3A60-97EC-5BB3D0C4577E}</UniqueIdentifier>
    </Filter>
    <Filter Include="Primitive\LatheMesh">
      <UniqueIdentifier>{62C2084E-8FCE-3F58-873A-416E41E725FC}</UniqueIdentifier>
    </Filter>
    <Filter Include="SkinnedInstancing">
      <UniqueIdentifier>{F2145692-DE21-3B01-8865-3C2EC6EB6BC4}</UniqueIdentifier>
    </Filter>
    <Filter Include="SkinnedInstancingVAT">
      <UniqueIdentifier>{2CA4AD70-7891-362C-A237-538E4E4F9719}</UniqueIdentifier>
    </Filter>
    <Filter Include="SkyBox">
      <UniqueIdentifier>{032B8A5B-4081-38EA-B0EE-7859BDD8745E}</UniqueIdentifier>
    </Filter>
    <Filter Include="SkyDome">
      <UniqueIdentifier>{1EB0DA3A-155B-3241-A83C-19EF6AB6A659}</UniqueIdentifier>
    </Filter>
    <Filter Include="SkySun">
      <UniqueIdentifier>{7D480406-F211-36DF-B8F8-553FF299EAB5}</UniqueIdentifier>
    </Filter>
    <Filter Include="Source Files">
      <UniqueIdentifier>{D56E17FC-EE4C-3060-A119-B1C2BCD04571}</UniqueIdentifier>
    </Filter>
    <Filter Include="SpriteDraw">
      <UniqueIdentifier>{3C708C00-F55C-3242-BC32-0D248EF112ED}</UniqueIdentifier>
    </Filter>
  </ItemGroup>
</Project>
