<?xml version="1.0" encoding="utf-8"?>
<Project ToolsVersion="17.0" xmlns="http://schemas.microsoft.com/developer/msbuild/2003">
  <ItemGroup>
    <ClCompile Include="C:\Users\maxbe\Documents\Swat3\skylicht-engine\Projects\Skylicht\Collision\Collision\CBBTriangleSelector.cpp">
      <Filter>Collision</Filter>
    </ClCompile>
    <ClCompile Include="C:\Users\maxbe\Documents\Swat3\skylicht-engine\Projects\Skylicht\Collision\Collision\CCollisionBuilder.cpp">
      <Filter>Collision</Filter>
    </ClCompile>
    <ClCompile Include="C:\Users\maxbe\Documents\Swat3\skylicht-engine\Projects\Skylicht\Collision\Collision\CCollisionManager.cpp">
      <Filter>Collision</Filter>
    </ClCompile>
    <ClCompile Include="C:\Users\maxbe\Documents\Swat3\skylicht-engine\Projects\Skylicht\Collision\Collision\CCollisionNode.cpp">
      <Filter>Collision</Filter>
    </ClCompile>
    <ClCompile Include="C:\Users\maxbe\Documents\Swat3\skylicht-engine\Projects\Skylicht\Collision\Collision\CMeshTriangleSelector.cpp">
      <Filter>Collision</Filter>
    </ClCompile>
    <ClCompile Include="C:\Users\maxbe\Documents\Swat3\skylicht-engine\Projects\Skylicht\Collision\Collision\COctreeBuilder.cpp">
      <Filter>Collision</Filter>
    </ClCompile>
    <ClCompile Include="C:\Users\maxbe\Documents\Swat3\skylicht-engine\Projects\Skylicht\Collision\Collision\COctreeNode.cpp">
      <Filter>Collision</Filter>
    </ClCompile>
    <ClCompile Include="C:\Users\maxbe\Documents\Swat3\skylicht-engine\Projects\Skylicht\Collision\Collision\CTriangleSelector.cpp">
      <Filter>Collision</Filter>
    </ClCompile>
    <ClCompile Include="C:\Users\maxbe\Documents\Swat3\skylicht-engine\Projects\Skylicht\Collision\Decal\CDecalData.cpp">
      <Filter>Decal</Filter>
    </ClCompile>
    <ClCompile Include="C:\Users\maxbe\Documents\Swat3\skylicht-engine\Projects\Skylicht\Collision\Decal\CDecals.cpp">
      <Filter>Decal</Filter>
    </ClCompile>
    <ClCompile Include="C:\Users\maxbe\Documents\Swat3\skylicht-engine\Projects\Skylicht\Collision\Decal\CDecalsRenderer.cpp">
      <Filter>Decal</Filter>
    </ClCompile>
    <ClCompile Include="C:\Users\maxbe\Documents\Swat3\skylicht-engine\Projects\Skylicht\Collision\pch.cpp">
      <Filter>Source Files</Filter>
    </ClCompile>
  </ItemGroup>
  <ItemGroup>
    <ClInclude Include="C:\Users\maxbe\Documents\Swat3\skylicht-engine\Projects\Skylicht\Collision\Collision\CBBTriangleSelector.h">
      <Filter>Collision</Filter>
    </ClInclude>
    <ClInclude Include="C:\Users\maxbe\Documents\Swat3\skylicht-engine\Projects\Skylicht\Collision\Collision\CCollisionBuilder.h">
      <Filter>Collision</Filter>
    </ClInclude>
    <ClInclude Include="C:\Users\maxbe\Documents\Swat3\skylicht-engine\Projects\Skylicht\Collision\Collision\CCollisionManager.h">
      <Filter>Collision</Filter>
    </ClInclude>
    <ClInclude Include="C:\Users\maxbe\Documents\Swat3\skylicht-engine\Projects\Skylicht\Collision\Collision\CCollisionNode.h">
      <Filter>Collision</Filter>
    </ClInclude>
    <ClInclude Include="C:\Users\maxbe\Documents\Swat3\skylicht-engine\Projects\Skylicht\Collision\Collision\CMeshTriangleSelector.h">
      <Filter>Collision</Filter>
    </ClInclude>
    <ClInclude Include="C:\Users\maxbe\Documents\Swat3\skylicht-engine\Projects\Skylicht\Collision\Collision\COctreeBuilder.h">
      <Filter>Collision</Filter>
    </ClInclude>
    <ClInclude Include="C:\Users\maxbe\Documents\Swat3\skylicht-engine\Projects\Skylicht\Collision\Collision\COctreeNode.h">
      <Filter>Collision</Filter>
    </ClInclude>
    <ClInclude Include="C:\Users\maxbe\Documents\Swat3\skylicht-engine\Projects\Skylicht\Collision\Collision\CTriangleSelector.h">
      <Filter>Collision</Filter>
    </ClInclude>
    <ClInclude Include="C:\Users\maxbe\Documents\Swat3\skylicht-engine\Projects\Skylicht\Collision\CollisionConfig.h">
      <Filter>Header Files</Filter>
    </ClInclude>
    <ClInclude Include="C:\Users\maxbe\Documents\Swat3\skylicht-engine\Projects\Skylicht\Collision\Decal\CDecalData.h">
      <Filter>Decal</Filter>
    </ClInclude>
    <ClInclude Include="C:\Users\maxbe\Documents\Swat3\skylicht-engine\Projects\Skylicht\Collision\Decal\CDecals.h">
      <Filter>Decal</Filter>
    </ClInclude>
    <ClInclude Include="C:\Users\maxbe\Documents\Swat3\skylicht-engine\Projects\Skylicht\Collision\Decal\CDecalsRenderer.h">
      <Filter>Decal</Filter>
    </ClInclude>
    <ClInclude Include="C:\Users\maxbe\Documents\Swat3\skylicht-engine\Projects\Skylicht\Collision\pch.h">
      <Filter>Header Files</Filter>
    </ClInclude>
  </ItemGroup>
  <ItemGroup>
    <CustomBuild Include="C:\Users\maxbe\Documents\Swat3\skylicht-engine\Projects\Skylicht\Collision\CMakeLists.txt" />
  </ItemGroup>
  <ItemGroup>
    <Filter Include="Collision">
      <UniqueIdentifier>{EF78CF12-5DC5-3A0E-A563-0E5F9D107B12}</UniqueIdentifier>
    </Filter>
    <Filter Include="Decal">
      <UniqueIdentifier>{1EF3880F-D521-3E7B-8A5A-527B3637A377}</UniqueIdentifier>
    </Filter>
    <Filter Include="Header Files">
      <UniqueIdentifier>{9119C534-6ACE-30FC-BD46-345FB1DE394C}</UniqueIdentifier>
    </Filter>
    <Filter Include="Source Files">
      <UniqueIdentifier>{D56E17FC-EE4C-3060-A119-B1C2BCD04571}</UniqueIdentifier>
    </Filter>
  </ItemGroup>
</Project>
