<?xml version="1.0" encoding="utf-8"?>
<Project ToolsVersion="18.0" xmlns="http://schemas.microsoft.com/developer/msbuild/2003">
  <ItemGroup>
    <ClCompile Include="C:\Users\maxbe\Documents\Swat 3\skylicht-engine\Projects\Skylicht\Graph\Graph\CGraphComponent.cpp">
      <Filter>Graph</Filter>
    </ClCompile>
    <ClCompile Include="C:\Users\maxbe\Documents\Swat 3\skylicht-engine\Projects\Skylicht\Graph\Graph\CGraphQuery.cpp">
      <Filter>Graph</Filter>
    </ClCompile>
    <ClCompile Include="C:\Users\maxbe\Documents\Swat 3\skylicht-engine\Projects\Skylicht\Graph\ObstacleAvoidance\CObstacleAvoidance.cpp">
      <Filter>ObstacleAvoidance</Filter>
    </ClCompile>
    <ClCompile Include="C:\Users\maxbe\Documents\Swat 3\skylicht-engine\Projects\Skylicht\Graph\Recast\Source\Recast.cpp">
      <Filter>Recast\Source</Filter>
    </ClCompile>
    <ClCompile Include="C:\Users\maxbe\Documents\Swat 3\skylicht-engine\Projects\Skylicht\Graph\Recast\Source\RecastAlloc.cpp">
      <Filter>Recast\Source</Filter>
    </ClCompile>
    <ClCompile Include="C:\Users\maxbe\Documents\Swat 3\skylicht-engine\Projects\Skylicht\Graph\Recast\Source\RecastArea.cpp">
      <Filter>Recast\Source</Filter>
    </ClCompile>
    <ClCompile Include="C:\Users\maxbe\Documents\Swat 3\skylicht-engine\Projects\Skylicht\Graph\Recast\Source\RecastAssert.cpp">
      <Filter>Recast\Source</Filter>
    </ClCompile>
    <ClCompile Include="C:\Users\maxbe\Documents\Swat 3\skylicht-engine\Projects\Skylicht\Graph\Recast\Source\RecastContour.cpp">
      <Filter>Recast\Source</Filter>
    </ClCompile>
    <ClCompile Include="C:\Users\maxbe\Documents\Swat 3\skylicht-engine\Projects\Skylicht\Graph\Recast\Source\RecastFilter.cpp">
      <Filter>Recast\Source</Filter>
    </ClCompile>
    <ClCompile Include="C:\Users\maxbe\Documents\Swat 3\skylicht-engine\Projects\Skylicht\Graph\Recast\Source\RecastLayers.cpp">
      <Filter>Recast\Source</Filter>
    </ClCompile>
    <ClCompile Include="C:\Users\maxbe\Documents\Swat 3\skylicht-engine\Projects\Skylicht\Graph\Recast\Source\RecastMesh.cpp">
      <Filter>Recast\Source</Filter>
    </ClCompile>
    <ClCompile Include="C:\Users\maxbe\Documents\Swat 3\skylicht-engine\Projects\Skylicht\Graph\Recast\Source\RecastMeshDetail.cpp">
      <Filter>Recast\Source</Filter>
    </ClCompile>
    <ClCompile Include="C:\Users\maxbe\Documents\Swat 3\skylicht-engine\Projects\Skylicht\Graph\Recast\Source\RecastRasterization.cpp">
      <Filter>Recast\Source</Filter>
    </ClCompile>
    <ClCompile Include="C:\Users\maxbe\Documents\Swat 3\skylicht-engine\Projects\Skylicht\Graph\Recast\Source\RecastRegion.cpp">
      <Filter>Recast\Source</Filter>
    </ClCompile>
    <ClCompile Include="C:\Users\maxbe\Documents\Swat 3\skylicht-engine\Projects\Skylicht\Graph\RecastMesh\CRecastBuilder.cpp">
      <Filter>RecastMesh</Filter>
    </ClCompile>
    <ClCompile Include="C:\Users\maxbe\Documents\Swat 3\skylicht-engine\Projects\Skylicht\Graph\RecastMesh\CRecastMesh.cpp">
      <Filter>RecastMesh</Filter>
    </ClCompile>
    <ClCompile Include="C:\Users\maxbe\Documents\Swat 3\skylicht-engine\Projects\Skylicht\Graph\WalkingMap\CWalkingTileMap.cpp">
      <Filter>WalkingMap</Filter>
    </ClCompile>
    <ClCompile Include="C:\Users\maxbe\Documents\Swat 3\skylicht-engine\Projects\Skylicht\Graph\pch.cpp">
      <Filter>Source Files</Filter>
    </ClCompile>
  </ItemGroup>
  <ItemGroup>
    <ClInclude Include="C:\Users\maxbe\Documents\Swat 3\skylicht-engine\Projects\Skylicht\Graph\Graph\CGraphComponent.h">
      <Filter>Graph</Filter>
    </ClInclude>
    <ClInclude Include="C:\Users\maxbe\Documents\Swat 3\skylicht-engine\Projects\Skylicht\Graph\Graph\CGraphQuery.h">
      <Filter>Graph</Filter>
    </ClInclude>
    <ClInclude Include="C:\Users\maxbe\Documents\Swat 3\skylicht-engine\Projects\Skylicht\Graph\ObstacleAvoidance\CObstacleAvoidance.h">
      <Filter>ObstacleAvoidance</Filter>
    </ClInclude>
    <ClInclude Include="C:\Users\maxbe\Documents\Swat 3\skylicht-engine\Projects\Skylicht\Graph\Recast\Include\Recast.h">
      <Filter>Recast\Include</Filter>
    </ClInclude>
    <ClInclude Include="C:\Users\maxbe\Documents\Swat 3\skylicht-engine\Projects\Skylicht\Graph\Recast\Include\RecastAlloc.h">
      <Filter>Recast\Include</Filter>
    </ClInclude>
    <ClInclude Include="C:\Users\maxbe\Documents\Swat 3\skylicht-engine\Projects\Skylicht\Graph\Recast\Include\RecastAssert.h">
      <Filter>Recast\Include</Filter>
    </ClInclude>
    <ClInclude Include="C:\Users\maxbe\Documents\Swat 3\skylicht-engine\Projects\Skylicht\Graph\RecastMesh\CRecastBuilder.h">
      <Filter>RecastMesh</Filter>
    </ClInclude>
    <ClInclude Include="C:\Users\maxbe\Documents\Swat 3\skylicht-engine\Projects\Skylicht\Graph\RecastMesh\CRecastMesh.h">
      <Filter>RecastMesh</Filter>
    </ClInclude>
    <ClInclude Include="C:\Users\maxbe\Documents\Swat 3\skylicht-engine\Projects\Skylicht\Graph\WalkingMap\CWalkingTileMap.h">
      <Filter>WalkingMap</Filter>
    </ClInclude>
    <ClInclude Include="C:\Users\maxbe\Documents\Swat 3\skylicht-engine\Projects\Skylicht\Graph\pch.h">
      <Filter>Header Files</Filter>
    </ClInclude>
  </ItemGroup>
  <ItemGroup>
    <CustomBuild Include="C:\Users\maxbe\Documents\Swat 3\skylicht-engine\Projects\Skylicht\Graph\CMakeLists.txt" />
  </ItemGroup>
  <ItemGroup>
    <Filter Include="Graph">
      <UniqueIdentifier>{CD397116-80E3-3A62-AD7E-CE9CB4D1C891}</UniqueIdentifier>
    </Filter>
    <Filter Include="Header Files">
      <UniqueIdentifier>{6A893D3A-5CEA-340C-A464-49A34C978E57}</UniqueIdentifier>
    </Filter>
    <Filter Include="ObstacleAvoidance">
      <UniqueIdentifier>{BDAC14D3-6B88-3B26-9890-53B895F286E7}</UniqueIdentifier>
    </Filter>
    <Filter Include="Recast">
      <UniqueIdentifier>{44095936-8CBF-3303-931D-796C93898962}</UniqueIdentifier>
    </Filter>
    <Filter Include="RecastMesh">
      <UniqueIdentifier>{A83E7E40-AACD-32C9-8A8D-1E944ACD6B8C}</UniqueIdentifier>
    </Filter>
    <Filter Include="Recast\Include">
      <UniqueIdentifier>{2C2E1955-13CF-3071-8207-E3CD8696EAAD}</UniqueIdentifier>
    </Filter>
    <Filter Include="Recast\Source">
      <UniqueIdentifier>{7135BFED-B338-3D5B-87F0-5966E3698DB4}</UniqueIdentifier>
    </Filter>
    <Filter Include="Source Files">
      <UniqueIdentifier>{F5922CAB-41C4-3CA5-A0B7-CF332A51411B}</UniqueIdentifier>
    </Filter>
    <Filter Include="WalkingMap">
      <UniqueIdentifier>{AA7089B6-60D4-3FEC-B79A-C6CB9289D84B}</UniqueIdentifier>
    </Filter>
  </ItemGroup>
</Project>
