<?xml version="1.0" encoding="utf-8"?>
<Project ToolsVersion="17.0" xmlns="http://schemas.microsoft.com/developer/msbuild/2003">
  <ItemGroup>
    <ClCompile Include="C:\Users\maxbe\Documents\Swat3\skylicht-engine\Samples\SampleFW\Context\CContext.cpp">
      <Filter>Source Files</Filter>
    </ClCompile>
    <ClCompile Include="C:\Users\maxbe\Documents\Swat3\skylicht-engine\Samples\SampleFW\ViewManager\CView.cpp">
      <Filter>Source Files</Filter>
    </ClCompile>
    <ClCompile Include="C:\Users\maxbe\Documents\Swat3\skylicht-engine\Samples\SampleFW\ViewManager\CViewLayer.cpp">
      <Filter>Source Files</Filter>
    </ClCompile>
    <ClCompile Include="C:\Users\maxbe\Documents\Swat3\skylicht-engine\Samples\SampleFW\ViewManager\CViewManager.cpp">
      <Filter>Source Files</Filter>
    </ClCompile>
    <ClCompile Include="C:\Users\maxbe\Documents\Swat3\skylicht-engine\Samples\SkinnedMesh\Source\CViewDemo.cpp">
      <Filter>Source</Filter>
    </ClCompile>
    <ClCompile Include="C:\Users\maxbe\Documents\Swat3\skylicht-engine\Samples\SkinnedMesh\Source\CViewInit.cpp">
      <Filter>Source</Filter>
    </ClCompile>
    <ClCompile Include="C:\Users\maxbe\Documents\Swat3\skylicht-engine\Samples\SkinnedMesh\Source\SampleSkinnedMesh.cpp">
      <Filter>Source</Filter>
    </ClCompile>
    <ClCompile Include="C:\Users\maxbe\Documents\Swat3\skylicht-engine\Projects\Main\pch.cpp">
      <Filter>Source Files</Filter>
    </ClCompile>
    <ClCompile Include="C:\Users\maxbe\Documents\Swat3\skylicht-engine\Projects\Main\Platforms\Win32\MainW32.cpp">
      <Filter>Source Files</Filter>
    </ClCompile>
  </ItemGroup>
  <ItemGroup>
    <ClInclude Include="C:\Users\maxbe\Documents\Swat3\skylicht-engine\Samples\SampleFW\Context\CContext.h">
      <Filter>Header Files</Filter>
    </ClInclude>
    <ClInclude Include="C:\Users\maxbe\Documents\Swat3\skylicht-engine\Samples\SampleFW\ViewManager\CView.h">
      <Filter>Header Files</Filter>
    </ClInclude>
    <ClInclude Include="C:\Users\maxbe\Documents\Swat3\skylicht-engine\Samples\SampleFW\ViewManager\CViewLayer.h">
      <Filter>Header Files</Filter>
    </ClInclude>
    <ClInclude Include="C:\Users\maxbe\Documents\Swat3\skylicht-engine\Samples\SampleFW\ViewManager\CViewManager.h">
      <Filter>Header Files</Filter>
    </ClInclude>
    <ClInclude Include="C:\Users\maxbe\Documents\Swat3\skylicht-engine\Samples\SkinnedMesh\Source\CViewDemo.h">
      <Filter>Source</Filter>
    </ClInclude>
    <ClInclude Include="C:\Users\maxbe\Documents\Swat3\skylicht-engine\Samples\SkinnedMesh\Source\CViewInit.h">
      <Filter>Source</Filter>
    </ClInclude>
    <ClInclude Include="C:\Users\maxbe\Documents\Swat3\skylicht-engine\Samples\SkinnedMesh\Source\SampleSkinnedMesh.h">
      <Filter>Source</Filter>
    </ClInclude>
    <ClInclude Include="C:\Users\maxbe\Documents\Swat3\skylicht-engine\Projects\Main\pch.h">
      <Filter>Header Files</Filter>
    </ClInclude>
    <ClInclude Include="C:\Users\maxbe\Documents\Swat3\skylicht-engine\Projects\Main\Platforms\Win32\Resource.h">
      <Filter>Header Files</Filter>
    </ClInclude>
    <ClInclude Include="C:\Users\maxbe\Documents\Swat3\skylicht-engine\Projects\Main\Platforms\Win32\targetver.h">
      <Filter>Header Files</Filter>
    </ClInclude>
  </ItemGroup>
  <ItemGroup>
    <CustomBuild Include="C:\Users\maxbe\Documents\Swat3\skylicht-engine\Samples\SkinnedMesh\CMakeLists.txt" />
  </ItemGroup>
  <ItemGroup>
    <ResourceCompile Include="C:\Users\maxbe\Documents\Swat3\skylicht-engine\Projects\Main\Platforms\Win32\Skylicht.rc">
      <Filter>Source Files</Filter>
    </ResourceCompile>
  </ItemGroup>
  <ItemGroup>
    <Filter Include="Header Files">
      <UniqueIdentifier>{9119C534-6ACE-30FC-BD46-345FB1DE394C}</UniqueIdentifier>
    </Filter>
    <Filter Include="Source">
      <UniqueIdentifier>{5D5B940C-FA31-33EF-B24B-DFC2ED083496}</UniqueIdentifier>
    </Filter>
    <Filter Include="Source Files">
      <UniqueIdentifier>{D56E17FC-EE4C-3060-A119-B1C2BCD04571}</UniqueIdentifier>
    </Filter>
  </ItemGroup>
</Project>
